{
  "version": 4,
  "terraform_version": "1.12.2",
  "serial": 40,
  "lineage": "5fd94eb7-351a-5a1f-caa3-baf18dde1b76",
  "outputs": {},
  "resources": [
    {
      "module": "module.apigee-x-bridge-mig[\"euw1-instance\"]",
      "mode": "managed",
      "type": "google_compute_firewall",
      "name": "allow_glb_to_mig_bridge",
      "provider": "provider[\"registry.terraform.io/hashicorp/google\"]",
      "instances": [
        {
          "schema_version": 1,
          "attributes": {
            "allow": [
              {
                "ports": [
                  "443"
                ],
                "protocol": "tcp"
              }
            ],
            "creation_timestamp": "2025-09-30T06:29:03.602-07:00",
            "deny": [],
            "description": "",
            "destination_ranges": [],
            "direction": "INGRESS",
            "disabled": false,
            "enable_logging": null,
            "id": "projects/is-network-tf-01/global/firewalls/hc-apigee-europe-west1",
            "log_config": [],
            "name": "hc-apigee-europe-west1",
            "network": "https://www.googleapis.com/compute/v1/projects/is-network-tf-01/global/networks/apigee-network",
            "priority": 1000,
            "project": "is-network-tf-01",
            "self_link": "https://www.googleapis.com/compute/v1/projects/is-network-tf-01/global/firewalls/hc-apigee-europe-west1",
            "source_ranges": [
              "130.211.0.0/22",
              "35.191.0.0/16"
            ],
            "source_service_accounts": [],
            "source_tags": [],
            "target_service_accounts": [],
            "target_tags": [
              "apigee-bridge"
            ],
            "timeouts": null
          },
          "sensitive_attributes": [],
          "identity_schema_version": 0,
          "private": "eyJlMmJmYjczMC1lY2FhLTExZTYtOGY4OC0zNDM2M2JjN2M0YzAiOnsiY3JlYXRlIjoxMjAwMDAwMDAwMDAwLCJkZWxldGUiOjEyMDAwMDAwMDAwMDAsInVwZGF0ZSI6MTIwMDAwMDAwMDAwMH0sInNjaGVtYV92ZXJzaW9uIjoiMSJ9",
          "dependencies": [
            "module.host-project.data.google_bigquery_default_service_account.bq_sa",
            "module.host-project.data.google_project.project",
            "module.host-project.data.google_storage_project_service_account.gcs_sa",
            "module.host-project.google_compute_shared_vpc_host_project.shared_vpc_host",
            "module.host-project.google_compute_shared_vpc_service_project.service_projects",
            "module.host-project.google_kms_crypto_key_iam_member.service_identity_cmek",
            "module.host-project.google_project.project",
            "module.host-project.google_project_iam_member.servicenetworking",
            "module.host-project.google_project_iam_member.shared_vpc_host_robots",
            "module.host-project.google_project_organization_policy.boolean",
            "module.host-project.google_project_organization_policy.list",
            "module.host-project.google_project_service.project_services",
            "module.host-project.google_project_service_identity.jit_si",
            "module.host-project.google_project_service_identity.servicenetworking",
            "module.service-project.data.google_bigquery_default_service_account.bq_sa",
            "module.service-project.data.google_project.project",
            "module.service-project.data.google_storage_project_service_account.gcs_sa",
            "module.service-project.google_compute_shared_vpc_host_project.shared_vpc_host",
            "module.service-project.google_compute_shared_vpc_service_project.service_projects",
            "module.service-project.google_kms_crypto_key_iam_member.service_identity_cmek",
            "module.service-project.google_project.project",
            "module.service-project.google_project_iam_member.servicenetworking",
            "module.service-project.google_project_iam_member.shared_vpc_host_robots",
            "module.service-project.google_project_organization_policy.boolean",
            "module.service-project.google_project_organization_policy.list",
            "module.service-project.google_project_service.project_services",
            "module.service-project.google_project_service_identity.jit_si",
            "module.service-project.google_project_service_identity.servicenetworking",
            "module.shared-vpc.data.google_compute_network.network",
            "module.shared-vpc.google_compute_global_address.psa_ranges",
            "module.shared-vpc.google_compute_network.network",
            "module.shared-vpc.google_compute_network_peering.local",
            "module.shared-vpc.google_compute_network_peering.remote",
            "module.shared-vpc.google_compute_shared_vpc_host_project.shared_vpc_host",
            "module.shared-vpc.google_compute_shared_vpc_service_project.service_projects",
            "module.shared-vpc.google_service_networking_connection.psa_connection"
          ]
        }
      ]
    },
    {
      "module": "module.apigee-x-bridge-mig[\"euw1-instance\"].module.bridge-mig",
      "mode": "managed",
      "type": "google_compute_health_check",
      "name": "default",
      "provider": "provider[\"registry.terraform.io/hashicorp/google-beta\"]",
      "instances": [
        {
          "index_key": 0,
          "schema_version": 0,
          "attributes": {
            "check_interval_sec": 5,
            "creation_timestamp": "2025-09-30T06:27:33.214-07:00",
            "description": "Terraform managed.",
            "grpc_health_check": [],
            "healthy_threshold": 2,
            "http2_health_check": [],
            "http_health_check": [],
            "https_health_check": [
              {
                "host": "",
                "port": 443,
                "port_name": "",
                "port_specification": "",
                "proxy_header": "NONE",
                "request_path": "/healthz/ingress",
                "response": ""
              }
            ],
            "id": "projects/is-apgx-tf-01/global/healthChecks/apigee-europe-west1",
            "log_config": [
              {
                "enable": false
              }
            ],
            "name": "apigee-europe-west1",
            "project": "is-apgx-tf-01",
            "self_link": "https://www.googleapis.com/compute/v1/projects/is-apgx-tf-01/global/healthChecks/apigee-europe-west1",
            "source_regions": [],
            "ssl_health_check": [],
            "tcp_health_check": [],
            "timeout_sec": 5,
            "timeouts": null,
            "type": "HTTPS",
            "unhealthy_threshold": 2
          },
          "sensitive_attributes": [],
          "identity_schema_version": 0,
          "private": "eyJlMmJmYjczMC1lY2FhLTExZTYtOGY4OC0zNDM2M2JjN2M0YzAiOnsiY3JlYXRlIjoxMjAwMDAwMDAwMDAwLCJkZWxldGUiOjEyMDAwMDAwMDAwMDAsInVwZGF0ZSI6MTIwMDAwMDAwMDAwMH19",
          "dependencies": [
            "module.host-project.data.google_bigquery_default_service_account.bq_sa",
            "module.host-project.data.google_project.project",
            "module.host-project.data.google_storage_project_service_account.gcs_sa",
            "module.host-project.google_compute_shared_vpc_host_project.shared_vpc_host",
            "module.host-project.google_compute_shared_vpc_service_project.service_projects",
            "module.host-project.google_kms_crypto_key_iam_member.service_identity_cmek",
            "module.host-project.google_project.project",
            "module.host-project.google_project_iam_member.servicenetworking",
            "module.host-project.google_project_iam_member.shared_vpc_host_robots",
            "module.host-project.google_project_organization_policy.boolean",
            "module.host-project.google_project_organization_policy.list",
            "module.host-project.google_project_service.project_services",
            "module.host-project.google_project_service_identity.jit_si",
            "module.host-project.google_project_service_identity.servicenetworking",
            "module.service-project.data.google_bigquery_default_service_account.bq_sa",
            "module.service-project.data.google_project.project",
            "module.service-project.data.google_storage_project_service_account.gcs_sa",
            "module.service-project.google_compute_shared_vpc_host_project.shared_vpc_host",
            "module.service-project.google_compute_shared_vpc_service_project.service_projects",
            "module.service-project.google_kms_crypto_key_iam_member.service_identity_cmek",
            "module.service-project.google_project.project",
            "module.service-project.google_project_iam_member.servicenetworking",
            "module.service-project.google_project_iam_member.shared_vpc_host_robots",
            "module.service-project.google_project_organization_policy.boolean",
            "module.service-project.google_project_organization_policy.list",
            "module.service-project.google_project_service.project_services",
            "module.service-project.google_project_service_identity.jit_si",
            "module.service-project.google_project_service_identity.servicenetworking"
          ]
        }
      ]
    },
    {
      "module": "module.apigee-x-bridge-mig[\"euw1-instance\"].module.bridge-template",
      "mode": "managed",
      "type": "google_compute_disk",
      "name": "boot",
      "provider": "provider[\"registry.terraform.io/hashicorp/google\"]",
      "instances": []
    },
    {
      "module": "module.apigee-x-bridge-mig[\"euw1-instance\"].module.bridge-template",
      "mode": "managed",
      "type": "google_compute_disk",
      "name": "disks",
      "provider": "provider[\"registry.terraform.io/hashicorp/google\"]",
      "instances": []
    },
    {
      "module": "module.apigee-x-bridge-mig[\"euw1-instance\"].module.bridge-template",
      "mode": "managed",
      "type": "google_compute_region_disk",
      "name": "disks",
      "provider": "provider[\"registry.terraform.io/hashicorp/google-beta\"]",
      "instances": []
    },
    {
      "module": "module.apigee-x-bridge-mig[\"euw1-instance\"].module.bridge-template",
      "mode": "managed",
      "type": "google_compute_resource_policy",
      "name": "schedule",
      "provider": "provider[\"registry.terraform.io/hashicorp/google\"]",
      "instances": []
    },
    {
      "module": "module.apigee-x-bridge-mig[\"euw1-instance\"].module.bridge-template",
      "mode": "managed",
      "type": "google_compute_resource_policy",
      "name": "snapshot",
      "provider": "provider[\"registry.terraform.io/hashicorp/google\"]",
      "instances": []
    },
    {
      "module": "module.apigee-x-bridge-mig[\"euw1-instance\"].module.bridge-template",
      "mode": "managed",
      "type": "google_service_account",
      "name": "service_account",
      "provider": "provider[\"registry.terraform.io/hashicorp/google\"]",
      "instances": [
        {
          "index_key": 0,
          "schema_version": 0,
          "attributes": {
            "account_id": "tf-vm-apigee-europe-west1",
            "create_ignore_already_exists": null,
            "description": "",
            "disabled": false,
            "display_name": "Terraform VM apigee-europe-west1.",
            "email": "tf-vm-apigee-europe-west1@is-apgx-tf-01.iam.gserviceaccount.com",
            "id": "projects/is-apgx-tf-01/serviceAccounts/tf-vm-apigee-europe-west1@is-apgx-tf-01.iam.gserviceaccount.com",
            "member": "serviceAccount:tf-vm-apigee-europe-west1@is-apgx-tf-01.iam.gserviceaccount.com",
            "name": "projects/is-apgx-tf-01/serviceAccounts/tf-vm-apigee-europe-west1@is-apgx-tf-01.iam.gserviceaccount.com",
            "project": "is-apgx-tf-01",
            "timeouts": null,
            "unique_id": "105517124465684874954"
          },
          "sensitive_attributes": [],
          "identity_schema_version": 0,
          "private": "eyJlMmJmYjczMC1lY2FhLTExZTYtOGY4OC0zNDM2M2JjN2M0YzAiOnsiY3JlYXRlIjozMDAwMDAwMDAwMDB9fQ==",
          "dependencies": [
            "module.host-project.data.google_bigquery_default_service_account.bq_sa",
            "module.host-project.data.google_project.project",
            "module.host-project.data.google_storage_project_service_account.gcs_sa",
            "module.host-project.google_compute_shared_vpc_host_project.shared_vpc_host",
            "module.host-project.google_compute_shared_vpc_service_project.service_projects",
            "module.host-project.google_kms_crypto_key_iam_member.service_identity_cmek",
            "module.host-project.google_project.project",
            "module.host-project.google_project_iam_member.servicenetworking",
            "module.host-project.google_project_iam_member.shared_vpc_host_robots",
            "module.host-project.google_project_organization_policy.boolean",
            "module.host-project.google_project_organization_policy.list",
            "module.host-project.google_project_service.project_services",
            "module.host-project.google_project_service_identity.jit_si",
            "module.host-project.google_project_service_identity.servicenetworking",
            "module.service-project.data.google_bigquery_default_service_account.bq_sa",
            "module.service-project.data.google_project.project",
            "module.service-project.data.google_storage_project_service_account.gcs_sa",
            "module.service-project.google_compute_shared_vpc_host_project.shared_vpc_host",
            "module.service-project.google_compute_shared_vpc_service_project.service_projects",
            "module.service-project.google_kms_crypto_key_iam_member.service_identity_cmek",
            "module.service-project.google_project.project",
            "module.service-project.google_project_iam_member.servicenetworking",
            "module.service-project.google_project_iam_member.shared_vpc_host_robots",
            "module.service-project.google_project_organization_policy.boolean",
            "module.service-project.google_project_organization_policy.list",
            "module.service-project.google_project_service.project_services",
            "module.service-project.google_project_service_identity.jit_si",
            "module.service-project.google_project_service_identity.servicenetworking"
          ],
          "create_before_destroy": true
        }
      ]
    },
    {
      "module": "module.apigee-x-core",
      "mode": "managed",
      "type": "google_project_service_identity",
      "name": "apigee_sa",
      "provider": "provider[\"registry.terraform.io/hashicorp/google-beta\"]",
      "instances": [
        {
          "schema_version": 0,
          "attributes": {
            "email": "service-913605447917@gcp-sa-apigee.iam.gserviceaccount.com",
            "id": "projects/is-apgx-tf-01/services/apigee.googleapis.com",
            "member": "serviceAccount:service-913605447917@gcp-sa-apigee.iam.gserviceaccount.com",
            "project": "is-apgx-tf-01",
            "service": "apigee.googleapis.com",
            "timeouts": null
          },
          "sensitive_attributes": [],
          "identity_schema_version": 0,
          "private": "eyJlMmJmYjczMC1lY2FhLTExZTYtOGY4OC0zNDM2M2JjN2M0YzAiOnsiY3JlYXRlIjoxMjAwMDAwMDAwMDAwLCJkZWxldGUiOjEyMDAwMDAwMDAwMDAsInJlYWQiOjYwMDAwMDAwMDAwMH19",
          "dependencies": [
            "module.host-project.data.google_bigquery_default_service_account.bq_sa",
            "module.host-project.data.google_project.project",
            "module.host-project.data.google_storage_project_service_account.gcs_sa",
            "module.host-project.google_compute_shared_vpc_host_project.shared_vpc_host",
            "module.host-project.google_compute_shared_vpc_service_project.service_projects",
            "module.host-project.google_kms_crypto_key_iam_member.service_identity_cmek",
            "module.host-project.google_project.project",
            "module.host-project.google_project_iam_member.servicenetworking",
            "module.host-project.google_project_iam_member.shared_vpc_host_robots",
            "module.host-project.google_project_organization_policy.boolean",
            "module.host-project.google_project_organization_policy.list",
            "module.host-project.google_project_service.project_services",
            "module.host-project.google_project_service_identity.jit_si",
            "module.host-project.google_project_service_identity.servicenetworking",
            "module.service-project.data.google_bigquery_default_service_account.bq_sa",
            "module.service-project.data.google_project.project",
            "module.service-project.data.google_storage_project_service_account.gcs_sa",
            "module.service-project.google_compute_shared_vpc_host_project.shared_vpc_host",
            "module.service-project.google_compute_shared_vpc_service_project.service_projects",
            "module.service-project.google_kms_crypto_key_iam_member.service_identity_cmek",
            "module.service-project.google_project.project",
            "module.service-project.google_project_iam_member.servicenetworking",
            "module.service-project.google_project_iam_member.shared_vpc_host_robots",
            "module.service-project.google_project_organization_policy.boolean",
            "module.service-project.google_project_organization_policy.list",
            "module.service-project.google_project_service.project_services",
            "module.service-project.google_project_service_identity.jit_si",
            "module.service-project.google_project_service_identity.servicenetworking"
          ],
          "create_before_destroy": true
        }
      ]
    },
    {
      "module": "module.apigee-x-core.module.kms-inst-disk[\"euw1-instance\"]",
      "mode": "data",
      "type": "google_kms_key_ring",
      "name": "default",
      "provider": "provider[\"registry.terraform.io/hashicorp/google\"]",
      "instances": []
    },
    {
      "module": "module.apigee-x-core.module.kms-inst-disk[\"euw1-instance\"]",
      "mode": "managed",
      "type": "google_kms_crypto_key",
      "name": "default",
      "provider": "provider[\"registry.terraform.io/hashicorp/google\"]",
      "instances": [
        {
          "index_key": "inst-disk",
          "schema_version": 1,
          "attributes": {
            "crypto_key_backend": "",
            "destroy_scheduled_duration": "2592000s",
            "effective_labels": {},
            "id": "projects/is-apgx-tf-01/locations/europe-west1/keyRings/apigee-euw1-instance/cryptoKeys/inst-disk",
            "import_only": false,
            "key_ring": "projects/is-apgx-tf-01/locations/europe-west1/keyRings/apigee-euw1-instance",
            "labels": {},
            "name": "inst-disk",
            "primary": [
              {
                "name": "projects/is-apgx-tf-01/locations/europe-west1/keyRings/apigee-euw1-instance/cryptoKeys/inst-disk/cryptoKeyVersions/1",
                "state": "ENABLED"
              }
            ],
            "purpose": "ENCRYPT_DECRYPT",
            "rotation_period": "2592000s",
            "skip_initial_version_creation": false,
            "terraform_labels": {},
            "timeouts": null,
            "version_template": [
              {
                "algorithm": "GOOGLE_SYMMETRIC_ENCRYPTION",
                "protection_level": "SOFTWARE"
              }
            ]
          },
          "sensitive_attributes": [],
          "identity_schema_version": 0,
          "private": "eyJlMmJmYjczMC1lY2FhLTExZTYtOGY4OC0zNDM2M2JjN2M0YzAiOnsiY3JlYXRlIjoxMjAwMDAwMDAwMDAwLCJkZWxldGUiOjEyMDAwMDAwMDAwMDAsInVwZGF0ZSI6MTIwMDAwMDAwMDAwMH0sInNjaGVtYV92ZXJzaW9uIjoiMSJ9",
          "dependencies": [
            "module.apigee-x-core.module.kms-inst-disk.data.google_kms_key_ring.default",
            "module.apigee-x-core.module.kms-inst-disk.google_kms_key_ring.default",
            "module.host-project.data.google_bigquery_default_service_account.bq_sa",
            "module.host-project.data.google_project.project",
            "module.host-project.data.google_storage_project_service_account.gcs_sa",
            "module.host-project.google_compute_shared_vpc_host_project.shared_vpc_host",
            "module.host-project.google_compute_shared_vpc_service_project.service_projects",
            "module.host-project.google_kms_crypto_key_iam_member.service_identity_cmek",
            "module.host-project.google_project.project",
            "module.host-project.google_project_iam_member.servicenetworking",
            "module.host-project.google_project_iam_member.shared_vpc_host_robots",
            "module.host-project.google_project_organization_policy.boolean",
            "module.host-project.google_project_organization_policy.list",
            "module.host-project.google_project_service.project_services",
            "module.host-project.google_project_service_identity.jit_si",
            "module.host-project.google_project_service_identity.servicenetworking",
            "module.service-project.data.google_bigquery_default_service_account.bq_sa",
            "module.service-project.data.google_project.project",
            "module.service-project.data.google_storage_project_service_account.gcs_sa",
            "module.service-project.google_compute_shared_vpc_host_project.shared_vpc_host",
            "module.service-project.google_compute_shared_vpc_service_project.service_projects",
            "module.service-project.google_kms_crypto_key_iam_member.service_identity_cmek",
            "module.service-project.google_project.project",
            "module.service-project.google_project_iam_member.servicenetworking",
            "module.service-project.google_project_iam_member.shared_vpc_host_robots",
            "module.service-project.google_project_organization_policy.boolean",
            "module.service-project.google_project_organization_policy.list",
            "module.service-project.google_project_service.project_services",
            "module.service-project.google_project_service_identity.jit_si",
            "module.service-project.google_project_service_identity.servicenetworking"
          ],
          "create_before_destroy": true
        }
      ]
    },
    {
      "module": "module.apigee-x-core.module.kms-inst-disk[\"euw1-instance\"]",
      "mode": "managed",
      "type": "google_kms_crypto_key_iam_binding",
      "name": "authoritative",
      "provider": "provider[\"registry.terraform.io/hashicorp/google\"]",
      "instances": []
    },
    {
      "module": "module.apigee-x-core.module.kms-inst-disk[\"euw1-instance\"]",
      "mode": "managed",
      "type": "google_kms_crypto_key_iam_binding",
      "name": "bindings",
      "provider": "provider[\"registry.terraform.io/hashicorp/google\"]",
      "instances": []
    },
    {
      "module": "module.apigee-x-core.module.kms-inst-disk[\"euw1-instance\"]",
      "mode": "managed",
      "type": "google_kms_crypto_key_iam_member",
      "name": "members",
      "provider": "provider[\"registry.terraform.io/hashicorp/google\"]",
      "instances": []
    },
    {
      "module": "module.apigee-x-core.module.kms-inst-disk[\"euw1-instance\"]",
      "mode": "managed",
      "type": "google_kms_key_ring",
      "name": "default",
      "provider": "provider[\"registry.terraform.io/hashicorp/google\"]",
      "instances": [
        {
          "index_key": 0,
          "schema_version": 0,
          "attributes": {
            "id": "projects/is-apgx-tf-01/locations/europe-west1/keyRings/apigee-euw1-instance",
            "location": "europe-west1",
            "name": "apigee-euw1-instance",
            "project": "is-apgx-tf-01",
            "timeouts": null
          },
          "sensitive_attributes": [],
          "identity_schema_version": 0,
          "private": "eyJlMmJmYjczMC1lY2FhLTExZTYtOGY4OC0zNDM2M2JjN2M0YzAiOnsiY3JlYXRlIjoxMjAwMDAwMDAwMDAwLCJkZWxldGUiOjEyMDAwMDAwMDAwMDB9fQ==",
          "dependencies": [
            "module.host-project.data.google_bigquery_default_service_account.bq_sa",
            "module.host-project.data.google_project.project",
            "module.host-project.data.google_storage_project_service_account.gcs_sa",
            "module.host-project.google_compute_shared_vpc_host_project.shared_vpc_host",
            "module.host-project.google_compute_shared_vpc_service_project.service_projects",
            "module.host-project.google_kms_crypto_key_iam_member.service_identity_cmek",
            "module.host-project.google_project.project",
            "module.host-project.google_project_iam_member.servicenetworking",
            "module.host-project.google_project_iam_member.shared_vpc_host_robots",
            "module.host-project.google_project_organization_policy.boolean",
            "module.host-project.google_project_organization_policy.list",
            "module.host-project.google_project_service.project_services",
            "module.host-project.google_project_service_identity.jit_si",
            "module.host-project.google_project_service_identity.servicenetworking",
            "module.service-project.data.google_bigquery_default_service_account.bq_sa",
            "module.service-project.data.google_project.project",
            "module.service-project.data.google_storage_project_service_account.gcs_sa",
            "module.service-project.google_compute_shared_vpc_host_project.shared_vpc_host",
            "module.service-project.google_compute_shared_vpc_service_project.service_projects",
            "module.service-project.google_kms_crypto_key_iam_member.service_identity_cmek",
            "module.service-project.google_project.project",
            "module.service-project.google_project_iam_member.servicenetworking",
            "module.service-project.google_project_iam_member.shared_vpc_host_robots",
            "module.service-project.google_project_organization_policy.boolean",
            "module.service-project.google_project_organization_policy.list",
            "module.service-project.google_project_service.project_services",
            "module.service-project.google_project_service_identity.jit_si",
            "module.service-project.google_project_service_identity.servicenetworking"
          ],
          "create_before_destroy": true
        }
      ]
    },
    {
      "module": "module.apigee-x-core.module.kms-inst-disk[\"euw1-instance\"]",
      "mode": "managed",
      "type": "google_kms_key_ring_iam_binding",
      "name": "authoritative",
      "provider": "provider[\"registry.terraform.io/hashicorp/google\"]",
      "instances": [
        {
          "index_key": "roles/cloudkms.cryptoKeyEncrypterDecrypter",
          "schema_version": 0,
          "attributes": {
            "condition": [],
            "etag": "BwZABkPHRhc=",
            "id": "projects/is-apgx-tf-01/locations/europe-west1/keyRings/apigee-euw1-instance/roles/cloudkms.cryptoKeyEncrypterDecrypter",
            "key_ring_id": "projects/is-apgx-tf-01/locations/europe-west1/keyRings/apigee-euw1-instance",
            "members": [
              "serviceAccount:service-913605447917@gcp-sa-apigee.iam.gserviceaccount.com"
            ],
            "role": "roles/cloudkms.cryptoKeyEncrypterDecrypter"
          },
          "sensitive_attributes": [],
          "identity_schema_version": 0,
          "private": "bnVsbA==",
          "dependencies": [
            "module.apigee-x-core.google_project_service_identity.apigee_sa",
            "module.apigee-x-core.module.kms-inst-disk.data.google_kms_key_ring.default",
            "module.apigee-x-core.module.kms-inst-disk.google_kms_key_ring.default",
            "module.host-project.data.google_bigquery_default_service_account.bq_sa",
            "module.host-project.data.google_project.project",
            "module.host-project.data.google_storage_project_service_account.gcs_sa",
            "module.host-project.google_compute_shared_vpc_host_project.shared_vpc_host",
            "module.host-project.google_compute_shared_vpc_service_project.service_projects",
            "module.host-project.google_kms_crypto_key_iam_member.service_identity_cmek",
            "module.host-project.google_project.project",
            "module.host-project.google_project_iam_member.servicenetworking",
            "module.host-project.google_project_iam_member.shared_vpc_host_robots",
            "module.host-project.google_project_organization_policy.boolean",
            "module.host-project.google_project_organization_policy.list",
            "module.host-project.google_project_service.project_services",
            "module.host-project.google_project_service_identity.jit_si",
            "module.host-project.google_project_service_identity.servicenetworking",
            "module.service-project.data.google_bigquery_default_service_account.bq_sa",
            "module.service-project.data.google_project.project",
            "module.service-project.data.google_storage_project_service_account.gcs_sa",
            "module.service-project.google_compute_shared_vpc_host_project.shared_vpc_host",
            "module.service-project.google_compute_shared_vpc_service_project.service_projects",
            "module.service-project.google_kms_crypto_key_iam_member.service_identity_cmek",
            "module.service-project.google_project.project",
            "module.service-project.google_project_iam_member.servicenetworking",
            "module.service-project.google_project_iam_member.shared_vpc_host_robots",
            "module.service-project.google_project_organization_policy.boolean",
            "module.service-project.google_project_organization_policy.list",
            "module.service-project.google_project_service.project_services",
            "module.service-project.google_project_service_identity.jit_si",
            "module.service-project.google_project_service_identity.servicenetworking"
          ],
          "create_before_destroy": true
        }
      ]
    },
    {
      "module": "module.apigee-x-core.module.kms-inst-disk[\"euw1-instance\"]",
      "mode": "managed",
      "type": "google_kms_key_ring_iam_binding",
      "name": "bindings",
      "provider": "provider[\"registry.terraform.io/hashicorp/google\"]",
      "instances": []
    },
    {
      "module": "module.apigee-x-core.module.kms-inst-disk[\"euw1-instance\"]",
      "mode": "managed",
      "type": "google_kms_key_ring_iam_member",
      "name": "bindings",
      "provider": "provider[\"registry.terraform.io/hashicorp/google\"]",
      "instances": []
    },
    {
      "module": "module.apigee-x-core.module.kms-inst-disk[\"euw1-instance\"]",
      "mode": "managed",
      "type": "google_kms_key_ring_import_job",
      "name": "default",
      "provider": "provider[\"registry.terraform.io/hashicorp/google\"]",
      "instances": []
    },
    {
      "module": "module.apigee-x-core.module.kms-inst-disk[\"euw1-instance\"]",
      "mode": "managed",
      "type": "google_tags_tag_binding",
      "name": "binding",
      "provider": "provider[\"registry.terraform.io/hashicorp/google\"]",
      "instances": []
    },
    {
      "module": "module.apigee-x-core.module.kms-org-db",
      "mode": "data",
      "type": "google_kms_key_ring",
      "name": "default",
      "provider": "provider[\"registry.terraform.io/hashicorp/google\"]",
      "instances": []
    },
    {
      "module": "module.apigee-x-core.module.kms-org-db",
      "mode": "managed",
      "type": "google_kms_crypto_key",
      "name": "default",
      "provider": "provider[\"registry.terraform.io/hashicorp/google\"]",
      "instances": [
        {
          "index_key": "org-db",
          "schema_version": 1,
          "attributes": {
            "crypto_key_backend": "",
            "destroy_scheduled_duration": "2592000s",
            "effective_labels": {},
            "id": "projects/is-apgx-tf-01/locations/europe-west1/keyRings/apigee-x-org/cryptoKeys/org-db",
            "import_only": false,
            "key_ring": "projects/is-apgx-tf-01/locations/europe-west1/keyRings/apigee-x-org",
            "labels": {},
            "name": "org-db",
            "primary": [
              {
                "name": "projects/is-apgx-tf-01/locations/europe-west1/keyRings/apigee-x-org/cryptoKeys/org-db/cryptoKeyVersions/1",
                "state": "ENABLED"
              }
            ],
            "purpose": "ENCRYPT_DECRYPT",
            "rotation_period": "2592000s",
            "skip_initial_version_creation": false,
            "terraform_labels": {},
            "timeouts": null,
            "version_template": [
              {
                "algorithm": "GOOGLE_SYMMETRIC_ENCRYPTION",
                "protection_level": "SOFTWARE"
              }
            ]
          },
          "sensitive_attributes": [],
          "identity_schema_version": 0,
          "private": "eyJlMmJmYjczMC1lY2FhLTExZTYtOGY4OC0zNDM2M2JjN2M0YzAiOnsiY3JlYXRlIjoxMjAwMDAwMDAwMDAwLCJkZWxldGUiOjEyMDAwMDAwMDAwMDAsInVwZGF0ZSI6MTIwMDAwMDAwMDAwMH0sInNjaGVtYV92ZXJzaW9uIjoiMSJ9",
          "dependencies": [
            "module.apigee-x-core.module.kms-org-db.data.google_kms_key_ring.default",
            "module.apigee-x-core.module.kms-org-db.google_kms_key_ring.default",
            "module.host-project.data.google_bigquery_default_service_account.bq_sa",
            "module.host-project.data.google_project.project",
            "module.host-project.data.google_storage_project_service_account.gcs_sa",
            "module.host-project.google_compute_shared_vpc_host_project.shared_vpc_host",
            "module.host-project.google_compute_shared_vpc_service_project.service_projects",
            "module.host-project.google_kms_crypto_key_iam_member.service_identity_cmek",
            "module.host-project.google_project.project",
            "module.host-project.google_project_iam_member.servicenetworking",
            "module.host-project.google_project_iam_member.shared_vpc_host_robots",
            "module.host-project.google_project_organization_policy.boolean",
            "module.host-project.google_project_organization_policy.list",
            "module.host-project.google_project_service.project_services",
            "module.host-project.google_project_service_identity.jit_si",
            "module.host-project.google_project_service_identity.servicenetworking",
            "module.service-project.data.google_bigquery_default_service_account.bq_sa",
            "module.service-project.data.google_project.project",
            "module.service-project.data.google_storage_project_service_account.gcs_sa",
            "module.service-project.google_compute_shared_vpc_host_project.shared_vpc_host",
            "module.service-project.google_compute_shared_vpc_service_project.service_projects",
            "module.service-project.google_kms_crypto_key_iam_member.service_identity_cmek",
            "module.service-project.google_project.project",
            "module.service-project.google_project_iam_member.servicenetworking",
            "module.service-project.google_project_iam_member.shared_vpc_host_robots",
            "module.service-project.google_project_organization_policy.boolean",
            "module.service-project.google_project_organization_policy.list",
            "module.service-project.google_project_service.project_services",
            "module.service-project.google_project_service_identity.jit_si",
            "module.service-project.google_project_service_identity.servicenetworking"
          ],
          "create_before_destroy": true
        }
      ]
    },
    {
      "module": "module.apigee-x-core.module.kms-org-db",
      "mode": "managed",
      "type": "google_kms_crypto_key_iam_binding",
      "name": "authoritative",
      "provider": "provider[\"registry.terraform.io/hashicorp/google\"]",
      "instances": []
    },
    {
      "module": "module.apigee-x-core.module.kms-org-db",
      "mode": "managed",
      "type": "google_kms_crypto_key_iam_binding",
      "name": "bindings",
      "provider": "provider[\"registry.terraform.io/hashicorp/google\"]",
      "instances": []
    },
    {
      "module": "module.apigee-x-core.module.kms-org-db",
      "mode": "managed",
      "type": "google_kms_crypto_key_iam_member",
      "name": "members",
      "provider": "provider[\"registry.terraform.io/hashicorp/google\"]",
      "instances": []
    },
    {
      "module": "module.apigee-x-core.module.kms-org-db",
      "mode": "managed",
      "type": "google_kms_key_ring",
      "name": "default",
      "provider": "provider[\"registry.terraform.io/hashicorp/google\"]",
      "instances": [
        {
          "index_key": 0,
          "schema_version": 0,
          "attributes": {
            "id": "projects/is-apgx-tf-01/locations/europe-west1/keyRings/apigee-x-org",
            "location": "europe-west1",
            "name": "apigee-x-org",
            "project": "is-apgx-tf-01",
            "timeouts": null
          },
          "sensitive_attributes": [],
          "identity_schema_version": 0,
          "private": "eyJlMmJmYjczMC1lY2FhLTExZTYtOGY4OC0zNDM2M2JjN2M0YzAiOnsiY3JlYXRlIjoxMjAwMDAwMDAwMDAwLCJkZWxldGUiOjEyMDAwMDAwMDAwMDB9fQ==",
          "dependencies": [
            "module.host-project.data.google_bigquery_default_service_account.bq_sa",
            "module.host-project.data.google_project.project",
            "module.host-project.data.google_storage_project_service_account.gcs_sa",
            "module.host-project.google_compute_shared_vpc_host_project.shared_vpc_host",
            "module.host-project.google_compute_shared_vpc_service_project.service_projects",
            "module.host-project.google_kms_crypto_key_iam_member.service_identity_cmek",
            "module.host-project.google_project.project",
            "module.host-project.google_project_iam_member.servicenetworking",
            "module.host-project.google_project_iam_member.shared_vpc_host_robots",
            "module.host-project.google_project_organization_policy.boolean",
            "module.host-project.google_project_organization_policy.list",
            "module.host-project.google_project_service.project_services",
            "module.host-project.google_project_service_identity.jit_si",
            "module.host-project.google_project_service_identity.servicenetworking",
            "module.service-project.data.google_bigquery_default_service_account.bq_sa",
            "module.service-project.data.google_project.project",
            "module.service-project.data.google_storage_project_service_account.gcs_sa",
            "module.service-project.google_compute_shared_vpc_host_project.shared_vpc_host",
            "module.service-project.google_compute_shared_vpc_service_project.service_projects",
            "module.service-project.google_kms_crypto_key_iam_member.service_identity_cmek",
            "module.service-project.google_project.project",
            "module.service-project.google_project_iam_member.servicenetworking",
            "module.service-project.google_project_iam_member.shared_vpc_host_robots",
            "module.service-project.google_project_organization_policy.boolean",
            "module.service-project.google_project_organization_policy.list",
            "module.service-project.google_project_service.project_services",
            "module.service-project.google_project_service_identity.jit_si",
            "module.service-project.google_project_service_identity.servicenetworking"
          ],
          "create_before_destroy": true
        }
      ]
    },
    {
      "module": "module.apigee-x-core.module.kms-org-db",
      "mode": "managed",
      "type": "google_kms_key_ring_iam_binding",
      "name": "authoritative",
      "provider": "provider[\"registry.terraform.io/hashicorp/google\"]",
      "instances": [
        {
          "index_key": "roles/cloudkms.cryptoKeyEncrypterDecrypter",
          "schema_version": 0,
          "attributes": {
            "condition": [],
            "etag": "BwZABkPeWxk=",
            "id": "projects/is-apgx-tf-01/locations/europe-west1/keyRings/apigee-x-org/roles/cloudkms.cryptoKeyEncrypterDecrypter",
            "key_ring_id": "projects/is-apgx-tf-01/locations/europe-west1/keyRings/apigee-x-org",
            "members": [
              "serviceAccount:service-913605447917@gcp-sa-apigee.iam.gserviceaccount.com"
            ],
            "role": "roles/cloudkms.cryptoKeyEncrypterDecrypter"
          },
          "sensitive_attributes": [],
          "identity_schema_version": 0,
          "private": "bnVsbA==",
          "dependencies": [
            "module.apigee-x-core.google_project_service_identity.apigee_sa",
            "module.apigee-x-core.module.kms-org-db.data.google_kms_key_ring.default",
            "module.apigee-x-core.module.kms-org-db.google_kms_key_ring.default",
            "module.host-project.data.google_bigquery_default_service_account.bq_sa",
            "module.host-project.data.google_project.project",
            "module.host-project.data.google_storage_project_service_account.gcs_sa",
            "module.host-project.google_compute_shared_vpc_host_project.shared_vpc_host",
            "module.host-project.google_compute_shared_vpc_service_project.service_projects",
            "module.host-project.google_kms_crypto_key_iam_member.service_identity_cmek",
            "module.host-project.google_project.project",
            "module.host-project.google_project_iam_member.servicenetworking",
            "module.host-project.google_project_iam_member.shared_vpc_host_robots",
            "module.host-project.google_project_organization_policy.boolean",
            "module.host-project.google_project_organization_policy.list",
            "module.host-project.google_project_service.project_services",
            "module.host-project.google_project_service_identity.jit_si",
            "module.host-project.google_project_service_identity.servicenetworking",
            "module.service-project.data.google_bigquery_default_service_account.bq_sa",
            "module.service-project.data.google_project.project",
            "module.service-project.data.google_storage_project_service_account.gcs_sa",
            "module.service-project.google_compute_shared_vpc_host_project.shared_vpc_host",
            "module.service-project.google_compute_shared_vpc_service_project.service_projects",
            "module.service-project.google_kms_crypto_key_iam_member.service_identity_cmek",
            "module.service-project.google_project.project",
            "module.service-project.google_project_iam_member.servicenetworking",
            "module.service-project.google_project_iam_member.shared_vpc_host_robots",
            "module.service-project.google_project_organization_policy.boolean",
            "module.service-project.google_project_organization_policy.list",
            "module.service-project.google_project_service.project_services",
            "module.service-project.google_project_service_identity.jit_si",
            "module.service-project.google_project_service_identity.servicenetworking"
          ]
        }
      ]
    },
    {
      "module": "module.apigee-x-core.module.kms-org-db",
      "mode": "managed",
      "type": "google_kms_key_ring_iam_binding",
      "name": "bindings",
      "provider": "provider[\"registry.terraform.io/hashicorp/google\"]",
      "instances": []
    },
    {
      "module": "module.apigee-x-core.module.kms-org-db",
      "mode": "managed",
      "type": "google_kms_key_ring_iam_member",
      "name": "bindings",
      "provider": "provider[\"registry.terraform.io/hashicorp/google\"]",
      "instances": []
    },
    {
      "module": "module.apigee-x-core.module.kms-org-db",
      "mode": "managed",
      "type": "google_kms_key_ring_import_job",
      "name": "default",
      "provider": "provider[\"registry.terraform.io/hashicorp/google\"]",
      "instances": []
    },
    {
      "module": "module.apigee-x-core.module.kms-org-db",
      "mode": "managed",
      "type": "google_tags_tag_binding",
      "name": "binding",
      "provider": "provider[\"registry.terraform.io/hashicorp/google\"]",
      "instances": []
    },
    {
      "module": "module.host-project",
      "mode": "data",
      "type": "google_bigquery_default_service_account",
      "name": "bq_sa",
      "provider": "provider[\"registry.terraform.io/hashicorp/google\"]",
      "instances": []
    },
    {
      "module": "module.host-project",
      "mode": "data",
      "type": "google_project",
      "name": "project",
      "provider": "provider[\"registry.terraform.io/hashicorp/google\"]",
      "instances": [
        {
          "index_key": 0,
          "schema_version": 0,
          "attributes": {
            "auto_create_network": null,
            "billing_account": null,
            "deletion_policy": "DELETE",
            "effective_labels": {},
            "folder_id": "",
            "id": "projects/is-network-tf-01",
            "labels": {},
            "name": "is-network-tf-01",
            "number": "580154995259",
            "org_id": "135159819908",
            "project_id": "is-network-tf-01",
            "skip_delete": null,
            "terraform_labels": {}
          },
          "sensitive_attributes": [],
          "identity_schema_version": 0
        }
      ]
    },
    {
      "module": "module.host-project",
      "mode": "data",
      "type": "google_storage_project_service_account",
      "name": "gcs_sa",
      "provider": "provider[\"registry.terraform.io/hashicorp/google\"]",
      "instances": []
    },
    {
      "module": "module.host-project",
      "mode": "managed",
      "type": "google_access_context_manager_service_perimeter_resource",
      "name": "bridge",
      "provider": "provider[\"registry.terraform.io/hashicorp/google\"]",
      "instances": []
    },
    {
      "module": "module.host-project",
      "mode": "managed",
      "type": "google_access_context_manager_service_perimeter_resource",
      "name": "standard",
      "provider": "provider[\"registry.terraform.io/hashicorp/google\"]",
      "instances": []
    },
    {
      "module": "module.host-project",
      "mode": "managed",
      "type": "google_bigquery_dataset_iam_member",
      "name": "bq-sinks-binding",
      "provider": "provider[\"registry.terraform.io/hashicorp/google\"]",
      "instances": []
    },
    {
      "module": "module.host-project",
      "mode": "managed",
      "type": "google_compute_project_metadata_item",
      "name": "oslogin_meta",
      "provider": "provider[\"registry.terraform.io/hashicorp/google\"]",
      "instances": []
    },
    {
      "module": "module.host-project",
      "mode": "managed",
      "type": "google_compute_shared_vpc_host_project",
      "name": "shared_vpc_host",
      "provider": "provider[\"registry.terraform.io/hashicorp/google-beta\"]",
      "instances": [
        {
          "index_key": 0,
          "schema_version": 0,
          "attributes": {
            "id": "is-network-tf-01",
            "project": "is-network-tf-01",
            "timeouts": null
          },
          "sensitive_attributes": [],
          "identity_schema_version": 0,
          "private": "eyJlMmJmYjczMC1lY2FhLTExZTYtOGY4OC0zNDM2M2JjN2M0YzAiOnsiY3JlYXRlIjoyNDAwMDAwMDAwMDAsImRlbGV0ZSI6MjQwMDAwMDAwMDAwfX0=",
          "dependencies": [
            "module.host-project.data.google_project.project",
            "module.host-project.google_project.project",
            "module.host-project.google_project_service.project_services"
          ],
          "create_before_destroy": true
        }
      ]
    },
    {
      "module": "module.host-project",
      "mode": "managed",
      "type": "google_compute_shared_vpc_service_project",
      "name": "service_projects",
      "provider": "provider[\"registry.terraform.io/hashicorp/google-beta\"]",
      "instances": [
        {
          "index_key": "is-apgx-tf-01",
          "schema_version": 0,
          "attributes": {
            "deletion_policy": null,
            "host_project": "is-network-tf-01",
            "id": "is-network-tf-01/is-apgx-tf-01",
            "service_project": "is-apgx-tf-01",
            "timeouts": null
          },
          "sensitive_attributes": [],
          "identity_schema_version": 0,
          "private": "eyJlMmJmYjczMC1lY2FhLTExZTYtOGY4OC0zNDM2M2JjN2M0YzAiOnsiY3JlYXRlIjoyNDAwMDAwMDAwMDAsImRlbGV0ZSI6MjQwMDAwMDAwMDAwfX0=",
          "dependencies": [
            "module.host-project.data.google_project.project",
            "module.host-project.google_compute_shared_vpc_host_project.shared_vpc_host",
            "module.host-project.google_project.project",
            "module.host-project.google_project_service.project_services"
          ],
          "create_before_destroy": true
        }
      ]
    },
    {
      "module": "module.host-project",
      "mode": "managed",
      "type": "google_compute_shared_vpc_service_project",
      "name": "shared_vpc_service",
      "provider": "provider[\"registry.terraform.io/hashicorp/google-beta\"]",
      "instances": []
    },
    {
      "module": "module.host-project",
      "mode": "managed",
      "type": "google_essential_contacts_contact",
      "name": "contact",
      "provider": "provider[\"registry.terraform.io/hashicorp/google-beta\"]",
      "instances": []
    },
    {
      "module": "module.host-project",
      "mode": "managed",
      "type": "google_kms_crypto_key_iam_member",
      "name": "service_identity_cmek",
      "provider": "provider[\"registry.terraform.io/hashicorp/google\"]",
      "instances": []
    },
    {
      "module": "module.host-project",
      "mode": "managed",
      "type": "google_logging_project_exclusion",
      "name": "logging-exclusion",
      "provider": "provider[\"registry.terraform.io/hashicorp/google\"]",
      "instances": []
    },
    {
      "module": "module.host-project",
      "mode": "managed",
      "type": "google_logging_project_sink",
      "name": "sink",
      "provider": "provider[\"registry.terraform.io/hashicorp/google\"]",
      "instances": []
    },
    {
      "module": "module.host-project",
      "mode": "managed",
      "type": "google_monitoring_monitored_project",
      "name": "primary",
      "provider": "provider[\"registry.terraform.io/hashicorp/google-beta\"]",
      "instances": []
    },
    {
      "module": "module.host-project",
      "mode": "managed",
      "type": "google_project",
      "name": "project",
      "provider": "provider[\"registry.terraform.io/hashicorp/google\"]",
      "instances": []
    },
    {
      "module": "module.host-project",
      "mode": "managed",
      "type": "google_project_iam_binding",
      "name": "authoritative",
      "provider": "provider[\"registry.terraform.io/hashicorp/google\"]",
      "instances": []
    },
    {
      "module": "module.host-project",
      "mode": "managed",
      "type": "google_project_iam_custom_role",
      "name": "roles",
      "provider": "provider[\"registry.terraform.io/hashicorp/google\"]",
      "instances": []
    },
    {
      "module": "module.host-project",
      "mode": "managed",
      "type": "google_project_iam_member",
      "name": "additive",
      "provider": "provider[\"registry.terraform.io/hashicorp/google\"]",
      "instances": []
    },
    {
      "module": "module.host-project",
      "mode": "managed",
      "type": "google_project_iam_member",
      "name": "bucket-sinks-binding",
      "provider": "provider[\"registry.terraform.io/hashicorp/google\"]",
      "instances": []
    },
    {
      "module": "module.host-project",
      "mode": "managed",
      "type": "google_project_iam_member",
      "name": "oslogin_admins",
      "provider": "provider[\"registry.terraform.io/hashicorp/google\"]",
      "instances": []
    },
    {
      "module": "module.host-project",
      "mode": "managed",
      "type": "google_project_iam_member",
      "name": "oslogin_compute_viewer",
      "provider": "provider[\"registry.terraform.io/hashicorp/google\"]",
      "instances": []
    },
    {
      "module": "module.host-project",
      "mode": "managed",
      "type": "google_project_iam_member",
      "name": "oslogin_iam_serviceaccountuser",
      "provider": "provider[\"registry.terraform.io/hashicorp/google\"]",
      "instances": []
    },
    {
      "module": "module.host-project",
      "mode": "managed",
      "type": "google_project_iam_member",
      "name": "oslogin_users",
      "provider": "provider[\"registry.terraform.io/hashicorp/google\"]",
      "instances": []
    },
    {
      "module": "module.host-project",
      "mode": "managed",
      "type": "google_project_iam_member",
      "name": "servicenetworking",
      "provider": "provider[\"registry.terraform.io/hashicorp/google\"]",
      "instances": [
        {
          "index_key": 0,
          "schema_version": 0,
          "attributes": {
            "condition": [],
            "etag": "BwZABLXjb9U=",
            "id": "is-network-tf-01/roles/servicenetworking.serviceAgent/serviceAccount:service-580154995259@service-networking.iam.gserviceaccount.com",
            "member": "serviceAccount:service-580154995259@service-networking.iam.gserviceaccount.com",
            "project": "is-network-tf-01",
            "role": "roles/servicenetworking.serviceAgent"
          },
          "sensitive_attributes": [],
          "identity_schema_version": 0,
          "private": "bnVsbA==",
          "dependencies": [
            "module.host-project.data.google_project.project",
            "module.host-project.google_project.project",
            "module.host-project.google_project_service.project_services",
            "module.host-project.google_project_service_identity.servicenetworking"
          ],
          "create_before_destroy": true
        }
      ]
    },
    {
      "module": "module.host-project",
      "mode": "managed",
      "type": "google_project_iam_member",
      "name": "shared_vpc_host_robots",
      "provider": "provider[\"registry.terraform.io/hashicorp/google\"]",
      "instances": []
    },
    {
      "module": "module.host-project",
      "mode": "managed",
      "type": "google_project_organization_policy",
      "name": "boolean",
      "provider": "provider[\"registry.terraform.io/hashicorp/google\"]",
      "instances": []
    },
    {
      "module": "module.host-project",
      "mode": "managed",
      "type": "google_project_organization_policy",
      "name": "list",
      "provider": "provider[\"registry.terraform.io/hashicorp/google\"]",
      "instances": []
    },
    {
      "module": "module.host-project",
      "mode": "managed",
      "type": "google_project_service",
      "name": "project_services",
      "provider": "provider[\"registry.terraform.io/hashicorp/google\"]",
      "instances": [
        {
          "index_key": "servicenetworking.googleapis.com",
          "schema_version": 0,
          "attributes": {
            "disable_dependent_services": true,
            "disable_on_destroy": true,
            "id": "is-network-tf-01/servicenetworking.googleapis.com",
            "project": "is-network-tf-01",
            "service": "servicenetworking.googleapis.com",
            "timeouts": null
          },
          "sensitive_attributes": [],
          "identity_schema_version": 0,
          "private": "eyJlMmJmYjczMC1lY2FhLTExZTYtOGY4OC0zNDM2M2JjN2M0YzAiOnsiY3JlYXRlIjoxMjAwMDAwMDAwMDAwLCJkZWxldGUiOjEyMDAwMDAwMDAwMDAsInJlYWQiOjYwMDAwMDAwMDAwMCwidXBkYXRlIjoxMjAwMDAwMDAwMDAwfX0=",
          "dependencies": [
            "module.host-project.data.google_project.project",
            "module.host-project.google_project.project"
          ],
          "create_before_destroy": true
        }
      ]
    },
    {
      "module": "module.host-project",
      "mode": "managed",
      "type": "google_project_service_identity",
      "name": "jit_si",
      "provider": "provider[\"registry.terraform.io/hashicorp/google-beta\"]",
      "instances": []
    },
    {
      "module": "module.host-project",
      "mode": "managed",
      "type": "google_project_service_identity",
      "name": "servicenetworking",
      "provider": "provider[\"registry.terraform.io/hashicorp/google-beta\"]",
      "instances": [
        {
          "index_key": 0,
          "schema_version": 0,
          "attributes": {
            "email": "service-580154995259@service-networking.iam.gserviceaccount.com",
            "id": "projects/is-network-tf-01/services/servicenetworking.googleapis.com",
            "member": "serviceAccount:service-580154995259@service-networking.iam.gserviceaccount.com",
            "project": "is-network-tf-01",
            "service": "servicenetworking.googleapis.com",
            "timeouts": null
          },
          "sensitive_attributes": [],
          "identity_schema_version": 0,
          "private": "eyJlMmJmYjczMC1lY2FhLTExZTYtOGY4OC0zNDM2M2JjN2M0YzAiOnsiY3JlYXRlIjoxMjAwMDAwMDAwMDAwLCJkZWxldGUiOjEyMDAwMDAwMDAwMDAsInJlYWQiOjYwMDAwMDAwMDAwMH19",
          "dependencies": [
            "module.host-project.data.google_project.project",
            "module.host-project.google_project.project",
            "module.host-project.google_project_service.project_services"
          ],
          "create_before_destroy": true
        }
      ]
    },
    {
      "module": "module.host-project",
      "mode": "managed",
      "type": "google_pubsub_topic_iam_member",
      "name": "pubsub-sinks-binding",
      "provider": "provider[\"registry.terraform.io/hashicorp/google\"]",
      "instances": []
    },
    {
      "module": "module.host-project",
      "mode": "managed",
      "type": "google_resource_manager_lien",
      "name": "lien",
      "provider": "provider[\"registry.terraform.io/hashicorp/google\"]",
      "instances": []
    },
    {
      "module": "module.host-project",
      "mode": "managed",
      "type": "google_storage_bucket_iam_member",
      "name": "gcs-sinks-binding",
      "provider": "provider[\"registry.terraform.io/hashicorp/google\"]",
      "instances": []
    },
    {
      "module": "module.host-project",
      "mode": "managed",
      "type": "google_tags_tag_binding",
      "name": "binding",
      "provider": "provider[\"registry.terraform.io/hashicorp/google\"]",
      "instances": []
    },
    {
      "module": "module.mig-l7xlb",
      "mode": "managed",
      "type": "google_compute_health_check",
      "name": "mig_lb_hc",
      "provider": "provider[\"registry.terraform.io/hashicorp/google\"]",
      "instances": [
        {
          "schema_version": 0,
          "attributes": {
            "check_interval_sec": 5,
            "creation_timestamp": "2025-09-30T06:27:32.365-07:00",
            "description": "",
            "grpc_health_check": [],
            "healthy_threshold": 2,
            "http2_health_check": [],
            "http_health_check": [],
            "https_health_check": [
              {
                "host": "",
                "port": 443,
                "port_name": "",
                "port_specification": "",
                "proxy_header": "NONE",
                "request_path": "/healthz/ingress",
                "response": ""
              }
            ],
            "id": "projects/is-apgx-tf-01/global/healthChecks/apigee-xlb-hc",
            "log_config": [
              {
                "enable": false
              }
            ],
            "name": "apigee-xlb-hc",
            "project": "is-apgx-tf-01",
            "self_link": "https://www.googleapis.com/compute/v1/projects/is-apgx-tf-01/global/healthChecks/apigee-xlb-hc",
            "source_regions": [],
            "ssl_health_check": [],
            "tcp_health_check": [],
            "timeout_sec": 5,
            "timeouts": null,
            "type": "HTTPS",
            "unhealthy_threshold": 2
          },
          "sensitive_attributes": [],
          "identity_schema_version": 0,
          "private": "eyJlMmJmYjczMC1lY2FhLTExZTYtOGY4OC0zNDM2M2JjN2M0YzAiOnsiY3JlYXRlIjoxMjAwMDAwMDAwMDAwLCJkZWxldGUiOjEyMDAwMDAwMDAwMDAsInVwZGF0ZSI6MTIwMDAwMDAwMDAwMH19",
          "dependencies": [
            "module.host-project.data.google_bigquery_default_service_account.bq_sa",
            "module.host-project.data.google_project.project",
            "module.host-project.data.google_storage_project_service_account.gcs_sa",
            "module.host-project.google_compute_shared_vpc_host_project.shared_vpc_host",
            "module.host-project.google_compute_shared_vpc_service_project.service_projects",
            "module.host-project.google_kms_crypto_key_iam_member.service_identity_cmek",
            "module.host-project.google_project.project",
            "module.host-project.google_project_iam_member.servicenetworking",
            "module.host-project.google_project_iam_member.shared_vpc_host_robots",
            "module.host-project.google_project_organization_policy.boolean",
            "module.host-project.google_project_organization_policy.list",
            "module.host-project.google_project_service.project_services",
            "module.host-project.google_project_service_identity.jit_si",
            "module.host-project.google_project_service_identity.servicenetworking",
            "module.service-project.data.google_bigquery_default_service_account.bq_sa",
            "module.service-project.data.google_project.project",
            "module.service-project.data.google_storage_project_service_account.gcs_sa",
            "module.service-project.google_compute_shared_vpc_host_project.shared_vpc_host",
            "module.service-project.google_compute_shared_vpc_service_project.service_projects",
            "module.service-project.google_kms_crypto_key_iam_member.service_identity_cmek",
            "module.service-project.google_project.project",
            "module.service-project.google_project_iam_member.servicenetworking",
            "module.service-project.google_project_iam_member.shared_vpc_host_robots",
            "module.service-project.google_project_organization_policy.boolean",
            "module.service-project.google_project_organization_policy.list",
            "module.service-project.google_project_service.project_services",
            "module.service-project.google_project_service_identity.jit_si",
            "module.service-project.google_project_service_identity.servicenetworking"
          ]
        }
      ]
    },
    {
      "module": "module.nip-development-hostname",
      "mode": "managed",
      "type": "google_compute_global_address",
      "name": "external_address",
      "provider": "provider[\"registry.terraform.io/hashicorp/google\"]",
      "instances": [
        {
          "schema_version": 0,
          "attributes": {
            "address": "34.144.204.2",
            "address_type": "EXTERNAL",
            "creation_timestamp": "2025-09-30T06:27:32.357-07:00",
            "description": "",
            "effective_labels": {},
            "id": "projects/is-apgx-tf-01/global/addresses/apigee-external",
            "ip_version": "",
            "label_fingerprint": "42WmSpB8rSM=",
            "labels": {},
            "name": "apigee-external",
            "network": "",
            "prefix_length": 0,
            "project": "is-apgx-tf-01",
            "purpose": "",
            "self_link": "https://www.googleapis.com/compute/v1/projects/is-apgx-tf-01/global/addresses/apigee-external",
            "terraform_labels": {},
            "timeouts": null
          },
          "sensitive_attributes": [],
          "identity_schema_version": 0,
          "private": "eyJlMmJmYjczMC1lY2FhLTExZTYtOGY4OC0zNDM2M2JjN2M0YzAiOnsiY3JlYXRlIjoxMjAwMDAwMDAwMDAwLCJkZWxldGUiOjEyMDAwMDAwMDAwMDAsInVwZGF0ZSI6MTIwMDAwMDAwMDAwMH19",
          "dependencies": [
            "module.host-project.data.google_bigquery_default_service_account.bq_sa",
            "module.host-project.data.google_project.project",
            "module.host-project.data.google_storage_project_service_account.gcs_sa",
            "module.host-project.google_compute_shared_vpc_host_project.shared_vpc_host",
            "module.host-project.google_compute_shared_vpc_service_project.service_projects",
            "module.host-project.google_kms_crypto_key_iam_member.service_identity_cmek",
            "module.host-project.google_project.project",
            "module.host-project.google_project_iam_member.servicenetworking",
            "module.host-project.google_project_iam_member.shared_vpc_host_robots",
            "module.host-project.google_project_organization_policy.boolean",
            "module.host-project.google_project_organization_policy.list",
            "module.host-project.google_project_service.project_services",
            "module.host-project.google_project_service_identity.jit_si",
            "module.host-project.google_project_service_identity.servicenetworking",
            "module.service-project.data.google_bigquery_default_service_account.bq_sa",
            "module.service-project.data.google_project.project",
            "module.service-project.data.google_storage_project_service_account.gcs_sa",
            "module.service-project.google_compute_shared_vpc_host_project.shared_vpc_host",
            "module.service-project.google_compute_shared_vpc_service_project.service_projects",
            "module.service-project.google_kms_crypto_key_iam_member.service_identity_cmek",
            "module.service-project.google_project.project",
            "module.service-project.google_project_iam_member.servicenetworking",
            "module.service-project.google_project_iam_member.shared_vpc_host_robots",
            "module.service-project.google_project_organization_policy.boolean",
            "module.service-project.google_project_organization_policy.list",
            "module.service-project.google_project_service.project_services",
            "module.service-project.google_project_service_identity.jit_si",
            "module.service-project.google_project_service_identity.servicenetworking"
          ]
        }
      ]
    },
    {
      "module": "module.nip-development-hostname",
      "mode": "managed",
      "type": "google_compute_managed_ssl_certificate",
      "name": "google_cert",
      "provider": "provider[\"registry.terraform.io/hashicorp/google\"]",
      "instances": [
        {
          "schema_version": 0,
          "attributes": {
            "certificate_id": 7804280743277257791,
            "creation_timestamp": "2025-09-30T06:27:44.223-07:00",
            "description": "",
            "expire_time": "",
            "id": "projects/is-apgx-tf-01/global/sslCertificates/cert-341442042",
            "managed": [
              {
                "domains": [
                  "34-144-204-2.nip.io",
                  "test.34-144-204-2.nip.io"
                ]
              }
            ],
            "name": "cert-341442042",
            "project": "is-apgx-tf-01",
            "self_link": "https://www.googleapis.com/compute/v1/projects/is-apgx-tf-01/global/sslCertificates/cert-341442042",
            "subject_alternative_names": [],
            "timeouts": null,
            "type": "MANAGED"
          },
          "sensitive_attributes": [],
          "identity_schema_version": 0,
          "private": "eyJlMmJmYjczMC1lY2FhLTExZTYtOGY4OC0zNDM2M2JjN2M0YzAiOnsiY3JlYXRlIjoxODAwMDAwMDAwMDAwLCJkZWxldGUiOjE4MDAwMDAwMDAwMDB9fQ==",
          "dependencies": [
            "module.host-project.data.google_bigquery_default_service_account.bq_sa",
            "module.host-project.data.google_project.project",
            "module.host-project.data.google_storage_project_service_account.gcs_sa",
            "module.host-project.google_compute_shared_vpc_host_project.shared_vpc_host",
            "module.host-project.google_compute_shared_vpc_service_project.service_projects",
            "module.host-project.google_kms_crypto_key_iam_member.service_identity_cmek",
            "module.host-project.google_project.project",
            "module.host-project.google_project_iam_member.servicenetworking",
            "module.host-project.google_project_iam_member.shared_vpc_host_robots",
            "module.host-project.google_project_organization_policy.boolean",
            "module.host-project.google_project_organization_policy.list",
            "module.host-project.google_project_service.project_services",
            "module.host-project.google_project_service_identity.jit_si",
            "module.host-project.google_project_service_identity.servicenetworking",
            "module.nip-development-hostname.google_compute_global_address.external_address",
            "module.service-project.data.google_bigquery_default_service_account.bq_sa",
            "module.service-project.data.google_project.project",
            "module.service-project.data.google_storage_project_service_account.gcs_sa",
            "module.service-project.google_compute_shared_vpc_host_project.shared_vpc_host",
            "module.service-project.google_compute_shared_vpc_service_project.service_projects",
            "module.service-project.google_kms_crypto_key_iam_member.service_identity_cmek",
            "module.service-project.google_project.project",
            "module.service-project.google_project_iam_member.servicenetworking",
            "module.service-project.google_project_iam_member.shared_vpc_host_robots",
            "module.service-project.google_project_organization_policy.boolean",
            "module.service-project.google_project_organization_policy.list",
            "module.service-project.google_project_service.project_services",
            "module.service-project.google_project_service_identity.jit_si",
            "module.service-project.google_project_service_identity.servicenetworking"
          ]
        }
      ]
    },
    {
      "module": "module.service-project",
      "mode": "data",
      "type": "google_bigquery_default_service_account",
      "name": "bq_sa",
      "provider": "provider[\"registry.terraform.io/hashicorp/google\"]",
      "instances": []
    },
    {
      "module": "module.service-project",
      "mode": "data",
      "type": "google_project",
      "name": "project",
      "provider": "provider[\"registry.terraform.io/hashicorp/google\"]",
      "instances": [
        {
          "index_key": 0,
          "schema_version": 0,
          "attributes": {
            "auto_create_network": null,
            "billing_account": null,
            "deletion_policy": "DELETE",
            "effective_labels": {},
            "folder_id": "",
            "id": "projects/is-apgx-tf-01",
            "labels": {},
            "name": "is-apgx-tf-01",
            "number": "913605447917",
            "org_id": "135159819908",
            "project_id": "is-apgx-tf-01",
            "skip_delete": null,
            "terraform_labels": {}
          },
          "sensitive_attributes": [],
          "identity_schema_version": 0
        }
      ]
    },
    {
      "module": "module.service-project",
      "mode": "data",
      "type": "google_storage_project_service_account",
      "name": "gcs_sa",
      "provider": "provider[\"registry.terraform.io/hashicorp/google\"]",
      "instances": []
    },
    {
      "module": "module.service-project",
      "mode": "managed",
      "type": "google_access_context_manager_service_perimeter_resource",
      "name": "bridge",
      "provider": "provider[\"registry.terraform.io/hashicorp/google\"]",
      "instances": []
    },
    {
      "module": "module.service-project",
      "mode": "managed",
      "type": "google_access_context_manager_service_perimeter_resource",
      "name": "standard",
      "provider": "provider[\"registry.terraform.io/hashicorp/google\"]",
      "instances": []
    },
    {
      "module": "module.service-project",
      "mode": "managed",
      "type": "google_bigquery_dataset_iam_member",
      "name": "bq-sinks-binding",
      "provider": "provider[\"registry.terraform.io/hashicorp/google\"]",
      "instances": []
    },
    {
      "module": "module.service-project",
      "mode": "managed",
      "type": "google_compute_project_metadata_item",
      "name": "oslogin_meta",
      "provider": "provider[\"registry.terraform.io/hashicorp/google\"]",
      "instances": []
    },
    {
      "module": "module.service-project",
      "mode": "managed",
      "type": "google_compute_shared_vpc_host_project",
      "name": "shared_vpc_host",
      "provider": "provider[\"registry.terraform.io/hashicorp/google-beta\"]",
      "instances": []
    },
    {
      "module": "module.service-project",
      "mode": "managed",
      "type": "google_compute_shared_vpc_service_project",
      "name": "service_projects",
      "provider": "provider[\"registry.terraform.io/hashicorp/google-beta\"]",
      "instances": []
    },
    {
      "module": "module.service-project",
      "mode": "managed",
      "type": "google_compute_shared_vpc_service_project",
      "name": "shared_vpc_service",
      "provider": "provider[\"registry.terraform.io/hashicorp/google-beta\"]",
      "instances": [
        {
          "index_key": 0,
          "schema_version": 0,
          "attributes": {
            "deletion_policy": null,
            "host_project": "is-network-tf-01",
            "id": "is-network-tf-01/is-apgx-tf-01",
            "service_project": "is-apgx-tf-01",
            "timeouts": null
          },
          "sensitive_attributes": [],
          "identity_schema_version": 0,
          "private": "eyJlMmJmYjczMC1lY2FhLTExZTYtOGY4OC0zNDM2M2JjN2M0YzAiOnsiY3JlYXRlIjoyNDAwMDAwMDAwMDAsImRlbGV0ZSI6MjQwMDAwMDAwMDAwfX0=",
          "dependencies": [
            "module.host-project.data.google_bigquery_default_service_account.bq_sa",
            "module.host-project.data.google_project.project",
            "module.host-project.data.google_storage_project_service_account.gcs_sa",
            "module.host-project.google_compute_shared_vpc_host_project.shared_vpc_host",
            "module.host-project.google_compute_shared_vpc_service_project.service_projects",
            "module.host-project.google_kms_crypto_key_iam_member.service_identity_cmek",
            "module.host-project.google_project.project",
            "module.host-project.google_project_iam_member.servicenetworking",
            "module.host-project.google_project_iam_member.shared_vpc_host_robots",
            "module.host-project.google_project_organization_policy.boolean",
            "module.host-project.google_project_organization_policy.list",
            "module.host-project.google_project_service.project_services",
            "module.host-project.google_project_service_identity.jit_si",
            "module.host-project.google_project_service_identity.servicenetworking",
            "module.service-project.data.google_project.project",
            "module.service-project.google_project.project"
          ]
        }
      ]
    },
    {
      "module": "module.service-project",
      "mode": "managed",
      "type": "google_essential_contacts_contact",
      "name": "contact",
      "provider": "provider[\"registry.terraform.io/hashicorp/google-beta\"]",
      "instances": []
    },
    {
      "module": "module.service-project",
      "mode": "managed",
      "type": "google_kms_crypto_key_iam_member",
      "name": "service_identity_cmek",
      "provider": "provider[\"registry.terraform.io/hashicorp/google\"]",
      "instances": []
    },
    {
      "module": "module.service-project",
      "mode": "managed",
      "type": "google_logging_project_exclusion",
      "name": "logging-exclusion",
      "provider": "provider[\"registry.terraform.io/hashicorp/google\"]",
      "instances": []
    },
    {
      "module": "module.service-project",
      "mode": "managed",
      "type": "google_logging_project_sink",
      "name": "sink",
      "provider": "provider[\"registry.terraform.io/hashicorp/google\"]",
      "instances": []
    },
    {
      "module": "module.service-project",
      "mode": "managed",
      "type": "google_monitoring_monitored_project",
      "name": "primary",
      "provider": "provider[\"registry.terraform.io/hashicorp/google-beta\"]",
      "instances": []
    },
    {
      "module": "module.service-project",
      "mode": "managed",
      "type": "google_project",
      "name": "project",
      "provider": "provider[\"registry.terraform.io/hashicorp/google\"]",
      "instances": []
    },
    {
      "module": "module.service-project",
      "mode": "managed",
      "type": "google_project_iam_binding",
      "name": "authoritative",
      "provider": "provider[\"registry.terraform.io/hashicorp/google\"]",
      "instances": []
    },
    {
      "module": "module.service-project",
      "mode": "managed",
      "type": "google_project_iam_custom_role",
      "name": "roles",
      "provider": "provider[\"registry.terraform.io/hashicorp/google\"]",
      "instances": []
    },
    {
      "module": "module.service-project",
      "mode": "managed",
      "type": "google_project_iam_member",
      "name": "additive",
      "provider": "provider[\"registry.terraform.io/hashicorp/google\"]",
      "instances": []
    },
    {
      "module": "module.service-project",
      "mode": "managed",
      "type": "google_project_iam_member",
      "name": "bucket-sinks-binding",
      "provider": "provider[\"registry.terraform.io/hashicorp/google\"]",
      "instances": []
    },
    {
      "module": "module.service-project",
      "mode": "managed",
      "type": "google_project_iam_member",
      "name": "oslogin_admins",
      "provider": "provider[\"registry.terraform.io/hashicorp/google\"]",
      "instances": []
    },
    {
      "module": "module.service-project",
      "mode": "managed",
      "type": "google_project_iam_member",
      "name": "oslogin_compute_viewer",
      "provider": "provider[\"registry.terraform.io/hashicorp/google\"]",
      "instances": []
    },
    {
      "module": "module.service-project",
      "mode": "managed",
      "type": "google_project_iam_member",
      "name": "oslogin_iam_serviceaccountuser",
      "provider": "provider[\"registry.terraform.io/hashicorp/google\"]",
      "instances": []
    },
    {
      "module": "module.service-project",
      "mode": "managed",
      "type": "google_project_iam_member",
      "name": "oslogin_users",
      "provider": "provider[\"registry.terraform.io/hashicorp/google\"]",
      "instances": []
    },
    {
      "module": "module.service-project",
      "mode": "managed",
      "type": "google_project_iam_member",
      "name": "servicenetworking",
      "provider": "provider[\"registry.terraform.io/hashicorp/google\"]",
      "instances": [
        {
          "index_key": 0,
          "schema_version": 0,
          "attributes": {
            "condition": [],
            "etag": "BwZABLXXLF4=",
            "id": "is-apgx-tf-01/roles/servicenetworking.serviceAgent/serviceAccount:service-913605447917@service-networking.iam.gserviceaccount.com",
            "member": "serviceAccount:service-913605447917@service-networking.iam.gserviceaccount.com",
            "project": "is-apgx-tf-01",
            "role": "roles/servicenetworking.serviceAgent"
          },
          "sensitive_attributes": [],
          "identity_schema_version": 0,
          "private": "bnVsbA==",
          "dependencies": [
            "module.service-project.data.google_project.project",
            "module.service-project.google_project.project",
            "module.service-project.google_project_service.project_services",
            "module.service-project.google_project_service_identity.servicenetworking"
          ],
          "create_before_destroy": true
        }
      ]
    },
    {
      "module": "module.service-project",
      "mode": "managed",
      "type": "google_project_iam_member",
      "name": "shared_vpc_host_robots",
      "provider": "provider[\"registry.terraform.io/hashicorp/google\"]",
      "instances": []
    },
    {
      "module": "module.service-project",
      "mode": "managed",
      "type": "google_project_organization_policy",
      "name": "boolean",
      "provider": "provider[\"registry.terraform.io/hashicorp/google\"]",
      "instances": []
    },
    {
      "module": "module.service-project",
      "mode": "managed",
      "type": "google_project_organization_policy",
      "name": "list",
      "provider": "provider[\"registry.terraform.io/hashicorp/google\"]",
      "instances": []
    },
    {
      "module": "module.service-project",
      "mode": "managed",
      "type": "google_project_service",
      "name": "project_services",
      "provider": "provider[\"registry.terraform.io/hashicorp/google\"]",
      "instances": [
        {
          "index_key": "apigee.googleapis.com",
          "schema_version": 0,
          "attributes": {
            "disable_dependent_services": true,
            "disable_on_destroy": true,
            "id": "is-apgx-tf-01/apigee.googleapis.com",
            "project": "is-apgx-tf-01",
            "service": "apigee.googleapis.com",
            "timeouts": null
          },
          "sensitive_attributes": [],
          "identity_schema_version": 0,
          "private": "eyJlMmJmYjczMC1lY2FhLTExZTYtOGY4OC0zNDM2M2JjN2M0YzAiOnsiY3JlYXRlIjoxMjAwMDAwMDAwMDAwLCJkZWxldGUiOjEyMDAwMDAwMDAwMDAsInJlYWQiOjYwMDAwMDAwMDAwMCwidXBkYXRlIjoxMjAwMDAwMDAwMDAwfX0=",
          "dependencies": [
            "module.service-project.data.google_project.project",
            "module.service-project.google_project.project"
          ],
          "create_before_destroy": true
        },
        {
          "index_key": "cloudkms.googleapis.com",
          "schema_version": 0,
          "attributes": {
            "disable_dependent_services": true,
            "disable_on_destroy": true,
            "id": "is-apgx-tf-01/cloudkms.googleapis.com",
            "project": "is-apgx-tf-01",
            "service": "cloudkms.googleapis.com",
            "timeouts": null
          },
          "sensitive_attributes": [],
          "identity_schema_version": 0,
          "private": "eyJlMmJmYjczMC1lY2FhLTExZTYtOGY4OC0zNDM2M2JjN2M0YzAiOnsiY3JlYXRlIjoxMjAwMDAwMDAwMDAwLCJkZWxldGUiOjEyMDAwMDAwMDAwMDAsInJlYWQiOjYwMDAwMDAwMDAwMCwidXBkYXRlIjoxMjAwMDAwMDAwMDAwfX0=",
          "dependencies": [
            "module.service-project.data.google_project.project",
            "module.service-project.google_project.project"
          ],
          "create_before_destroy": true
        },
        {
          "index_key": "compute.googleapis.com",
          "schema_version": 0,
          "attributes": {
            "disable_dependent_services": true,
            "disable_on_destroy": true,
            "id": "is-apgx-tf-01/compute.googleapis.com",
            "project": "is-apgx-tf-01",
            "service": "compute.googleapis.com",
            "timeouts": null
          },
          "sensitive_attributes": [],
          "identity_schema_version": 0,
          "private": "eyJlMmJmYjczMC1lY2FhLTExZTYtOGY4OC0zNDM2M2JjN2M0YzAiOnsiY3JlYXRlIjoxMjAwMDAwMDAwMDAwLCJkZWxldGUiOjEyMDAwMDAwMDAwMDAsInJlYWQiOjYwMDAwMDAwMDAwMCwidXBkYXRlIjoxMjAwMDAwMDAwMDAwfX0=",
          "dependencies": [
            "module.service-project.data.google_project.project",
            "module.service-project.google_project.project"
          ],
          "create_before_destroy": true
        },
        {
          "index_key": "servicenetworking.googleapis.com",
          "schema_version": 0,
          "attributes": {
            "disable_dependent_services": true,
            "disable_on_destroy": true,
            "id": "is-apgx-tf-01/servicenetworking.googleapis.com",
            "project": "is-apgx-tf-01",
            "service": "servicenetworking.googleapis.com",
            "timeouts": null
          },
          "sensitive_attributes": [],
          "identity_schema_version": 0,
          "private": "eyJlMmJmYjczMC1lY2FhLTExZTYtOGY4OC0zNDM2M2JjN2M0YzAiOnsiY3JlYXRlIjoxMjAwMDAwMDAwMDAwLCJkZWxldGUiOjEyMDAwMDAwMDAwMDAsInJlYWQiOjYwMDAwMDAwMDAwMCwidXBkYXRlIjoxMjAwMDAwMDAwMDAwfX0=",
          "dependencies": [
            "module.service-project.data.google_project.project",
            "module.service-project.google_project.project"
          ],
          "create_before_destroy": true
        }
      ]
    },
    {
      "module": "module.service-project",
      "mode": "managed",
      "type": "google_project_service_identity",
      "name": "jit_si",
      "provider": "provider[\"registry.terraform.io/hashicorp/google-beta\"]",
      "instances": []
    },
    {
      "module": "module.service-project",
      "mode": "managed",
      "type": "google_project_service_identity",
      "name": "servicenetworking",
      "provider": "provider[\"registry.terraform.io/hashicorp/google-beta\"]",
      "instances": [
        {
          "index_key": 0,
          "schema_version": 0,
          "attributes": {
            "email": "service-913605447917@service-networking.iam.gserviceaccount.com",
            "id": "projects/is-apgx-tf-01/services/servicenetworking.googleapis.com",
            "member": "serviceAccount:service-913605447917@service-networking.iam.gserviceaccount.com",
            "project": "is-apgx-tf-01",
            "service": "servicenetworking.googleapis.com",
            "timeouts": null
          },
          "sensitive_attributes": [],
          "identity_schema_version": 0,
          "private": "eyJlMmJmYjczMC1lY2FhLTExZTYtOGY4OC0zNDM2M2JjN2M0YzAiOnsiY3JlYXRlIjoxMjAwMDAwMDAwMDAwLCJkZWxldGUiOjEyMDAwMDAwMDAwMDAsInJlYWQiOjYwMDAwMDAwMDAwMH19",
          "dependencies": [
            "module.service-project.data.google_project.project",
            "module.service-project.google_project.project",
            "module.service-project.google_project_service.project_services"
          ],
          "create_before_destroy": true
        }
      ]
    },
    {
      "module": "module.service-project",
      "mode": "managed",
      "type": "google_pubsub_topic_iam_member",
      "name": "pubsub-sinks-binding",
      "provider": "provider[\"registry.terraform.io/hashicorp/google\"]",
      "instances": []
    },
    {
      "module": "module.service-project",
      "mode": "managed",
      "type": "google_resource_manager_lien",
      "name": "lien",
      "provider": "provider[\"registry.terraform.io/hashicorp/google\"]",
      "instances": []
    },
    {
      "module": "module.service-project",
      "mode": "managed",
      "type": "google_storage_bucket_iam_member",
      "name": "gcs-sinks-binding",
      "provider": "provider[\"registry.terraform.io/hashicorp/google\"]",
      "instances": []
    },
    {
      "module": "module.service-project",
      "mode": "managed",
      "type": "google_tags_tag_binding",
      "name": "binding",
      "provider": "provider[\"registry.terraform.io/hashicorp/google\"]",
      "instances": []
    },
    {
      "module": "module.shared-vpc",
      "mode": "data",
      "type": "google_compute_network",
      "name": "network",
      "provider": "provider[\"registry.terraform.io/hashicorp/google\"]",
      "instances": []
    },
    {
      "module": "module.shared-vpc",
      "mode": "managed",
      "type": "google_compute_global_address",
      "name": "psa_ranges",
      "provider": "provider[\"registry.terraform.io/hashicorp/google\"]",
      "instances": [
        {
          "index_key": "apigee-range",
          "schema_version": 0,
          "attributes": {
            "address": "10.0.0.0",
            "address_type": "INTERNAL",
            "creation_timestamp": "2025-09-30T06:27:56.977-07:00",
            "description": "",
            "effective_labels": {},
            "id": "projects/is-network-tf-01/global/addresses/apigee-range",
            "ip_version": "",
            "label_fingerprint": "42WmSpB8rSM=",
            "labels": {},
            "name": "apigee-range",
            "network": "https://www.googleapis.com/compute/v1/projects/is-network-tf-01/global/networks/apigee-network",
            "prefix_length": 22,
            "project": "is-network-tf-01",
            "purpose": "VPC_PEERING",
            "self_link": "https://www.googleapis.com/compute/v1/projects/is-network-tf-01/global/addresses/apigee-range",
            "terraform_labels": {},
            "timeouts": null
          },
          "sensitive_attributes": [],
          "identity_schema_version": 0,
          "private": "eyJlMmJmYjczMC1lY2FhLTExZTYtOGY4OC0zNDM2M2JjN2M0YzAiOnsiY3JlYXRlIjoxMjAwMDAwMDAwMDAwLCJkZWxldGUiOjEyMDAwMDAwMDAwMDAsInVwZGF0ZSI6MTIwMDAwMDAwMDAwMH19",
          "dependencies": [
            "module.host-project.data.google_bigquery_default_service_account.bq_sa",
            "module.host-project.data.google_project.project",
            "module.host-project.data.google_storage_project_service_account.gcs_sa",
            "module.host-project.google_compute_shared_vpc_host_project.shared_vpc_host",
            "module.host-project.google_compute_shared_vpc_service_project.service_projects",
            "module.host-project.google_kms_crypto_key_iam_member.service_identity_cmek",
            "module.host-project.google_project.project",
            "module.host-project.google_project_iam_member.servicenetworking",
            "module.host-project.google_project_iam_member.shared_vpc_host_robots",
            "module.host-project.google_project_organization_policy.boolean",
            "module.host-project.google_project_organization_policy.list",
            "module.host-project.google_project_service.project_services",
            "module.host-project.google_project_service_identity.jit_si",
            "module.host-project.google_project_service_identity.servicenetworking",
            "module.shared-vpc.data.google_compute_network.network",
            "module.shared-vpc.google_compute_network.network"
          ],
          "create_before_destroy": true
        },
        {
          "index_key": "apigee-support-range",
          "schema_version": 0,
          "attributes": {
            "address": "10.1.0.0",
            "address_type": "INTERNAL",
            "creation_timestamp": "2025-09-30T06:27:56.865-07:00",
            "description": "",
            "effective_labels": {},
            "id": "projects/is-network-tf-01/global/addresses/apigee-support-range",
            "ip_version": "",
            "label_fingerprint": "42WmSpB8rSM=",
            "labels": {},
            "name": "apigee-support-range",
            "network": "https://www.googleapis.com/compute/v1/projects/is-network-tf-01/global/networks/apigee-network",
            "prefix_length": 28,
            "project": "is-network-tf-01",
            "purpose": "VPC_PEERING",
            "self_link": "https://www.googleapis.com/compute/v1/projects/is-network-tf-01/global/addresses/apigee-support-range",
            "terraform_labels": {},
            "timeouts": null
          },
          "sensitive_attributes": [],
          "identity_schema_version": 0,
          "private": "eyJlMmJmYjczMC1lY2FhLTExZTYtOGY4OC0zNDM2M2JjN2M0YzAiOnsiY3JlYXRlIjoxMjAwMDAwMDAwMDAwLCJkZWxldGUiOjEyMDAwMDAwMDAwMDAsInVwZGF0ZSI6MTIwMDAwMDAwMDAwMH19",
          "dependencies": [
            "module.host-project.data.google_bigquery_default_service_account.bq_sa",
            "module.host-project.data.google_project.project",
            "module.host-project.data.google_storage_project_service_account.gcs_sa",
            "module.host-project.google_compute_shared_vpc_host_project.shared_vpc_host",
            "module.host-project.google_compute_shared_vpc_service_project.service_projects",
            "module.host-project.google_kms_crypto_key_iam_member.service_identity_cmek",
            "module.host-project.google_project.project",
            "module.host-project.google_project_iam_member.servicenetworking",
            "module.host-project.google_project_iam_member.shared_vpc_host_robots",
            "module.host-project.google_project_organization_policy.boolean",
            "module.host-project.google_project_organization_policy.list",
            "module.host-project.google_project_service.project_services",
            "module.host-project.google_project_service_identity.jit_si",
            "module.host-project.google_project_service_identity.servicenetworking",
            "module.shared-vpc.data.google_compute_network.network",
            "module.shared-vpc.google_compute_network.network"
          ],
          "create_before_destroy": true
        }
      ]
    },
    {
      "module": "module.shared-vpc",
      "mode": "managed",
      "type": "google_compute_network",
      "name": "network",
      "provider": "provider[\"registry.terraform.io/hashicorp/google\"]",
      "instances": [
        {
          "index_key": 0,
          "schema_version": 0,
          "attributes": {
            "auto_create_subnetworks": false,
            "delete_default_routes_on_create": false,
            "description": "Terraform-managed.",
            "enable_ula_internal_ipv6": false,
            "gateway_ipv4": "",
            "id": "projects/is-network-tf-01/global/networks/apigee-network",
            "internal_ipv6_range": "",
            "mtu": 0,
            "name": "apigee-network",
            "network_firewall_policy_enforcement_order": "AFTER_CLASSIC_FIREWALL",
            "numeric_id": "4868223340041888811",
            "project": "is-network-tf-01",
            "routing_mode": "GLOBAL",
            "self_link": "https://www.googleapis.com/compute/v1/projects/is-network-tf-01/global/networks/apigee-network",
            "timeouts": null
          },
          "sensitive_attributes": [],
          "identity_schema_version": 0,
          "private": "eyJlMmJmYjczMC1lY2FhLTExZTYtOGY4OC0zNDM2M2JjN2M0YzAiOnsiY3JlYXRlIjoxMjAwMDAwMDAwMDAwLCJkZWxldGUiOjEyMDAwMDAwMDAwMDAsInVwZGF0ZSI6MTIwMDAwMDAwMDAwMH19",
          "dependencies": [
            "module.host-project.data.google_bigquery_default_service_account.bq_sa",
            "module.host-project.data.google_project.project",
            "module.host-project.data.google_storage_project_service_account.gcs_sa",
            "module.host-project.google_compute_shared_vpc_host_project.shared_vpc_host",
            "module.host-project.google_compute_shared_vpc_service_project.service_projects",
            "module.host-project.google_kms_crypto_key_iam_member.service_identity_cmek",
            "module.host-project.google_project.project",
            "module.host-project.google_project_iam_member.servicenetworking",
            "module.host-project.google_project_iam_member.shared_vpc_host_robots",
            "module.host-project.google_project_organization_policy.boolean",
            "module.host-project.google_project_organization_policy.list",
            "module.host-project.google_project_service.project_services",
            "module.host-project.google_project_service_identity.jit_si",
            "module.host-project.google_project_service_identity.servicenetworking"
          ],
          "create_before_destroy": true
        }
      ]
    },
    {
      "module": "module.shared-vpc",
      "mode": "managed",
      "type": "google_compute_network_peering",
      "name": "local",
      "provider": "provider[\"registry.terraform.io/hashicorp/google-beta\"]",
      "instances": []
    },
    {
      "module": "module.shared-vpc",
      "mode": "managed",
      "type": "google_compute_network_peering",
      "name": "remote",
      "provider": "provider[\"registry.terraform.io/hashicorp/google-beta\"]",
      "instances": []
    },
    {
      "module": "module.shared-vpc",
      "mode": "managed",
      "type": "google_compute_network_peering_routes_config",
      "name": "psa_routes",
      "provider": "provider[\"registry.terraform.io/hashicorp/google\"]",
      "instances": [
        {
          "index_key": "1",
          "schema_version": 0,
          "attributes": {
            "export_custom_routes": false,
            "id": "projects/is-network-tf-01/global/networks/apigee-network/networkPeerings/servicenetworking-googleapis-com",
            "import_custom_routes": false,
            "network": "apigee-network",
            "peering": "servicenetworking-googleapis-com",
            "project": "is-network-tf-01",
            "timeouts": null
          },
          "sensitive_attributes": [],
          "identity_schema_version": 0,
          "private": "eyJlMmJmYjczMC1lY2FhLTExZTYtOGY4OC0zNDM2M2JjN2M0YzAiOnsiY3JlYXRlIjoxMjAwMDAwMDAwMDAwLCJkZWxldGUiOjEyMDAwMDAwMDAwMDAsInVwZGF0ZSI6MTIwMDAwMDAwMDAwMH19",
          "dependencies": [
            "module.host-project.data.google_bigquery_default_service_account.bq_sa",
            "module.host-project.data.google_project.project",
            "module.host-project.data.google_storage_project_service_account.gcs_sa",
            "module.host-project.google_compute_shared_vpc_host_project.shared_vpc_host",
            "module.host-project.google_compute_shared_vpc_service_project.service_projects",
            "module.host-project.google_kms_crypto_key_iam_member.service_identity_cmek",
            "module.host-project.google_project.project",
            "module.host-project.google_project_iam_member.servicenetworking",
            "module.host-project.google_project_iam_member.shared_vpc_host_robots",
            "module.host-project.google_project_organization_policy.boolean",
            "module.host-project.google_project_organization_policy.list",
            "module.host-project.google_project_service.project_services",
            "module.host-project.google_project_service_identity.jit_si",
            "module.host-project.google_project_service_identity.servicenetworking",
            "module.shared-vpc.data.google_compute_network.network",
            "module.shared-vpc.google_compute_global_address.psa_ranges",
            "module.shared-vpc.google_compute_network.network",
            "module.shared-vpc.google_service_networking_connection.psa_connection"
          ]
        }
      ]
    },
    {
      "module": "module.shared-vpc",
      "mode": "managed",
      "type": "google_compute_route",
      "name": "gateway",
      "provider": "provider[\"registry.terraform.io/hashicorp/google\"]",
      "instances": []
    },
    {
      "module": "module.shared-vpc",
      "mode": "managed",
      "type": "google_compute_route",
      "name": "ilb",
      "provider": "provider[\"registry.terraform.io/hashicorp/google\"]",
      "instances": []
    },
    {
      "module": "module.shared-vpc",
      "mode": "managed",
      "type": "google_compute_route",
      "name": "instance",
      "provider": "provider[\"registry.terraform.io/hashicorp/google\"]",
      "instances": []
    },
    {
      "module": "module.shared-vpc",
      "mode": "managed",
      "type": "google_compute_route",
      "name": "ip",
      "provider": "provider[\"registry.terraform.io/hashicorp/google\"]",
      "instances": []
    },
    {
      "module": "module.shared-vpc",
      "mode": "managed",
      "type": "google_compute_route",
      "name": "vpn_tunnel",
      "provider": "provider[\"registry.terraform.io/hashicorp/google\"]",
      "instances": []
    },
    {
      "module": "module.shared-vpc",
      "mode": "managed",
      "type": "google_compute_shared_vpc_host_project",
      "name": "shared_vpc_host",
      "provider": "provider[\"registry.terraform.io/hashicorp/google-beta\"]",
      "instances": [
        {
          "index_key": 0,
          "schema_version": 0,
          "attributes": {
            "id": "is-network-tf-01",
            "project": "is-network-tf-01",
            "timeouts": null
          },
          "sensitive_attributes": [],
          "identity_schema_version": 0,
          "private": "eyJlMmJmYjczMC1lY2FhLTExZTYtOGY4OC0zNDM2M2JjN2M0YzAiOnsiY3JlYXRlIjoyNDAwMDAwMDAwMDAsImRlbGV0ZSI6MjQwMDAwMDAwMDAwfX0=",
          "dependencies": [
            "module.host-project.data.google_bigquery_default_service_account.bq_sa",
            "module.host-project.data.google_project.project",
            "module.host-project.data.google_storage_project_service_account.gcs_sa",
            "module.host-project.google_compute_shared_vpc_host_project.shared_vpc_host",
            "module.host-project.google_compute_shared_vpc_service_project.service_projects",
            "module.host-project.google_kms_crypto_key_iam_member.service_identity_cmek",
            "module.host-project.google_project.project",
            "module.host-project.google_project_iam_member.servicenetworking",
            "module.host-project.google_project_iam_member.shared_vpc_host_robots",
            "module.host-project.google_project_organization_policy.boolean",
            "module.host-project.google_project_organization_policy.list",
            "module.host-project.google_project_service.project_services",
            "module.host-project.google_project_service_identity.jit_si",
            "module.host-project.google_project_service_identity.servicenetworking",
            "module.shared-vpc.data.google_compute_network.network",
            "module.shared-vpc.google_compute_network.network"
          ],
          "create_before_destroy": true
        }
      ]
    },
    {
      "module": "module.shared-vpc",
      "mode": "managed",
      "type": "google_compute_shared_vpc_service_project",
      "name": "service_projects",
      "provider": "provider[\"registry.terraform.io/hashicorp/google-beta\"]",
      "instances": [
        {
          "index_key": "is-apgx-tf-01",
          "schema_version": 0,
          "attributes": {
            "deletion_policy": null,
            "host_project": "is-network-tf-01",
            "id": "is-network-tf-01/is-apgx-tf-01",
            "service_project": "is-apgx-tf-01",
            "timeouts": null
          },
          "sensitive_attributes": [],
          "identity_schema_version": 0,
          "private": "eyJlMmJmYjczMC1lY2FhLTExZTYtOGY4OC0zNDM2M2JjN2M0YzAiOnsiY3JlYXRlIjoyNDAwMDAwMDAwMDAsImRlbGV0ZSI6MjQwMDAwMDAwMDAwfX0=",
          "dependencies": [
            "module.host-project.data.google_bigquery_default_service_account.bq_sa",
            "module.host-project.data.google_project.project",
            "module.host-project.data.google_storage_project_service_account.gcs_sa",
            "module.host-project.google_compute_shared_vpc_host_project.shared_vpc_host",
            "module.host-project.google_compute_shared_vpc_service_project.service_projects",
            "module.host-project.google_kms_crypto_key_iam_member.service_identity_cmek",
            "module.host-project.google_project.project",
            "module.host-project.google_project_iam_member.servicenetworking",
            "module.host-project.google_project_iam_member.shared_vpc_host_robots",
            "module.host-project.google_project_organization_policy.boolean",
            "module.host-project.google_project_organization_policy.list",
            "module.host-project.google_project_service.project_services",
            "module.host-project.google_project_service_identity.jit_si",
            "module.host-project.google_project_service_identity.servicenetworking",
            "module.service-project.data.google_bigquery_default_service_account.bq_sa",
            "module.service-project.data.google_project.project",
            "module.service-project.data.google_storage_project_service_account.gcs_sa",
            "module.service-project.google_compute_shared_vpc_host_project.shared_vpc_host",
            "module.service-project.google_compute_shared_vpc_service_project.service_projects",
            "module.service-project.google_kms_crypto_key_iam_member.service_identity_cmek",
            "module.service-project.google_project.project",
            "module.service-project.google_project_iam_member.servicenetworking",
            "module.service-project.google_project_iam_member.shared_vpc_host_robots",
            "module.service-project.google_project_organization_policy.boolean",
            "module.service-project.google_project_organization_policy.list",
            "module.service-project.google_project_service.project_services",
            "module.service-project.google_project_service_identity.jit_si",
            "module.service-project.google_project_service_identity.servicenetworking",
            "module.shared-vpc.data.google_compute_network.network",
            "module.shared-vpc.google_compute_network.network",
            "module.shared-vpc.google_compute_shared_vpc_host_project.shared_vpc_host"
          ],
          "create_before_destroy": true
        }
      ]
    },
    {
      "module": "module.shared-vpc",
      "mode": "managed",
      "type": "google_compute_subnetwork",
      "name": "proxy_only",
      "provider": "provider[\"registry.terraform.io/hashicorp/google\"]",
      "instances": []
    },
    {
      "module": "module.shared-vpc",
      "mode": "managed",
      "type": "google_compute_subnetwork",
      "name": "psc",
      "provider": "provider[\"registry.terraform.io/hashicorp/google\"]",
      "instances": []
    },
    {
      "module": "module.shared-vpc",
      "mode": "managed",
      "type": "google_compute_subnetwork",
      "name": "subnetwork",
      "provider": "provider[\"registry.terraform.io/hashicorp/google\"]",
      "instances": [
        {
          "index_key": "europe-west1/apigee-exposure",
          "schema_version": 0,
          "attributes": {
            "creation_timestamp": "2025-09-30T06:27:59.841-07:00",
            "description": "Terraform-managed.",
            "external_ipv6_prefix": "",
            "fingerprint": null,
            "gateway_address": "10.100.0.1",
            "id": "projects/is-network-tf-01/regions/europe-west1/subnetworks/apigee-exposure",
            "internal_ipv6_prefix": "",
            "ip_cidr_range": "10.100.0.0/24",
            "ipv6_access_type": "",
            "ipv6_cidr_range": "",
            "log_config": [],
            "name": "apigee-exposure",
            "network": "https://www.googleapis.com/compute/v1/projects/is-network-tf-01/global/networks/apigee-network",
            "private_ip_google_access": true,
            "private_ipv6_google_access": "DISABLE_GOOGLE_ACCESS",
            "project": "is-network-tf-01",
            "purpose": "PRIVATE",
            "region": "europe-west1",
            "role": "",
            "secondary_ip_range": [],
            "self_link": "https://www.googleapis.com/compute/v1/projects/is-network-tf-01/regions/europe-west1/subnetworks/apigee-exposure",
            "send_secondary_ip_range_if_empty": null,
            "stack_type": "IPV4_ONLY",
            "timeouts": null
          },
          "sensitive_attributes": [],
          "identity_schema_version": 0,
          "private": "eyJlMmJmYjczMC1lY2FhLTExZTYtOGY4OC0zNDM2M2JjN2M0YzAiOnsiY3JlYXRlIjoxMjAwMDAwMDAwMDAwLCJkZWxldGUiOjEyMDAwMDAwMDAwMDAsInVwZGF0ZSI6MTIwMDAwMDAwMDAwMH19",
          "dependencies": [
            "module.host-project.data.google_bigquery_default_service_account.bq_sa",
            "module.host-project.data.google_project.project",
            "module.host-project.data.google_storage_project_service_account.gcs_sa",
            "module.host-project.google_compute_shared_vpc_host_project.shared_vpc_host",
            "module.host-project.google_compute_shared_vpc_service_project.service_projects",
            "module.host-project.google_kms_crypto_key_iam_member.service_identity_cmek",
            "module.host-project.google_project.project",
            "module.host-project.google_project_iam_member.servicenetworking",
            "module.host-project.google_project_iam_member.shared_vpc_host_robots",
            "module.host-project.google_project_organization_policy.boolean",
            "module.host-project.google_project_organization_policy.list",
            "module.host-project.google_project_service.project_services",
            "module.host-project.google_project_service_identity.jit_si",
            "module.host-project.google_project_service_identity.servicenetworking",
            "module.shared-vpc.data.google_compute_network.network",
            "module.shared-vpc.google_compute_network.network"
          ],
          "create_before_destroy": true
        }
      ]
    },
    {
      "module": "module.shared-vpc",
      "mode": "managed",
      "type": "google_compute_subnetwork_iam_binding",
      "name": "binding",
      "provider": "provider[\"registry.terraform.io/hashicorp/google\"]",
      "instances": [
        {
          "index_key": "europe-west1/apigee-exposure.roles/compute.networkUser",
          "schema_version": 0,
          "attributes": {
            "condition": [],
            "etag": "BwZABLpkL-c=",
            "id": "projects/is-network-tf-01/regions/europe-west1/subnetworks/apigee-exposure/roles/compute.networkUser",
            "members": [
              "serviceAccount:913605447917@cloudservices.gserviceaccount.com"
            ],
            "project": "is-network-tf-01",
            "region": "europe-west1",
            "role": "roles/compute.networkUser",
            "subnetwork": "projects/is-network-tf-01/regions/europe-west1/subnetworks/apigee-exposure"
          },
          "sensitive_attributes": [],
          "identity_schema_version": 0,
          "private": "bnVsbA==",
          "dependencies": [
            "module.host-project.data.google_bigquery_default_service_account.bq_sa",
            "module.host-project.data.google_project.project",
            "module.host-project.data.google_storage_project_service_account.gcs_sa",
            "module.host-project.google_compute_shared_vpc_host_project.shared_vpc_host",
            "module.host-project.google_compute_shared_vpc_service_project.service_projects",
            "module.host-project.google_kms_crypto_key_iam_member.service_identity_cmek",
            "module.host-project.google_project.project",
            "module.host-project.google_project_iam_member.servicenetworking",
            "module.host-project.google_project_iam_member.shared_vpc_host_robots",
            "module.host-project.google_project_organization_policy.boolean",
            "module.host-project.google_project_organization_policy.list",
            "module.host-project.google_project_service.project_services",
            "module.host-project.google_project_service_identity.jit_si",
            "module.host-project.google_project_service_identity.servicenetworking",
            "module.service-project.data.google_bigquery_default_service_account.bq_sa",
            "module.service-project.data.google_project.project",
            "module.service-project.data.google_storage_project_service_account.gcs_sa",
            "module.service-project.google_kms_crypto_key_iam_member.service_identity_cmek",
            "module.service-project.google_project.project",
            "module.service-project.google_project_service.project_services",
            "module.service-project.google_project_service_identity.jit_si",
            "module.shared-vpc.data.google_compute_network.network",
            "module.shared-vpc.google_compute_network.network",
            "module.shared-vpc.google_compute_subnetwork.subnetwork"
          ]
        }
      ]
    },
    {
      "module": "module.shared-vpc",
      "mode": "managed",
      "type": "google_dns_policy",
      "name": "default",
      "provider": "provider[\"registry.terraform.io/hashicorp/google\"]",
      "instances": []
    },
    {
      "module": "module.shared-vpc",
      "mode": "managed",
      "type": "google_service_networking_connection",
      "name": "psa_connection",
      "provider": "provider[\"registry.terraform.io/hashicorp/google\"]",
      "instances": [
        {
          "index_key": "1",
          "schema_version": 0,
          "attributes": {
            "deletion_policy": null,
            "id": "projects%2Fis-network-tf-01%2Fglobal%2Fnetworks%2Fapigee-network:servicenetworking.googleapis.com",
            "network": "projects/is-network-tf-01/global/networks/apigee-network",
            "peering": "servicenetworking-googleapis-com",
            "reserved_peering_ranges": [
              "apigee-range",
              "apigee-support-range"
            ],
            "service": "servicenetworking.googleapis.com",
            "timeouts": null,
            "update_on_creation_fail": null
          },
          "sensitive_attributes": [],
          "identity_schema_version": 0,
          "private": "eyJlMmJmYjczMC1lY2FhLTExZTYtOGY4OC0zNDM2M2JjN2M0YzAiOnsiY3JlYXRlIjo2MDAwMDAwMDAwMDAsImRlbGV0ZSI6NjAwMDAwMDAwMDAwLCJ1cGRhdGUiOjYwMDAwMDAwMDAwMH19",
          "dependencies": [
            "module.host-project.data.google_bigquery_default_service_account.bq_sa",
            "module.host-project.data.google_project.project",
            "module.host-project.data.google_storage_project_service_account.gcs_sa",
            "module.host-project.google_compute_shared_vpc_host_project.shared_vpc_host",
            "module.host-project.google_compute_shared_vpc_service_project.service_projects",
            "module.host-project.google_kms_crypto_key_iam_member.service_identity_cmek",
            "module.host-project.google_project.project",
            "module.host-project.google_project_iam_member.servicenetworking",
            "module.host-project.google_project_iam_member.shared_vpc_host_robots",
            "module.host-project.google_project_organization_policy.boolean",
            "module.host-project.google_project_organization_policy.list",
            "module.host-project.google_project_service.project_services",
            "module.host-project.google_project_service_identity.jit_si",
            "module.host-project.google_project_service_identity.servicenetworking",
            "module.shared-vpc.data.google_compute_network.network",
            "module.shared-vpc.google_compute_global_address.psa_ranges",
            "module.shared-vpc.google_compute_network.network"
          ],
          "create_before_destroy": true
        }
      ]
    }
  ],
  "check_results": [
    {
      "object_kind": "var",
      "config_addr": "module.apigee-x-core.module.apigee.var.instances",
      "status": "pass",
      "objects": [
        {
          "object_addr": "module.apigee-x-core.module.apigee.var.instances",
          "status": "pass"
        }
      ]
    },
    {
      "object_kind": "var",
      "config_addr": "module.apigee-x-core.module.apigee.var.organization",
      "status": "pass",
      "objects": [
        {
          "object_addr": "module.apigee-x-core.module.apigee.var.organization",
          "status": "pass"
        }
      ]
    },
    {
      "object_kind": "var",
      "config_addr": "module.host-project.var.logging_sinks",
      "status": "pass",
      "objects": [
        {
          "object_addr": "module.host-project.var.logging_sinks",
          "status": "pass"
        }
      ]
    },
    {
      "object_kind": "var",
      "config_addr": "module.apigee-x-bridge-mig.module.bridge-template.var.options",
      "status": "pass",
      "objects": [
        {
          "object_addr": "module.apigee-x-bridge-mig[\"euw1-instance\"].module.bridge-template.var.options",
          "status": "pass"
        }
      ]
    },
    {
      "object_kind": "var",
      "config_addr": "module.apigee-x-bridge-mig.module.bridge-template.var.attached_disks",
      "status": "pass",
      "objects": [
        {
          "object_addr": "module.apigee-x-bridge-mig[\"euw1-instance\"].module.bridge-template.var.attached_disks",
          "status": "pass"
        }
      ]
    },
    {
      "object_kind": "var",
      "config_addr": "module.service-project.var.parent",
      "status": "pass",
      "objects": [
        {
          "object_addr": "module.service-project.var.parent",
          "status": "pass"
        }
      ]
    },
    {
      "object_kind": "var",
      "config_addr": "module.apigee-x-bridge-mig.module.bridge-template.var.snapshot_schedules",
      "status": "pass",
      "objects": [
        {
          "object_addr": "module.apigee-x-bridge-mig[\"euw1-instance\"].module.bridge-template.var.snapshot_schedules",
          "status": "pass"
        }
      ]
    },
    {
      "object_kind": "var",
      "config_addr": "module.service-project.var.logging_sinks",
      "status": "pass",
      "objects": [
        {
          "object_addr": "module.service-project.var.logging_sinks",
          "status": "pass"
        }
      ]
    },
    {
      "object_kind": "var",
      "config_addr": "module.host-project.var.parent",
      "status": "pass",
      "objects": [
        {
          "object_addr": "module.host-project.var.parent",
          "status": "pass"
        }
      ]
    },
    {
      "object_kind": "var",
      "config_addr": "module.apigee-x-bridge-mig.module.bridge-mig.var.health_check_config",
      "status": "pass",
      "objects": [
        {
          "object_addr": "module.apigee-x-bridge-mig[\"euw1-instance\"].module.bridge-mig.var.health_check_config",
          "status": "pass"
        }
      ]
    },
    {
      "object_kind": "var",
      "config_addr": "module.apigee-x-bridge-mig.module.bridge-template.var.instance_schedule",
      "status": "pass",
      "objects": [
        {
          "object_addr": "module.apigee-x-bridge-mig[\"euw1-instance\"].module.bridge-template.var.instance_schedule",
          "status": "pass"
        }
      ]
    },
    {
      "object_kind": "var",
      "config_addr": "var.project_parent",
      "status": "pass",
      "objects": [
        {
          "object_addr": "var.project_parent",
          "status": "pass"
        }
      ]
    },
    {
      "object_kind": "var",
      "config_addr": "module.shared-vpc.var.routing_mode",
      "status": "pass",
      "objects": [
        {
          "object_addr": "module.shared-vpc.var.routing_mode",
          "status": "pass"
        }
      ]
    },
    {
      "object_kind": "var",
      "config_addr": "module.apigee-x-bridge-mig.module.bridge-template.var.attached_disk_defaults",
      "status": "pass",
      "objects": [
        {
          "object_addr": "module.apigee-x-bridge-mig[\"euw1-instance\"].module.bridge-template.var.attached_disk_defaults",
          "status": "pass"
        }
      ]
    },
    {
      "object_kind": "var",
      "config_addr": "module.apigee-x-bridge-mig.module.bridge-template.var.boot_disk",
      "status": "pass",
      "objects": [
        {
          "object_addr": "module.apigee-x-bridge-mig[\"euw1-instance\"].module.bridge-template.var.boot_disk",
          "status": "pass"
        }
      ]
    }
  ]
}
