{
  "version": 4,
  "terraform_version": "1.12.2",
  "serial": 56,
  "lineage": "5fd94eb7-351a-5a1f-caa3-baf18dde1b76",
  "outputs": {},
  "resources": [
    {
      "module": "module.apigee-x-bridge-mig[\"euw1-instance\"]",
      "mode": "managed",
      "type": "google_compute_firewall",
      "name": "allow_glb_to_mig_bridge",
      "provider": "provider[\"registry.terraform.io/hashicorp/google\"]",
      "instances": [
        {
          "schema_version": 1,
          "attributes": {
            "allow": [
              {
                "ports": [
                  "443"
                ],
                "protocol": "tcp"
              }
            ],
            "creation_timestamp": "2025-09-30T06:29:03.602-07:00",
            "deny": [],
            "description": "",
            "destination_ranges": [],
            "direction": "INGRESS",
            "disabled": false,
            "enable_logging": null,
            "id": "projects/is-network-tf-01/global/firewalls/hc-apigee-europe-west1",
            "log_config": [],
            "name": "hc-apigee-europe-west1",
            "network": "https://www.googleapis.com/compute/v1/projects/is-network-tf-01/global/networks/apigee-network",
            "priority": 1000,
            "project": "is-network-tf-01",
            "self_link": "https://www.googleapis.com/compute/v1/projects/is-network-tf-01/global/firewalls/hc-apigee-europe-west1",
            "source_ranges": [
              "130.211.0.0/22",
              "35.191.0.0/16"
            ],
            "source_service_accounts": [],
            "source_tags": [],
            "target_service_accounts": [],
            "target_tags": [
              "apigee-bridge"
            ],
            "timeouts": null
          },
          "sensitive_attributes": [],
          "identity_schema_version": 0,
          "private": "eyJlMmJmYjczMC1lY2FhLTExZTYtOGY4OC0zNDM2M2JjN2M0YzAiOnsiY3JlYXRlIjoxMjAwMDAwMDAwMDAwLCJkZWxldGUiOjEyMDAwMDAwMDAwMDAsInVwZGF0ZSI6MTIwMDAwMDAwMDAwMH0sInNjaGVtYV92ZXJzaW9uIjoiMSJ9",
          "dependencies": [
            "module.host-project.data.google_bigquery_default_service_account.bq_sa",
            "module.host-project.data.google_project.project",
            "module.host-project.data.google_storage_project_service_account.gcs_sa",
            "module.host-project.google_compute_shared_vpc_host_project.shared_vpc_host",
            "module.host-project.google_compute_shared_vpc_service_project.service_projects",
            "module.host-project.google_kms_crypto_key_iam_member.service_identity_cmek",
            "module.host-project.google_project.project",
            "module.host-project.google_project_iam_member.servicenetworking",
            "module.host-project.google_project_iam_member.shared_vpc_host_robots",
            "module.host-project.google_project_organization_policy.boolean",
            "module.host-project.google_project_organization_policy.list",
            "module.host-project.google_project_service.project_services",
            "module.host-project.google_project_service_identity.jit_si",
            "module.host-project.google_project_service_identity.servicenetworking",
            "module.service-project.data.google_bigquery_default_service_account.bq_sa",
            "module.service-project.data.google_project.project",
            "module.service-project.data.google_storage_project_service_account.gcs_sa",
            "module.service-project.google_compute_shared_vpc_host_project.shared_vpc_host",
            "module.service-project.google_compute_shared_vpc_service_project.service_projects",
            "module.service-project.google_kms_crypto_key_iam_member.service_identity_cmek",
            "module.service-project.google_project.project",
            "module.service-project.google_project_iam_member.servicenetworking",
            "module.service-project.google_project_iam_member.shared_vpc_host_robots",
            "module.service-project.google_project_organization_policy.boolean",
            "module.service-project.google_project_organization_policy.list",
            "module.service-project.google_project_service.project_services",
            "module.service-project.google_project_service_identity.jit_si",
            "module.service-project.google_project_service_identity.servicenetworking",
            "module.shared-vpc.data.google_compute_network.network",
            "module.shared-vpc.google_compute_global_address.psa_ranges",
            "module.shared-vpc.google_compute_network.network",
            "module.shared-vpc.google_compute_network_peering.local",
            "module.shared-vpc.google_compute_network_peering.remote",
            "module.shared-vpc.google_compute_shared_vpc_host_project.shared_vpc_host",
            "module.shared-vpc.google_compute_shared_vpc_service_project.service_projects",
            "module.shared-vpc.google_service_networking_connection.psa_connection"
          ]
        }
      ]
    },
    {
      "module": "module.apigee-x-bridge-mig[\"euw1-instance\"].module.bridge-mig",
      "mode": "managed",
      "type": "google_compute_health_check",
      "name": "default",
      "provider": "provider[\"registry.terraform.io/hashicorp/google-beta\"]",
      "instances": [
        {
          "index_key": 0,
          "schema_version": 0,
          "attributes": {
            "check_interval_sec": 5,
            "creation_timestamp": "2025-09-30T06:27:33.214-07:00",
            "description": "Terraform managed.",
            "grpc_health_check": [],
            "healthy_threshold": 2,
            "http2_health_check": [],
            "http_health_check": [],
            "https_health_check": [
              {
                "host": "",
                "port": 443,
                "port_name": "",
                "port_specification": "",
                "proxy_header": "NONE",
                "request_path": "/healthz/ingress",
                "response": ""
              }
            ],
            "id": "projects/is-apgx-tf-01/global/healthChecks/apigee-europe-west1",
            "log_config": [
              {
                "enable": false
              }
            ],
            "name": "apigee-europe-west1",
            "project": "is-apgx-tf-01",
            "self_link": "https://www.googleapis.com/compute/v1/projects/is-apgx-tf-01/global/healthChecks/apigee-europe-west1",
            "source_regions": [],
            "ssl_health_check": [],
            "tcp_health_check": [],
            "timeout_sec": 5,
            "timeouts": null,
            "type": "HTTPS",
            "unhealthy_threshold": 2
          },
          "sensitive_attributes": [],
          "identity_schema_version": 0,
          "private": "eyJlMmJmYjczMC1lY2FhLTExZTYtOGY4OC0zNDM2M2JjN2M0YzAiOnsiY3JlYXRlIjoxMjAwMDAwMDAwMDAwLCJkZWxldGUiOjEyMDAwMDAwMDAwMDAsInVwZGF0ZSI6MTIwMDAwMDAwMDAwMH19",
          "dependencies": [
            "module.host-project.data.google_bigquery_default_service_account.bq_sa",
            "module.host-project.data.google_project.project",
            "module.host-project.data.google_storage_project_service_account.gcs_sa",
            "module.host-project.google_compute_shared_vpc_host_project.shared_vpc_host",
            "module.host-project.google_compute_shared_vpc_service_project.service_projects",
            "module.host-project.google_kms_crypto_key_iam_member.service_identity_cmek",
            "module.host-project.google_project.project",
            "module.host-project.google_project_iam_member.servicenetworking",
            "module.host-project.google_project_iam_member.shared_vpc_host_robots",
            "module.host-project.google_project_organization_policy.boolean",
            "module.host-project.google_project_organization_policy.list",
            "module.host-project.google_project_service.project_services",
            "module.host-project.google_project_service_identity.jit_si",
            "module.host-project.google_project_service_identity.servicenetworking",
            "module.service-project.data.google_bigquery_default_service_account.bq_sa",
            "module.service-project.data.google_project.project",
            "module.service-project.data.google_storage_project_service_account.gcs_sa",
            "module.service-project.google_compute_shared_vpc_host_project.shared_vpc_host",
            "module.service-project.google_compute_shared_vpc_service_project.service_projects",
            "module.service-project.google_kms_crypto_key_iam_member.service_identity_cmek",
            "module.service-project.google_project.project",
            "module.service-project.google_project_iam_member.servicenetworking",
            "module.service-project.google_project_iam_member.shared_vpc_host_robots",
            "module.service-project.google_project_organization_policy.boolean",
            "module.service-project.google_project_organization_policy.list",
            "module.service-project.google_project_service.project_services",
            "module.service-project.google_project_service_identity.jit_si",
            "module.service-project.google_project_service_identity.servicenetworking"
          ]
        }
      ]
    },
    {
      "module": "module.apigee-x-bridge-mig[\"euw1-instance\"].module.bridge-mig",
      "mode": "managed",
      "type": "google_compute_region_instance_group_manager",
      "name": "default",
      "provider": "provider[\"registry.terraform.io/hashicorp/google-beta\"]",
      "instances": [
        {
          "index_key": 0,
          "schema_version": 0,
          "attributes": {
            "all_instances_config": [],
            "auto_healing_policies": [
              {
                "health_check": "https://www.googleapis.com/compute/beta/projects/is-apgx-tf-01/global/healthChecks/apigee-europe-west1",
                "initial_delay_sec": 30
              }
            ],
            "base_instance_name": "apigee-europe-west1",
            "creation_timestamp": "2025-09-30T21:56:07.649-07:00",
            "description": "Terraform managed.",
            "distribution_policy_target_shape": "EVEN",
            "distribution_policy_zones": [
              "europe-west1-b",
              "europe-west1-c",
              "europe-west1-d"
            ],
            "fingerprint": "pz25slJWm-s=",
            "id": "projects/is-apgx-tf-01/regions/europe-west1/instanceGroupManagers/apigee-europe-west1",
            "instance_group": "https://www.googleapis.com/compute/v1/projects/is-apgx-tf-01/regions/europe-west1/instanceGroups/apigee-europe-west1",
            "instance_lifecycle_policy": [
              {
                "default_action_on_failure": "REPAIR",
                "force_update_on_repair": "NO"
              }
            ],
            "list_managed_instances_results": "PAGELESS",
            "name": "apigee-europe-west1",
            "named_port": [
              {
                "name": "https",
                "port": 443
              }
            ],
            "params": [],
            "project": "is-apgx-tf-01",
            "region": "europe-west1",
            "self_link": "https://www.googleapis.com/compute/v1/projects/is-apgx-tf-01/regions/europe-west1/instanceGroupManagers/apigee-europe-west1",
            "standby_policy": [
              {
                "initial_delay_sec": 0,
                "mode": "MANUAL"
              }
            ],
            "stateful_disk": [],
            "stateful_external_ip": [],
            "stateful_internal_ip": [],
            "status": [
              {
                "all_instances_config": [
                  {
                    "current_revision": "",
                    "effective": true
                  }
                ],
                "is_stable": false,
                "stateful": [
                  {
                    "has_stateful_config": false,
                    "per_instance_configs": [
                      {
                        "all_effective": true
                      }
                    ]
                  }
                ],
                "version_target": [
                  {
                    "is_reached": true
                  }
                ]
              }
            ],
            "target_pools": null,
            "target_size": 2,
            "target_stopped_size": 0,
            "target_suspended_size": 0,
            "timeouts": null,
            "update_policy": [
              {
                "instance_redistribution_type": "PROACTIVE",
                "max_surge_fixed": 3,
                "max_surge_percent": 0,
                "max_unavailable_fixed": 3,
                "max_unavailable_percent": 0,
                "min_ready_sec": 0,
                "minimal_action": "REPLACE",
                "most_disruptive_allowed_action": "",
                "replacement_method": "SUBSTITUTE",
                "type": "OPPORTUNISTIC"
              }
            ],
            "version": [
              {
                "instance_template": "https://www.googleapis.com/compute/v1/projects/is-apgx-tf-01/global/instanceTemplates/apigee-europe-west1-20251001045547537600000001",
                "name": "default",
                "target_size": []
              }
            ],
            "wait_for_instances": false,
            "wait_for_instances_status": "STABLE"
          },
          "sensitive_attributes": [],
          "identity_schema_version": 0,
          "private": "eyJlMmJmYjczMC1lY2FhLTExZTYtOGY4OC0zNDM2M2JjN2M0YzAiOnsiY3JlYXRlIjo5MDAwMDAwMDAwMDAsImRlbGV0ZSI6OTAwMDAwMDAwMDAwLCJ1cGRhdGUiOjkwMDAwMDAwMDAwMH19",
          "dependencies": [
            "module.apigee-x-bridge-mig.module.bridge-mig.google_compute_health_check.default",
            "module.apigee-x-bridge-mig.module.bridge-template.google_compute_instance_template.default",
            "module.apigee-x-bridge-mig.module.bridge-template.google_service_account.service_account",
            "module.apigee-x-core.google_project_service_identity.apigee_sa",
            "module.apigee-x-core.module.apigee.google_apigee_instance.instances",
            "module.apigee-x-core.module.apigee.google_apigee_organization.organization",
            "module.apigee-x-core.module.kms-inst-disk.data.google_kms_key_ring.default",
            "module.apigee-x-core.module.kms-inst-disk.google_kms_crypto_key.default",
            "module.apigee-x-core.module.kms-inst-disk.google_kms_crypto_key_iam_binding.authoritative",
            "module.apigee-x-core.module.kms-inst-disk.google_kms_crypto_key_iam_binding.bindings",
            "module.apigee-x-core.module.kms-inst-disk.google_kms_crypto_key_iam_member.members",
            "module.apigee-x-core.module.kms-inst-disk.google_kms_key_ring.default",
            "module.apigee-x-core.module.kms-inst-disk.google_kms_key_ring_iam_binding.authoritative",
            "module.apigee-x-core.module.kms-inst-disk.google_kms_key_ring_iam_binding.bindings",
            "module.apigee-x-core.module.kms-inst-disk.google_kms_key_ring_iam_member.bindings",
            "module.apigee-x-core.module.kms-inst-disk.google_kms_key_ring_import_job.default",
            "module.apigee-x-core.module.kms-inst-disk.google_tags_tag_binding.binding",
            "module.apigee-x-core.module.kms-org-db.data.google_kms_key_ring.default",
            "module.apigee-x-core.module.kms-org-db.google_kms_crypto_key.default",
            "module.apigee-x-core.module.kms-org-db.google_kms_crypto_key_iam_binding.authoritative",
            "module.apigee-x-core.module.kms-org-db.google_kms_crypto_key_iam_binding.bindings",
            "module.apigee-x-core.module.kms-org-db.google_kms_key_ring.default",
            "module.host-project.data.google_bigquery_default_service_account.bq_sa",
            "module.host-project.data.google_project.project",
            "module.host-project.data.google_storage_project_service_account.gcs_sa",
            "module.host-project.google_compute_shared_vpc_host_project.shared_vpc_host",
            "module.host-project.google_compute_shared_vpc_service_project.service_projects",
            "module.host-project.google_kms_crypto_key_iam_member.service_identity_cmek",
            "module.host-project.google_project.project",
            "module.host-project.google_project_iam_member.servicenetworking",
            "module.host-project.google_project_iam_member.shared_vpc_host_robots",
            "module.host-project.google_project_organization_policy.boolean",
            "module.host-project.google_project_organization_policy.list",
            "module.host-project.google_project_service.project_services",
            "module.host-project.google_project_service_identity.jit_si",
            "module.host-project.google_project_service_identity.servicenetworking",
            "module.service-project.data.google_bigquery_default_service_account.bq_sa",
            "module.service-project.data.google_project.project",
            "module.service-project.data.google_storage_project_service_account.gcs_sa",
            "module.service-project.google_compute_shared_vpc_host_project.shared_vpc_host",
            "module.service-project.google_compute_shared_vpc_service_project.service_projects",
            "module.service-project.google_kms_crypto_key_iam_member.service_identity_cmek",
            "module.service-project.google_project.project",
            "module.service-project.google_project_iam_member.servicenetworking",
            "module.service-project.google_project_iam_member.shared_vpc_host_robots",
            "module.service-project.google_project_organization_policy.boolean",
            "module.service-project.google_project_organization_policy.list",
            "module.service-project.google_project_service.project_services",
            "module.service-project.google_project_service_identity.jit_si",
            "module.service-project.google_project_service_identity.servicenetworking",
            "module.shared-vpc.data.google_compute_network.network",
            "module.shared-vpc.google_compute_global_address.psa_ranges",
            "module.shared-vpc.google_compute_network.network",
            "module.shared-vpc.google_compute_network_peering.local",
            "module.shared-vpc.google_compute_network_peering.remote",
            "module.shared-vpc.google_compute_shared_vpc_host_project.shared_vpc_host",
            "module.shared-vpc.google_compute_shared_vpc_service_project.service_projects",
            "module.shared-vpc.google_compute_subnetwork.subnetwork",
            "module.shared-vpc.google_service_networking_connection.psa_connection"
          ]
        }
      ]
    },
    {
      "module": "module.apigee-x-bridge-mig[\"euw1-instance\"].module.bridge-template",
      "mode": "managed",
      "type": "google_compute_instance_template",
      "name": "default",
      "provider": "provider[\"registry.terraform.io/hashicorp/google-beta\"]",
      "instances": [
        {
          "index_key": 0,
          "schema_version": 1,
          "attributes": {
            "advanced_machine_features": [],
            "can_ip_forward": false,
            "confidential_instance_config": null,
            "description": "Managed by the compute-vm Terraform module.",
            "disk": [
              {
                "auto_delete": true,
                "boot": true,
                "device_name": "persistent-disk-0",
                "disk_encryption_key": [],
                "disk_name": "",
                "disk_size_gb": 20,
                "disk_type": "pd-standard",
                "interface": "SCSI",
                "labels": null,
                "mode": "READ_WRITE",
                "provisioned_iops": 0,
                "resource_manager_tags": null,
                "resource_policies": null,
                "source": "",
                "source_image": "projects/debian-cloud/global/images/family/debian-11",
                "source_image_encryption_key": [],
                "source_snapshot": "",
                "source_snapshot_encryption_key": [],
                "type": "PERSISTENT"
              }
            ],
            "effective_labels": {},
            "enable_display": null,
            "guest_accelerator": [],
            "id": "projects/is-apgx-tf-01/global/instanceTemplates/apigee-europe-west1-20251001045547537600000001",
            "instance_description": "",
            "labels": null,
            "machine_type": "e2-small",
            "metadata": {
              "ENDPOINT": "10.0.0.2",
              "startup-script-url": "gs://apigee-5g-saas/apigee-envoy-proxy-release/latest/conf/startup-script.sh"
            },
            "metadata_fingerprint": "rR6srwdaVMI=",
            "metadata_startup_script": null,
            "min_cpu_platform": "",
            "name": "apigee-europe-west1-20251001045547537600000001",
            "name_prefix": "apigee-europe-west1-",
            "network_interface": [
              {
                "access_config": [],
                "alias_ip_range": [],
                "internal_ipv6_prefix_length": 0,
                "ipv6_access_config": [],
                "ipv6_access_type": "",
                "ipv6_address": "",
                "name": "nic0",
                "network": "https://www.googleapis.com/compute/v1/projects/is-network-tf-01/global/networks/apigee-network",
                "network_attachment": "",
                "network_ip": "",
                "nic_type": "",
                "queue_count": 0,
                "stack_type": "",
                "subnetwork": "https://www.googleapis.com/compute/v1/projects/is-network-tf-01/regions/europe-west1/subnetworks/apigee-exposure",
                "subnetwork_project": "is-network-tf-01"
              }
            ],
            "network_performance_config": [],
            "partner_metadata": null,
            "project": "is-apgx-tf-01",
            "region": "europe-west1",
            "reservation_affinity": [],
            "resource_manager_tags": null,
            "resource_policies": null,
            "scheduling": [
              {
                "automatic_restart": true,
                "instance_termination_action": "",
                "local_ssd_recovery_timeout": [],
                "maintenance_interval": "",
                "max_run_duration": [],
                "min_node_cpus": 0,
                "node_affinities": [],
                "on_host_maintenance": "MIGRATE",
                "on_instance_stop_action": [],
                "preemptible": false,
                "provisioning_model": "STANDARD"
              }
            ],
            "self_link": "https://www.googleapis.com/compute/beta/projects/is-apgx-tf-01/global/instanceTemplates/apigee-europe-west1-20251001045547537600000001",
            "self_link_unique": "https://www.googleapis.com/compute/beta/projects/is-apgx-tf-01/global/instanceTemplates/apigee-europe-west1-20251001045547537600000001?uniqueId=3252829661195995836",
            "service_account": [
              {
                "email": "tf-vm-apigee-europe-west1@is-apgx-tf-01.iam.gserviceaccount.com",
                "scopes": [
                  "https://www.googleapis.com/auth/cloud-platform"
                ]
              }
            ],
            "shielded_instance_config": [],
            "tags": [
              "apigee-bridge"
            ],
            "tags_fingerprint": "",
            "terraform_labels": {},
            "timeouts": null
          },
          "sensitive_attributes": [],
          "identity_schema_version": 0,
          "private": "eyJlMmJmYjczMC1lY2FhLTExZTYtOGY4OC0zNDM2M2JjN2M0YzAiOnsiY3JlYXRlIjoyNDAwMDAwMDAwMDAsImRlbGV0ZSI6MjQwMDAwMDAwMDAwfSwic2NoZW1hX3ZlcnNpb24iOiIxIn0=",
          "dependencies": [
            "module.apigee-x-bridge-mig.module.bridge-template.google_service_account.service_account",
            "module.apigee-x-core.google_project_service_identity.apigee_sa",
            "module.apigee-x-core.module.apigee.google_apigee_instance.instances",
            "module.apigee-x-core.module.apigee.google_apigee_organization.organization",
            "module.apigee-x-core.module.kms-inst-disk.data.google_kms_key_ring.default",
            "module.apigee-x-core.module.kms-inst-disk.google_kms_crypto_key.default",
            "module.apigee-x-core.module.kms-inst-disk.google_kms_crypto_key_iam_binding.authoritative",
            "module.apigee-x-core.module.kms-inst-disk.google_kms_crypto_key_iam_binding.bindings",
            "module.apigee-x-core.module.kms-inst-disk.google_kms_crypto_key_iam_member.members",
            "module.apigee-x-core.module.kms-inst-disk.google_kms_key_ring.default",
            "module.apigee-x-core.module.kms-inst-disk.google_kms_key_ring_iam_binding.authoritative",
            "module.apigee-x-core.module.kms-inst-disk.google_kms_key_ring_iam_binding.bindings",
            "module.apigee-x-core.module.kms-inst-disk.google_kms_key_ring_iam_member.bindings",
            "module.apigee-x-core.module.kms-inst-disk.google_kms_key_ring_import_job.default",
            "module.apigee-x-core.module.kms-inst-disk.google_tags_tag_binding.binding",
            "module.apigee-x-core.module.kms-org-db.data.google_kms_key_ring.default",
            "module.apigee-x-core.module.kms-org-db.google_kms_crypto_key.default",
            "module.apigee-x-core.module.kms-org-db.google_kms_crypto_key_iam_binding.authoritative",
            "module.apigee-x-core.module.kms-org-db.google_kms_crypto_key_iam_binding.bindings",
            "module.apigee-x-core.module.kms-org-db.google_kms_key_ring.default",
            "module.host-project.data.google_bigquery_default_service_account.bq_sa",
            "module.host-project.data.google_project.project",
            "module.host-project.data.google_storage_project_service_account.gcs_sa",
            "module.host-project.google_compute_shared_vpc_host_project.shared_vpc_host",
            "module.host-project.google_compute_shared_vpc_service_project.service_projects",
            "module.host-project.google_kms_crypto_key_iam_member.service_identity_cmek",
            "module.host-project.google_project.project",
            "module.host-project.google_project_iam_member.servicenetworking",
            "module.host-project.google_project_iam_member.shared_vpc_host_robots",
            "module.host-project.google_project_organization_policy.boolean",
            "module.host-project.google_project_organization_policy.list",
            "module.host-project.google_project_service.project_services",
            "module.host-project.google_project_service_identity.jit_si",
            "module.host-project.google_project_service_identity.servicenetworking",
            "module.service-project.data.google_bigquery_default_service_account.bq_sa",
            "module.service-project.data.google_project.project",
            "module.service-project.data.google_storage_project_service_account.gcs_sa",
            "module.service-project.google_compute_shared_vpc_host_project.shared_vpc_host",
            "module.service-project.google_compute_shared_vpc_service_project.service_projects",
            "module.service-project.google_kms_crypto_key_iam_member.service_identity_cmek",
            "module.service-project.google_project.project",
            "module.service-project.google_project_iam_member.servicenetworking",
            "module.service-project.google_project_iam_member.shared_vpc_host_robots",
            "module.service-project.google_project_organization_policy.boolean",
            "module.service-project.google_project_organization_policy.list",
            "module.service-project.google_project_service.project_services",
            "module.service-project.google_project_service_identity.jit_si",
            "module.service-project.google_project_service_identity.servicenetworking",
            "module.shared-vpc.data.google_compute_network.network",
            "module.shared-vpc.google_compute_global_address.psa_ranges",
            "module.shared-vpc.google_compute_network.network",
            "module.shared-vpc.google_compute_network_peering.local",
            "module.shared-vpc.google_compute_network_peering.remote",
            "module.shared-vpc.google_compute_shared_vpc_host_project.shared_vpc_host",
            "module.shared-vpc.google_compute_shared_vpc_service_project.service_projects",
            "module.shared-vpc.google_compute_subnetwork.subnetwork",
            "module.shared-vpc.google_service_networking_connection.psa_connection"
          ],
          "create_before_destroy": true
        }
      ]
    },
    {
      "module": "module.apigee-x-bridge-mig[\"euw1-instance\"].module.bridge-template",
      "mode": "managed",
      "type": "google_service_account",
      "name": "service_account",
      "provider": "provider[\"registry.terraform.io/hashicorp/google\"]",
      "instances": [
        {
          "index_key": 0,
          "schema_version": 0,
          "attributes": {
            "account_id": "tf-vm-apigee-europe-west1",
            "create_ignore_already_exists": null,
            "description": "",
            "disabled": false,
            "display_name": "Terraform VM apigee-europe-west1.",
            "email": "tf-vm-apigee-europe-west1@is-apgx-tf-01.iam.gserviceaccount.com",
            "id": "projects/is-apgx-tf-01/serviceAccounts/tf-vm-apigee-europe-west1@is-apgx-tf-01.iam.gserviceaccount.com",
            "member": "serviceAccount:tf-vm-apigee-europe-west1@is-apgx-tf-01.iam.gserviceaccount.com",
            "name": "projects/is-apgx-tf-01/serviceAccounts/tf-vm-apigee-europe-west1@is-apgx-tf-01.iam.gserviceaccount.com",
            "project": "is-apgx-tf-01",
            "timeouts": null,
            "unique_id": "105517124465684874954"
          },
          "sensitive_attributes": [],
          "identity_schema_version": 0,
          "private": "eyJlMmJmYjczMC1lY2FhLTExZTYtOGY4OC0zNDM2M2JjN2M0YzAiOnsiY3JlYXRlIjozMDAwMDAwMDAwMDB9fQ==",
          "dependencies": [
            "module.host-project.data.google_bigquery_default_service_account.bq_sa",
            "module.host-project.data.google_project.project",
            "module.host-project.data.google_storage_project_service_account.gcs_sa",
            "module.host-project.google_compute_shared_vpc_host_project.shared_vpc_host",
            "module.host-project.google_compute_shared_vpc_service_project.service_projects",
            "module.host-project.google_kms_crypto_key_iam_member.service_identity_cmek",
            "module.host-project.google_project.project",
            "module.host-project.google_project_iam_member.servicenetworking",
            "module.host-project.google_project_iam_member.shared_vpc_host_robots",
            "module.host-project.google_project_organization_policy.boolean",
            "module.host-project.google_project_organization_policy.list",
            "module.host-project.google_project_service.project_services",
            "module.host-project.google_project_service_identity.jit_si",
            "module.host-project.google_project_service_identity.servicenetworking",
            "module.service-project.data.google_bigquery_default_service_account.bq_sa",
            "module.service-project.data.google_project.project",
            "module.service-project.data.google_storage_project_service_account.gcs_sa",
            "module.service-project.google_compute_shared_vpc_host_project.shared_vpc_host",
            "module.service-project.google_compute_shared_vpc_service_project.service_projects",
            "module.service-project.google_kms_crypto_key_iam_member.service_identity_cmek",
            "module.service-project.google_project.project",
            "module.service-project.google_project_iam_member.servicenetworking",
            "module.service-project.google_project_iam_member.shared_vpc_host_robots",
            "module.service-project.google_project_organization_policy.boolean",
            "module.service-project.google_project_organization_policy.list",
            "module.service-project.google_project_service.project_services",
            "module.service-project.google_project_service_identity.jit_si",
            "module.service-project.google_project_service_identity.servicenetworking"
          ],
          "create_before_destroy": true
        }
      ]
    },
    {
      "module": "module.apigee-x-core",
      "mode": "managed",
      "type": "google_project_service_identity",
      "name": "apigee_sa",
      "provider": "provider[\"registry.terraform.io/hashicorp/google-beta\"]",
      "instances": [
        {
          "schema_version": 0,
          "attributes": {
            "email": "service-913605447917@gcp-sa-apigee.iam.gserviceaccount.com",
            "id": "projects/is-apgx-tf-01/services/apigee.googleapis.com",
            "member": "serviceAccount:service-913605447917@gcp-sa-apigee.iam.gserviceaccount.com",
            "project": "is-apgx-tf-01",
            "service": "apigee.googleapis.com",
            "timeouts": null
          },
          "sensitive_attributes": [],
          "identity_schema_version": 0,
          "private": "eyJlMmJmYjczMC1lY2FhLTExZTYtOGY4OC0zNDM2M2JjN2M0YzAiOnsiY3JlYXRlIjoxMjAwMDAwMDAwMDAwLCJkZWxldGUiOjEyMDAwMDAwMDAwMDAsInJlYWQiOjYwMDAwMDAwMDAwMH19",
          "dependencies": [
            "module.host-project.data.google_bigquery_default_service_account.bq_sa",
            "module.host-project.data.google_project.project",
            "module.host-project.data.google_storage_project_service_account.gcs_sa",
            "module.host-project.google_compute_shared_vpc_host_project.shared_vpc_host",
            "module.host-project.google_compute_shared_vpc_service_project.service_projects",
            "module.host-project.google_kms_crypto_key_iam_member.service_identity_cmek",
            "module.host-project.google_project.project",
            "module.host-project.google_project_iam_member.servicenetworking",
            "module.host-project.google_project_iam_member.shared_vpc_host_robots",
            "module.host-project.google_project_organization_policy.boolean",
            "module.host-project.google_project_organization_policy.list",
            "module.host-project.google_project_service.project_services",
            "module.host-project.google_project_service_identity.jit_si",
            "module.host-project.google_project_service_identity.servicenetworking",
            "module.service-project.data.google_bigquery_default_service_account.bq_sa",
            "module.service-project.data.google_project.project",
            "module.service-project.data.google_storage_project_service_account.gcs_sa",
            "module.service-project.google_compute_shared_vpc_host_project.shared_vpc_host",
            "module.service-project.google_compute_shared_vpc_service_project.service_projects",
            "module.service-project.google_kms_crypto_key_iam_member.service_identity_cmek",
            "module.service-project.google_project.project",
            "module.service-project.google_project_iam_member.servicenetworking",
            "module.service-project.google_project_iam_member.shared_vpc_host_robots",
            "module.service-project.google_project_organization_policy.boolean",
            "module.service-project.google_project_organization_policy.list",
            "module.service-project.google_project_service.project_services",
            "module.service-project.google_project_service_identity.jit_si",
            "module.service-project.google_project_service_identity.servicenetworking"
          ],
          "create_before_destroy": true
        }
      ]
    },
    {
      "module": "module.apigee-x-core.module.apigee",
      "mode": "managed",
      "type": "google_apigee_envgroup",
      "name": "envgroups",
      "provider": "provider[\"registry.terraform.io/hashicorp/google\"]",
      "instances": [
        {
          "index_key": "test",
          "schema_version": 0,
          "attributes": {
            "hostnames": [
              "test.api.example.com",
              "test.34-144-204-2.nip.io"
            ],
            "id": "organizations/is-apgx-tf-01/envgroups/test",
            "name": "test",
            "org_id": "organizations/is-apgx-tf-01",
            "timeouts": null
          },
          "sensitive_attributes": [],
          "identity_schema_version": 0,
          "private": "eyJlMmJmYjczMC1lY2FhLTExZTYtOGY4OC0zNDM2M2JjN2M0YzAiOnsiY3JlYXRlIjoxODAwMDAwMDAwMDAwLCJkZWxldGUiOjE4MDAwMDAwMDAwMDAsInVwZGF0ZSI6MTIwMDAwMDAwMDAwMH19",
          "dependencies": [
            "module.apigee-x-core.module.apigee.google_apigee_organization.organization",
            "module.apigee-x-core.module.kms-org-db.data.google_kms_key_ring.default",
            "module.apigee-x-core.module.kms-org-db.google_kms_crypto_key.default",
            "module.apigee-x-core.module.kms-org-db.google_kms_crypto_key_iam_binding.authoritative",
            "module.apigee-x-core.module.kms-org-db.google_kms_crypto_key_iam_binding.bindings",
            "module.apigee-x-core.module.kms-org-db.google_kms_key_ring.default",
            "module.host-project.data.google_bigquery_default_service_account.bq_sa",
            "module.host-project.data.google_project.project",
            "module.host-project.data.google_storage_project_service_account.gcs_sa",
            "module.host-project.google_compute_shared_vpc_host_project.shared_vpc_host",
            "module.host-project.google_compute_shared_vpc_service_project.service_projects",
            "module.host-project.google_kms_crypto_key_iam_member.service_identity_cmek",
            "module.host-project.google_project.project",
            "module.host-project.google_project_iam_member.servicenetworking",
            "module.host-project.google_project_iam_member.shared_vpc_host_robots",
            "module.host-project.google_project_organization_policy.boolean",
            "module.host-project.google_project_organization_policy.list",
            "module.host-project.google_project_service.project_services",
            "module.host-project.google_project_service_identity.jit_si",
            "module.host-project.google_project_service_identity.servicenetworking",
            "module.nip-development-hostname.google_compute_global_address.external_address",
            "module.service-project.data.google_bigquery_default_service_account.bq_sa",
            "module.service-project.data.google_project.project",
            "module.service-project.data.google_storage_project_service_account.gcs_sa",
            "module.service-project.google_compute_shared_vpc_host_project.shared_vpc_host",
            "module.service-project.google_compute_shared_vpc_service_project.service_projects",
            "module.service-project.google_kms_crypto_key_iam_member.service_identity_cmek",
            "module.service-project.google_project.project",
            "module.service-project.google_project_iam_member.servicenetworking",
            "module.service-project.google_project_iam_member.shared_vpc_host_robots",
            "module.service-project.google_project_organization_policy.boolean",
            "module.service-project.google_project_organization_policy.list",
            "module.service-project.google_project_service.project_services",
            "module.service-project.google_project_service_identity.jit_si",
            "module.service-project.google_project_service_identity.servicenetworking",
            "module.shared-vpc.data.google_compute_network.network",
            "module.shared-vpc.google_compute_global_address.psa_ranges",
            "module.shared-vpc.google_compute_network.network",
            "module.shared-vpc.google_compute_network_peering.local",
            "module.shared-vpc.google_compute_network_peering.remote",
            "module.shared-vpc.google_compute_shared_vpc_host_project.shared_vpc_host",
            "module.shared-vpc.google_compute_shared_vpc_service_project.service_projects",
            "module.shared-vpc.google_service_networking_connection.psa_connection"
          ]
        }
      ]
    },
    {
      "module": "module.apigee-x-core.module.apigee",
      "mode": "managed",
      "type": "google_apigee_envgroup_attachment",
      "name": "envgroup_attachments",
      "provider": "provider[\"registry.terraform.io/hashicorp/google\"]",
      "instances": [
        {
          "index_key": "test1-test",
          "schema_version": 0,
          "attributes": {
            "envgroup_id": "organizations/is-apgx-tf-01/envgroups/test",
            "environment": "test1",
            "id": "organizations/is-apgx-tf-01/envgroups/test/attachments/83125410-9add-4861-adf7-65de061309aa",
            "name": "83125410-9add-4861-adf7-65de061309aa",
            "timeouts": null
          },
          "sensitive_attributes": [],
          "identity_schema_version": 0,
          "private": "eyJlMmJmYjczMC1lY2FhLTExZTYtOGY4OC0zNDM2M2JjN2M0YzAiOnsiY3JlYXRlIjoxODAwMDAwMDAwMDAwLCJkZWxldGUiOjE4MDAwMDAwMDAwMDB9fQ==",
          "dependencies": [
            "module.apigee-x-core.module.apigee.google_apigee_envgroup.envgroups",
            "module.apigee-x-core.module.apigee.google_apigee_environment.environments",
            "module.apigee-x-core.module.apigee.google_apigee_organization.organization",
            "module.apigee-x-core.module.kms-org-db.data.google_kms_key_ring.default",
            "module.apigee-x-core.module.kms-org-db.google_kms_crypto_key.default",
            "module.apigee-x-core.module.kms-org-db.google_kms_crypto_key_iam_binding.authoritative",
            "module.apigee-x-core.module.kms-org-db.google_kms_crypto_key_iam_binding.bindings",
            "module.apigee-x-core.module.kms-org-db.google_kms_key_ring.default",
            "module.host-project.data.google_bigquery_default_service_account.bq_sa",
            "module.host-project.data.google_project.project",
            "module.host-project.data.google_storage_project_service_account.gcs_sa",
            "module.host-project.google_compute_shared_vpc_host_project.shared_vpc_host",
            "module.host-project.google_compute_shared_vpc_service_project.service_projects",
            "module.host-project.google_kms_crypto_key_iam_member.service_identity_cmek",
            "module.host-project.google_project.project",
            "module.host-project.google_project_iam_member.servicenetworking",
            "module.host-project.google_project_iam_member.shared_vpc_host_robots",
            "module.host-project.google_project_organization_policy.boolean",
            "module.host-project.google_project_organization_policy.list",
            "module.host-project.google_project_service.project_services",
            "module.host-project.google_project_service_identity.jit_si",
            "module.host-project.google_project_service_identity.servicenetworking",
            "module.nip-development-hostname.google_compute_global_address.external_address",
            "module.service-project.data.google_bigquery_default_service_account.bq_sa",
            "module.service-project.data.google_project.project",
            "module.service-project.data.google_storage_project_service_account.gcs_sa",
            "module.service-project.google_compute_shared_vpc_host_project.shared_vpc_host",
            "module.service-project.google_compute_shared_vpc_service_project.service_projects",
            "module.service-project.google_kms_crypto_key_iam_member.service_identity_cmek",
            "module.service-project.google_project.project",
            "module.service-project.google_project_iam_member.servicenetworking",
            "module.service-project.google_project_iam_member.shared_vpc_host_robots",
            "module.service-project.google_project_organization_policy.boolean",
            "module.service-project.google_project_organization_policy.list",
            "module.service-project.google_project_service.project_services",
            "module.service-project.google_project_service_identity.jit_si",
            "module.service-project.google_project_service_identity.servicenetworking",
            "module.shared-vpc.data.google_compute_network.network",
            "module.shared-vpc.google_compute_global_address.psa_ranges",
            "module.shared-vpc.google_compute_network.network",
            "module.shared-vpc.google_compute_network_peering.local",
            "module.shared-vpc.google_compute_network_peering.remote",
            "module.shared-vpc.google_compute_shared_vpc_host_project.shared_vpc_host",
            "module.shared-vpc.google_compute_shared_vpc_service_project.service_projects",
            "module.shared-vpc.google_service_networking_connection.psa_connection"
          ]
        },
        {
          "index_key": "test2-test",
          "schema_version": 0,
          "attributes": {
            "envgroup_id": "organizations/is-apgx-tf-01/envgroups/test",
            "environment": "test2",
            "id": "organizations/is-apgx-tf-01/envgroups/test/attachments/4566b0ec-2bf7-4aed-8c56-2313a7ae27e7",
            "name": "4566b0ec-2bf7-4aed-8c56-2313a7ae27e7",
            "timeouts": null
          },
          "sensitive_attributes": [],
          "identity_schema_version": 0,
          "private": "eyJlMmJmYjczMC1lY2FhLTExZTYtOGY4OC0zNDM2M2JjN2M0YzAiOnsiY3JlYXRlIjoxODAwMDAwMDAwMDAwLCJkZWxldGUiOjE4MDAwMDAwMDAwMDB9fQ==",
          "dependencies": [
            "module.apigee-x-core.module.apigee.google_apigee_envgroup.envgroups",
            "module.apigee-x-core.module.apigee.google_apigee_environment.environments",
            "module.apigee-x-core.module.apigee.google_apigee_organization.organization",
            "module.apigee-x-core.module.kms-org-db.data.google_kms_key_ring.default",
            "module.apigee-x-core.module.kms-org-db.google_kms_crypto_key.default",
            "module.apigee-x-core.module.kms-org-db.google_kms_crypto_key_iam_binding.authoritative",
            "module.apigee-x-core.module.kms-org-db.google_kms_crypto_key_iam_binding.bindings",
            "module.apigee-x-core.module.kms-org-db.google_kms_key_ring.default",
            "module.host-project.data.google_bigquery_default_service_account.bq_sa",
            "module.host-project.data.google_project.project",
            "module.host-project.data.google_storage_project_service_account.gcs_sa",
            "module.host-project.google_compute_shared_vpc_host_project.shared_vpc_host",
            "module.host-project.google_compute_shared_vpc_service_project.service_projects",
            "module.host-project.google_kms_crypto_key_iam_member.service_identity_cmek",
            "module.host-project.google_project.project",
            "module.host-project.google_project_iam_member.servicenetworking",
            "module.host-project.google_project_iam_member.shared_vpc_host_robots",
            "module.host-project.google_project_organization_policy.boolean",
            "module.host-project.google_project_organization_policy.list",
            "module.host-project.google_project_service.project_services",
            "module.host-project.google_project_service_identity.jit_si",
            "module.host-project.google_project_service_identity.servicenetworking",
            "module.nip-development-hostname.google_compute_global_address.external_address",
            "module.service-project.data.google_bigquery_default_service_account.bq_sa",
            "module.service-project.data.google_project.project",
            "module.service-project.data.google_storage_project_service_account.gcs_sa",
            "module.service-project.google_compute_shared_vpc_host_project.shared_vpc_host",
            "module.service-project.google_compute_shared_vpc_service_project.service_projects",
            "module.service-project.google_kms_crypto_key_iam_member.service_identity_cmek",
            "module.service-project.google_project.project",
            "module.service-project.google_project_iam_member.servicenetworking",
            "module.service-project.google_project_iam_member.shared_vpc_host_robots",
            "module.service-project.google_project_organization_policy.boolean",
            "module.service-project.google_project_organization_policy.list",
            "module.service-project.google_project_service.project_services",
            "module.service-project.google_project_service_identity.jit_si",
            "module.service-project.google_project_service_identity.servicenetworking",
            "module.shared-vpc.data.google_compute_network.network",
            "module.shared-vpc.google_compute_global_address.psa_ranges",
            "module.shared-vpc.google_compute_network.network",
            "module.shared-vpc.google_compute_network_peering.local",
            "module.shared-vpc.google_compute_network_peering.remote",
            "module.shared-vpc.google_compute_shared_vpc_host_project.shared_vpc_host",
            "module.shared-vpc.google_compute_shared_vpc_service_project.service_projects",
            "module.shared-vpc.google_service_networking_connection.psa_connection"
          ]
        }
      ]
    },
    {
      "module": "module.apigee-x-core.module.apigee",
      "mode": "managed",
      "type": "google_apigee_environment",
      "name": "environments",
      "provider": "provider[\"registry.terraform.io/hashicorp/google\"]",
      "instances": [
        {
          "index_key": "test1",
          "schema_version": 0,
          "attributes": {
            "api_proxy_type": "PROGRAMMABLE",
            "deployment_type": "PROXY",
            "description": "Environment created by apigee/terraform-modules",
            "display_name": "Test 1",
            "forward_proxy_uri": "",
            "id": "organizations/is-apgx-tf-01/environments/test1",
            "name": "test1",
            "node_config": [],
            "org_id": "organizations/is-apgx-tf-01",
            "timeouts": null,
            "type": ""
          },
          "sensitive_attributes": [],
          "identity_schema_version": 0,
          "private": "eyJlMmJmYjczMC1lY2FhLTExZTYtOGY4OC0zNDM2M2JjN2M0YzAiOnsiY3JlYXRlIjoxODAwMDAwMDAwMDAwLCJkZWxldGUiOjE4MDAwMDAwMDAwMDAsInVwZGF0ZSI6MTIwMDAwMDAwMDAwMH19",
          "dependencies": [
            "module.apigee-x-core.module.apigee.google_apigee_organization.organization",
            "module.apigee-x-core.module.kms-org-db.data.google_kms_key_ring.default",
            "module.apigee-x-core.module.kms-org-db.google_kms_crypto_key.default",
            "module.apigee-x-core.module.kms-org-db.google_kms_crypto_key_iam_binding.authoritative",
            "module.apigee-x-core.module.kms-org-db.google_kms_crypto_key_iam_binding.bindings",
            "module.apigee-x-core.module.kms-org-db.google_kms_key_ring.default",
            "module.host-project.data.google_bigquery_default_service_account.bq_sa",
            "module.host-project.data.google_project.project",
            "module.host-project.data.google_storage_project_service_account.gcs_sa",
            "module.host-project.google_compute_shared_vpc_host_project.shared_vpc_host",
            "module.host-project.google_compute_shared_vpc_service_project.service_projects",
            "module.host-project.google_kms_crypto_key_iam_member.service_identity_cmek",
            "module.host-project.google_project.project",
            "module.host-project.google_project_iam_member.servicenetworking",
            "module.host-project.google_project_iam_member.shared_vpc_host_robots",
            "module.host-project.google_project_organization_policy.boolean",
            "module.host-project.google_project_organization_policy.list",
            "module.host-project.google_project_service.project_services",
            "module.host-project.google_project_service_identity.jit_si",
            "module.host-project.google_project_service_identity.servicenetworking",
            "module.service-project.data.google_bigquery_default_service_account.bq_sa",
            "module.service-project.data.google_project.project",
            "module.service-project.data.google_storage_project_service_account.gcs_sa",
            "module.service-project.google_compute_shared_vpc_host_project.shared_vpc_host",
            "module.service-project.google_compute_shared_vpc_service_project.service_projects",
            "module.service-project.google_kms_crypto_key_iam_member.service_identity_cmek",
            "module.service-project.google_project.project",
            "module.service-project.google_project_iam_member.servicenetworking",
            "module.service-project.google_project_iam_member.shared_vpc_host_robots",
            "module.service-project.google_project_organization_policy.boolean",
            "module.service-project.google_project_organization_policy.list",
            "module.service-project.google_project_service.project_services",
            "module.service-project.google_project_service_identity.jit_si",
            "module.service-project.google_project_service_identity.servicenetworking",
            "module.shared-vpc.data.google_compute_network.network",
            "module.shared-vpc.google_compute_global_address.psa_ranges",
            "module.shared-vpc.google_compute_network.network",
            "module.shared-vpc.google_compute_network_peering.local",
            "module.shared-vpc.google_compute_network_peering.remote",
            "module.shared-vpc.google_compute_shared_vpc_host_project.shared_vpc_host",
            "module.shared-vpc.google_compute_shared_vpc_service_project.service_projects",
            "module.shared-vpc.google_service_networking_connection.psa_connection"
          ]
        },
        {
          "index_key": "test2",
          "schema_version": 0,
          "attributes": {
            "api_proxy_type": "PROGRAMMABLE",
            "deployment_type": "PROXY",
            "description": "Environment created by apigee/terraform-modules",
            "display_name": "Test 2",
            "forward_proxy_uri": "",
            "id": "organizations/is-apgx-tf-01/environments/test2",
            "name": "test2",
            "node_config": [],
            "org_id": "organizations/is-apgx-tf-01",
            "timeouts": null,
            "type": ""
          },
          "sensitive_attributes": [],
          "identity_schema_version": 0,
          "private": "eyJlMmJmYjczMC1lY2FhLTExZTYtOGY4OC0zNDM2M2JjN2M0YzAiOnsiY3JlYXRlIjoxODAwMDAwMDAwMDAwLCJkZWxldGUiOjE4MDAwMDAwMDAwMDAsInVwZGF0ZSI6MTIwMDAwMDAwMDAwMH19",
          "dependencies": [
            "module.apigee-x-core.module.apigee.google_apigee_organization.organization",
            "module.apigee-x-core.module.kms-org-db.data.google_kms_key_ring.default",
            "module.apigee-x-core.module.kms-org-db.google_kms_crypto_key.default",
            "module.apigee-x-core.module.kms-org-db.google_kms_crypto_key_iam_binding.authoritative",
            "module.apigee-x-core.module.kms-org-db.google_kms_crypto_key_iam_binding.bindings",
            "module.apigee-x-core.module.kms-org-db.google_kms_key_ring.default",
            "module.host-project.data.google_bigquery_default_service_account.bq_sa",
            "module.host-project.data.google_project.project",
            "module.host-project.data.google_storage_project_service_account.gcs_sa",
            "module.host-project.google_compute_shared_vpc_host_project.shared_vpc_host",
            "module.host-project.google_compute_shared_vpc_service_project.service_projects",
            "module.host-project.google_kms_crypto_key_iam_member.service_identity_cmek",
            "module.host-project.google_project.project",
            "module.host-project.google_project_iam_member.servicenetworking",
            "module.host-project.google_project_iam_member.shared_vpc_host_robots",
            "module.host-project.google_project_organization_policy.boolean",
            "module.host-project.google_project_organization_policy.list",
            "module.host-project.google_project_service.project_services",
            "module.host-project.google_project_service_identity.jit_si",
            "module.host-project.google_project_service_identity.servicenetworking",
            "module.service-project.data.google_bigquery_default_service_account.bq_sa",
            "module.service-project.data.google_project.project",
            "module.service-project.data.google_storage_project_service_account.gcs_sa",
            "module.service-project.google_compute_shared_vpc_host_project.shared_vpc_host",
            "module.service-project.google_compute_shared_vpc_service_project.service_projects",
            "module.service-project.google_kms_crypto_key_iam_member.service_identity_cmek",
            "module.service-project.google_project.project",
            "module.service-project.google_project_iam_member.servicenetworking",
            "module.service-project.google_project_iam_member.shared_vpc_host_robots",
            "module.service-project.google_project_organization_policy.boolean",
            "module.service-project.google_project_organization_policy.list",
            "module.service-project.google_project_service.project_services",
            "module.service-project.google_project_service_identity.jit_si",
            "module.service-project.google_project_service_identity.servicenetworking",
            "module.shared-vpc.data.google_compute_network.network",
            "module.shared-vpc.google_compute_global_address.psa_ranges",
            "module.shared-vpc.google_compute_network.network",
            "module.shared-vpc.google_compute_network_peering.local",
            "module.shared-vpc.google_compute_network_peering.remote",
            "module.shared-vpc.google_compute_shared_vpc_host_project.shared_vpc_host",
            "module.shared-vpc.google_compute_shared_vpc_service_project.service_projects",
            "module.shared-vpc.google_service_networking_connection.psa_connection"
          ]
        }
      ]
    },
    {
      "module": "module.apigee-x-core.module.apigee",
      "mode": "managed",
      "type": "google_apigee_instance",
      "name": "instances",
      "provider": "provider[\"registry.terraform.io/hashicorp/google\"]",
      "instances": [
        {
          "index_key": "europe-west1",
          "schema_version": 0,
          "attributes": {
            "consumer_accept_list": [
              "is-apgx-tf-01"
            ],
            "description": "Terraform-managed",
            "disk_encryption_key_name": "projects/is-apgx-tf-01/locations/europe-west1/keyRings/apigee-euw1-instance/cryptoKeys/inst-disk",
            "display_name": "",
            "host": "10.0.0.2",
            "id": "organizations/is-apgx-tf-01/instances/euw1-instance",
            "ip_range": "10.0.0.0/22",
            "location": "europe-west1",
            "name": "euw1-instance",
            "org_id": "organizations/is-apgx-tf-01",
            "peering_cidr_range": "SLASH_22",
            "port": "443",
            "service_attachment": "projects/vfd7207c4b87b6ba0p-tp/regions/europe-west1/serviceAttachments/apigee-europe-west1-r2qf",
            "timeouts": null
          },
          "sensitive_attributes": [],
          "identity_schema_version": 0,
          "private": "eyJlMmJmYjczMC1lY2FhLTExZTYtOGY4OC0zNDM2M2JjN2M0YzAiOnsiY3JlYXRlIjozNjAwMDAwMDAwMDAwLCJkZWxldGUiOjM2MDAwMDAwMDAwMDB9fQ==",
          "dependencies": [
            "module.apigee-x-core.google_project_service_identity.apigee_sa",
            "module.apigee-x-core.module.apigee.google_apigee_organization.organization",
            "module.apigee-x-core.module.kms-inst-disk.data.google_kms_key_ring.default",
            "module.apigee-x-core.module.kms-inst-disk.google_kms_crypto_key.default",
            "module.apigee-x-core.module.kms-inst-disk.google_kms_crypto_key_iam_binding.authoritative",
            "module.apigee-x-core.module.kms-inst-disk.google_kms_crypto_key_iam_binding.bindings",
            "module.apigee-x-core.module.kms-inst-disk.google_kms_crypto_key_iam_member.members",
            "module.apigee-x-core.module.kms-inst-disk.google_kms_key_ring.default",
            "module.apigee-x-core.module.kms-inst-disk.google_kms_key_ring_iam_binding.authoritative",
            "module.apigee-x-core.module.kms-inst-disk.google_kms_key_ring_iam_binding.bindings",
            "module.apigee-x-core.module.kms-inst-disk.google_kms_key_ring_iam_member.bindings",
            "module.apigee-x-core.module.kms-inst-disk.google_kms_key_ring_import_job.default",
            "module.apigee-x-core.module.kms-inst-disk.google_tags_tag_binding.binding",
            "module.apigee-x-core.module.kms-org-db.data.google_kms_key_ring.default",
            "module.apigee-x-core.module.kms-org-db.google_kms_crypto_key.default",
            "module.apigee-x-core.module.kms-org-db.google_kms_crypto_key_iam_binding.authoritative",
            "module.apigee-x-core.module.kms-org-db.google_kms_crypto_key_iam_binding.bindings",
            "module.apigee-x-core.module.kms-org-db.google_kms_key_ring.default",
            "module.host-project.data.google_bigquery_default_service_account.bq_sa",
            "module.host-project.data.google_project.project",
            "module.host-project.data.google_storage_project_service_account.gcs_sa",
            "module.host-project.google_compute_shared_vpc_host_project.shared_vpc_host",
            "module.host-project.google_compute_shared_vpc_service_project.service_projects",
            "module.host-project.google_kms_crypto_key_iam_member.service_identity_cmek",
            "module.host-project.google_project.project",
            "module.host-project.google_project_iam_member.servicenetworking",
            "module.host-project.google_project_iam_member.shared_vpc_host_robots",
            "module.host-project.google_project_organization_policy.boolean",
            "module.host-project.google_project_organization_policy.list",
            "module.host-project.google_project_service.project_services",
            "module.host-project.google_project_service_identity.jit_si",
            "module.host-project.google_project_service_identity.servicenetworking",
            "module.service-project.data.google_bigquery_default_service_account.bq_sa",
            "module.service-project.data.google_project.project",
            "module.service-project.data.google_storage_project_service_account.gcs_sa",
            "module.service-project.google_compute_shared_vpc_host_project.shared_vpc_host",
            "module.service-project.google_compute_shared_vpc_service_project.service_projects",
            "module.service-project.google_kms_crypto_key_iam_member.service_identity_cmek",
            "module.service-project.google_project.project",
            "module.service-project.google_project_iam_member.servicenetworking",
            "module.service-project.google_project_iam_member.shared_vpc_host_robots",
            "module.service-project.google_project_organization_policy.boolean",
            "module.service-project.google_project_organization_policy.list",
            "module.service-project.google_project_service.project_services",
            "module.service-project.google_project_service_identity.jit_si",
            "module.service-project.google_project_service_identity.servicenetworking",
            "module.shared-vpc.data.google_compute_network.network",
            "module.shared-vpc.google_compute_global_address.psa_ranges",
            "module.shared-vpc.google_compute_network.network",
            "module.shared-vpc.google_compute_network_peering.local",
            "module.shared-vpc.google_compute_network_peering.remote",
            "module.shared-vpc.google_compute_shared_vpc_host_project.shared_vpc_host",
            "module.shared-vpc.google_compute_shared_vpc_service_project.service_projects",
            "module.shared-vpc.google_service_networking_connection.psa_connection"
          ],
          "create_before_destroy": true
        }
      ]
    },
    {
      "module": "module.apigee-x-core.module.apigee",
      "mode": "managed",
      "type": "google_apigee_instance_attachment",
      "name": "instance_attachments",
      "provider": "provider[\"registry.terraform.io/hashicorp/google\"]",
      "instances": [
        {
          "index_key": "europe-west1-test1",
          "schema_version": 0,
          "attributes": {
            "environment": "test1",
            "id": "organizations/is-apgx-tf-01/instances/euw1-instance/attachments/e303dff1-fe50-48a7-b225-1c7daf1d599d",
            "instance_id": "organizations/is-apgx-tf-01/instances/euw1-instance",
            "name": "e303dff1-fe50-48a7-b225-1c7daf1d599d",
            "timeouts": null
          },
          "sensitive_attributes": [],
          "identity_schema_version": 0,
          "private": "eyJlMmJmYjczMC1lY2FhLTExZTYtOGY4OC0zNDM2M2JjN2M0YzAiOnsiY3JlYXRlIjoxODAwMDAwMDAwMDAwLCJkZWxldGUiOjE4MDAwMDAwMDAwMDB9fQ==",
          "dependencies": [
            "module.apigee-x-core.google_project_service_identity.apigee_sa",
            "module.apigee-x-core.module.apigee.google_apigee_environment.environments",
            "module.apigee-x-core.module.apigee.google_apigee_instance.instances",
            "module.apigee-x-core.module.apigee.google_apigee_organization.organization",
            "module.apigee-x-core.module.kms-inst-disk.data.google_kms_key_ring.default",
            "module.apigee-x-core.module.kms-inst-disk.google_kms_crypto_key.default",
            "module.apigee-x-core.module.kms-inst-disk.google_kms_crypto_key_iam_binding.authoritative",
            "module.apigee-x-core.module.kms-inst-disk.google_kms_crypto_key_iam_binding.bindings",
            "module.apigee-x-core.module.kms-inst-disk.google_kms_crypto_key_iam_member.members",
            "module.apigee-x-core.module.kms-inst-disk.google_kms_key_ring.default",
            "module.apigee-x-core.module.kms-inst-disk.google_kms_key_ring_iam_binding.authoritative",
            "module.apigee-x-core.module.kms-inst-disk.google_kms_key_ring_iam_binding.bindings",
            "module.apigee-x-core.module.kms-inst-disk.google_kms_key_ring_iam_member.bindings",
            "module.apigee-x-core.module.kms-inst-disk.google_kms_key_ring_import_job.default",
            "module.apigee-x-core.module.kms-inst-disk.google_tags_tag_binding.binding",
            "module.apigee-x-core.module.kms-org-db.data.google_kms_key_ring.default",
            "module.apigee-x-core.module.kms-org-db.google_kms_crypto_key.default",
            "module.apigee-x-core.module.kms-org-db.google_kms_crypto_key_iam_binding.authoritative",
            "module.apigee-x-core.module.kms-org-db.google_kms_crypto_key_iam_binding.bindings",
            "module.apigee-x-core.module.kms-org-db.google_kms_key_ring.default",
            "module.host-project.data.google_bigquery_default_service_account.bq_sa",
            "module.host-project.data.google_project.project",
            "module.host-project.data.google_storage_project_service_account.gcs_sa",
            "module.host-project.google_compute_shared_vpc_host_project.shared_vpc_host",
            "module.host-project.google_compute_shared_vpc_service_project.service_projects",
            "module.host-project.google_kms_crypto_key_iam_member.service_identity_cmek",
            "module.host-project.google_project.project",
            "module.host-project.google_project_iam_member.servicenetworking",
            "module.host-project.google_project_iam_member.shared_vpc_host_robots",
            "module.host-project.google_project_organization_policy.boolean",
            "module.host-project.google_project_organization_policy.list",
            "module.host-project.google_project_service.project_services",
            "module.host-project.google_project_service_identity.jit_si",
            "module.host-project.google_project_service_identity.servicenetworking",
            "module.service-project.data.google_bigquery_default_service_account.bq_sa",
            "module.service-project.data.google_project.project",
            "module.service-project.data.google_storage_project_service_account.gcs_sa",
            "module.service-project.google_compute_shared_vpc_host_project.shared_vpc_host",
            "module.service-project.google_compute_shared_vpc_service_project.service_projects",
            "module.service-project.google_kms_crypto_key_iam_member.service_identity_cmek",
            "module.service-project.google_project.project",
            "module.service-project.google_project_iam_member.servicenetworking",
            "module.service-project.google_project_iam_member.shared_vpc_host_robots",
            "module.service-project.google_project_organization_policy.boolean",
            "module.service-project.google_project_organization_policy.list",
            "module.service-project.google_project_service.project_services",
            "module.service-project.google_project_service_identity.jit_si",
            "module.service-project.google_project_service_identity.servicenetworking",
            "module.shared-vpc.data.google_compute_network.network",
            "module.shared-vpc.google_compute_global_address.psa_ranges",
            "module.shared-vpc.google_compute_network.network",
            "module.shared-vpc.google_compute_network_peering.local",
            "module.shared-vpc.google_compute_network_peering.remote",
            "module.shared-vpc.google_compute_shared_vpc_host_project.shared_vpc_host",
            "module.shared-vpc.google_compute_shared_vpc_service_project.service_projects",
            "module.shared-vpc.google_service_networking_connection.psa_connection"
          ]
        },
        {
          "index_key": "europe-west1-test2",
          "schema_version": 0,
          "attributes": {
            "environment": "test2",
            "id": "organizations/is-apgx-tf-01/instances/euw1-instance/attachments/549f51a7-a99f-4bfb-8247-10896e679a98",
            "instance_id": "organizations/is-apgx-tf-01/instances/euw1-instance",
            "name": "549f51a7-a99f-4bfb-8247-10896e679a98",
            "timeouts": null
          },
          "sensitive_attributes": [],
          "identity_schema_version": 0,
          "private": "eyJlMmJmYjczMC1lY2FhLTExZTYtOGY4OC0zNDM2M2JjN2M0YzAiOnsiY3JlYXRlIjoxODAwMDAwMDAwMDAwLCJkZWxldGUiOjE4MDAwMDAwMDAwMDB9fQ==",
          "dependencies": [
            "module.apigee-x-core.google_project_service_identity.apigee_sa",
            "module.apigee-x-core.module.apigee.google_apigee_environment.environments",
            "module.apigee-x-core.module.apigee.google_apigee_instance.instances",
            "module.apigee-x-core.module.apigee.google_apigee_organization.organization",
            "module.apigee-x-core.module.kms-inst-disk.data.google_kms_key_ring.default",
            "module.apigee-x-core.module.kms-inst-disk.google_kms_crypto_key.default",
            "module.apigee-x-core.module.kms-inst-disk.google_kms_crypto_key_iam_binding.authoritative",
            "module.apigee-x-core.module.kms-inst-disk.google_kms_crypto_key_iam_binding.bindings",
            "module.apigee-x-core.module.kms-inst-disk.google_kms_crypto_key_iam_member.members",
            "module.apigee-x-core.module.kms-inst-disk.google_kms_key_ring.default",
            "module.apigee-x-core.module.kms-inst-disk.google_kms_key_ring_iam_binding.authoritative",
            "module.apigee-x-core.module.kms-inst-disk.google_kms_key_ring_iam_binding.bindings",
            "module.apigee-x-core.module.kms-inst-disk.google_kms_key_ring_iam_member.bindings",
            "module.apigee-x-core.module.kms-inst-disk.google_kms_key_ring_import_job.default",
            "module.apigee-x-core.module.kms-inst-disk.google_tags_tag_binding.binding",
            "module.apigee-x-core.module.kms-org-db.data.google_kms_key_ring.default",
            "module.apigee-x-core.module.kms-org-db.google_kms_crypto_key.default",
            "module.apigee-x-core.module.kms-org-db.google_kms_crypto_key_iam_binding.authoritative",
            "module.apigee-x-core.module.kms-org-db.google_kms_crypto_key_iam_binding.bindings",
            "module.apigee-x-core.module.kms-org-db.google_kms_key_ring.default",
            "module.host-project.data.google_bigquery_default_service_account.bq_sa",
            "module.host-project.data.google_project.project",
            "module.host-project.data.google_storage_project_service_account.gcs_sa",
            "module.host-project.google_compute_shared_vpc_host_project.shared_vpc_host",
            "module.host-project.google_compute_shared_vpc_service_project.service_projects",
            "module.host-project.google_kms_crypto_key_iam_member.service_identity_cmek",
            "module.host-project.google_project.project",
            "module.host-project.google_project_iam_member.servicenetworking",
            "module.host-project.google_project_iam_member.shared_vpc_host_robots",
            "module.host-project.google_project_organization_policy.boolean",
            "module.host-project.google_project_organization_policy.list",
            "module.host-project.google_project_service.project_services",
            "module.host-project.google_project_service_identity.jit_si",
            "module.host-project.google_project_service_identity.servicenetworking",
            "module.service-project.data.google_bigquery_default_service_account.bq_sa",
            "module.service-project.data.google_project.project",
            "module.service-project.data.google_storage_project_service_account.gcs_sa",
            "module.service-project.google_compute_shared_vpc_host_project.shared_vpc_host",
            "module.service-project.google_compute_shared_vpc_service_project.service_projects",
            "module.service-project.google_kms_crypto_key_iam_member.service_identity_cmek",
            "module.service-project.google_project.project",
            "module.service-project.google_project_iam_member.servicenetworking",
            "module.service-project.google_project_iam_member.shared_vpc_host_robots",
            "module.service-project.google_project_organization_policy.boolean",
            "module.service-project.google_project_organization_policy.list",
            "module.service-project.google_project_service.project_services",
            "module.service-project.google_project_service_identity.jit_si",
            "module.service-project.google_project_service_identity.servicenetworking",
            "module.shared-vpc.data.google_compute_network.network",
            "module.shared-vpc.google_compute_global_address.psa_ranges",
            "module.shared-vpc.google_compute_network.network",
            "module.shared-vpc.google_compute_network_peering.local",
            "module.shared-vpc.google_compute_network_peering.remote",
            "module.shared-vpc.google_compute_shared_vpc_host_project.shared_vpc_host",
            "module.shared-vpc.google_compute_shared_vpc_service_project.service_projects",
            "module.shared-vpc.google_service_networking_connection.psa_connection"
          ]
        }
      ]
    },
    {
      "module": "module.apigee-x-core.module.apigee",
      "mode": "managed",
      "type": "google_apigee_organization",
      "name": "organization",
      "provider": "provider[\"registry.terraform.io/hashicorp/google\"]",
      "instances": [
        {
          "index_key": 0,
          "schema_version": 0,
          "attributes": {
            "analytics_region": "europe-west1",
            "api_consumer_data_encryption_key_name": "",
            "api_consumer_data_location": "",
            "apigee_project_id": "vfd7207c4b87b6ba0p-tp",
            "authorized_network": "projects/is-network-tf-01/global/networks/apigee-network",
            "billing_type": "EVALUATION",
            "ca_certificate": "LS0tLS1CRUdJTiBDRVJUSUZJQ0FURS0tLS0tCk1JSURTVENDQWpHZ0F3SUJBZ0lRREdBaERUNXA4MkRWenJDN3FtT3JqakFOQmdrcWhraUc5dzBCQVFzRkFEQXYKTVMwd0t3WURWUVFERXlRd1kyTXhNakUwTXkxbE1HTTNMVFEwT1dFdFlqVTFaQzAzTVRrM1kyWTFOREpoTVRFdwpIaGNOTWpVeE1EQXhNRFF6TkRBd1doY05NelV3T1RJNU1EUXpOREF3V2pBdk1TMHdLd1lEVlFRREV5UXdZMk14Ck1qRTBNeTFsTUdNM0xUUTBPV0V0WWpVMVpDMDNNVGszWTJZMU5ESmhNVEV3Z2dFaU1BMEdDU3FHU0liM0RRRUIKQVFVQUE0SUJEd0F3Z2dFS0FvSUJBUUNjN0dZS0JNaFNobVY1bWtFZDVxU3BUeWR1eTIwQklmcEpkcXZ0NmhZQwpxb0QrRzFUREoxWnVXRzFxQTZHYkJhb1FmUXFOaEJNNG0yTkpiYTc1NUFwNmVQTTlVc2lmTFh6WFRUODJlMXpGCnUrSExiQ2JyWEcvSVErTXRDZE5hOVJWVE5GSG8rZ1FSOW1RbEg4UWJDVUZSWFpMU0YwRXRGZkh6Nmc4b3oyc2wKWUZSUGw2bnBtQmRXeUdBekhBeFpSZVpKMlBSNmErQnJDbFRqK1BvR3RjazdMWlc0Mk54a0wwTWY4SUQ5ais1WQpucWhNTmRmUzRjbEpOOHVkR1VkeTl2VnFaNTNMKzljek1jM0JQSHFjbFVTakxVVFdxNExHaXMzYmNGRHRFaXhVCkFTSzRZSC9CUzE4YnI5QmJzSEMwbWRJZSt5ZHh6NGViYTBpNUNHTEtxcEpKQWdNQkFBR2pZVEJmTUE0R0ExVWQKRHdFQi93UUVBd0lDcERBZEJnTlZIU1VFRmpBVUJnZ3JCZ0VGQlFjREFRWUlLd1lCQlFVSEF3SXdEd1lEVlIwVApBUUgvQkFVd0F3RUIvekFkQmdOVkhRNEVGZ1FVVEJRRmJpaTBuYUdaSFowTi9icU1mV1A2MkY0d0RRWUpLb1pJCmh2Y05BUUVMQlFBRGdnRUJBRmZ2NjR6NjdlM1k5SmRYbDVGWnlrbDFuZVFWUnpZUjVaKzdubEpxVWNSSjVnYVMKRStoSmNUTlAzTndueHgvMmk0T3MxcTR5TXExWGRJU3BlaTZBdGZUaWNWbWRlQVliZ2FnaWF2aG9RWk9HNUZ4TAowVnd2eEFoemR6RlB4cmpaZTIwQUdUWk9DKzFhK293dzJwa2wvUFliL3M4SXAyQ29XUUtCd2x1aVgrUDRGeHhkClNMTVlGbVk3VE5QVy8ySnBENHZkUDdFNVpKR216NDE1YkZJYis0NlFJYnZyOVBqaHpXZDhSUEFyWC8zRGlVa1AKVDZiOEU0czdaa1V2UVdiZUlFZDdydVNrZzFqM3hZVklSSENZZVJZcC9KSnBKQXJ0cUpKMW51OUdLTW5JRENTdApPUEFkYXIzVU9kcDhwQTJQYnFJMXNTTFZObEFHWVZuWGVBM01oVWc9Ci0tLS0tRU5EIENFUlRJRklDQVRFLS0tLS0K",
            "control_plane_encryption_key_name": "",
            "description": "",
            "disable_vpc_peering": false,
            "display_name": "",
            "id": "organizations/is-apgx-tf-01",
            "name": "is-apgx-tf-01",
            "project_id": "is-apgx-tf-01",
            "properties": [
              {
                "property": [
                  {
                    "name": "features.hybrid.enabled",
                    "value": "true"
                  },
                  {
                    "name": "features.mart.connect.enabled",
                    "value": "true"
                  }
                ]
              }
            ],
            "retention": "DELETION_RETENTION_UNSPECIFIED",
            "runtime_database_encryption_key_name": "projects/is-apgx-tf-01/locations/europe-west1/keyRings/apigee-x-org/cryptoKeys/org-db",
            "runtime_type": "CLOUD",
            "subscription_type": "TRIAL",
            "timeouts": null
          },
          "sensitive_attributes": [],
          "identity_schema_version": 0,
          "private": "eyJlMmJmYjczMC1lY2FhLTExZTYtOGY4OC0zNDM2M2JjN2M0YzAiOnsiY3JlYXRlIjoyNzAwMDAwMDAwMDAwLCJkZWxldGUiOjI3MDAwMDAwMDAwMDAsInVwZGF0ZSI6MjcwMDAwMDAwMDAwMH19",
          "dependencies": [
            "module.apigee-x-core.module.kms-org-db.data.google_kms_key_ring.default",
            "module.apigee-x-core.module.kms-org-db.google_kms_crypto_key.default",
            "module.apigee-x-core.module.kms-org-db.google_kms_crypto_key_iam_binding.authoritative",
            "module.apigee-x-core.module.kms-org-db.google_kms_crypto_key_iam_binding.bindings",
            "module.apigee-x-core.module.kms-org-db.google_kms_key_ring.default",
            "module.host-project.data.google_bigquery_default_service_account.bq_sa",
            "module.host-project.data.google_project.project",
            "module.host-project.data.google_storage_project_service_account.gcs_sa",
            "module.host-project.google_compute_shared_vpc_host_project.shared_vpc_host",
            "module.host-project.google_compute_shared_vpc_service_project.service_projects",
            "module.host-project.google_kms_crypto_key_iam_member.service_identity_cmek",
            "module.host-project.google_project.project",
            "module.host-project.google_project_iam_member.servicenetworking",
            "module.host-project.google_project_iam_member.shared_vpc_host_robots",
            "module.host-project.google_project_organization_policy.boolean",
            "module.host-project.google_project_organization_policy.list",
            "module.host-project.google_project_service.project_services",
            "module.host-project.google_project_service_identity.jit_si",
            "module.host-project.google_project_service_identity.servicenetworking",
            "module.service-project.data.google_bigquery_default_service_account.bq_sa",
            "module.service-project.data.google_project.project",
            "module.service-project.data.google_storage_project_service_account.gcs_sa",
            "module.service-project.google_compute_shared_vpc_host_project.shared_vpc_host",
            "module.service-project.google_compute_shared_vpc_service_project.service_projects",
            "module.service-project.google_kms_crypto_key_iam_member.service_identity_cmek",
            "module.service-project.google_project.project",
            "module.service-project.google_project_iam_member.servicenetworking",
            "module.service-project.google_project_iam_member.shared_vpc_host_robots",
            "module.service-project.google_project_organization_policy.boolean",
            "module.service-project.google_project_organization_policy.list",
            "module.service-project.google_project_service.project_services",
            "module.service-project.google_project_service_identity.jit_si",
            "module.service-project.google_project_service_identity.servicenetworking",
            "module.shared-vpc.data.google_compute_network.network",
            "module.shared-vpc.google_compute_global_address.psa_ranges",
            "module.shared-vpc.google_compute_network.network",
            "module.shared-vpc.google_compute_network_peering.local",
            "module.shared-vpc.google_compute_network_peering.remote",
            "module.shared-vpc.google_compute_shared_vpc_host_project.shared_vpc_host",
            "module.shared-vpc.google_compute_shared_vpc_service_project.service_projects",
            "module.shared-vpc.google_service_networking_connection.psa_connection"
          ],
          "create_before_destroy": true
        }
      ]
    },
    {
      "module": "module.apigee-x-core.module.kms-inst-disk[\"euw1-instance\"]",
      "mode": "managed",
      "type": "google_kms_crypto_key",
      "name": "default",
      "provider": "provider[\"registry.terraform.io/hashicorp/google\"]",
      "instances": [
        {
          "index_key": "inst-disk",
          "schema_version": 1,
          "attributes": {
            "crypto_key_backend": "",
            "destroy_scheduled_duration": "2592000s",
            "effective_labels": {},
            "id": "projects/is-apgx-tf-01/locations/europe-west1/keyRings/apigee-euw1-instance/cryptoKeys/inst-disk",
            "import_only": false,
            "key_ring": "projects/is-apgx-tf-01/locations/europe-west1/keyRings/apigee-euw1-instance",
            "labels": {},
            "name": "inst-disk",
            "primary": [
              {
                "name": "projects/is-apgx-tf-01/locations/europe-west1/keyRings/apigee-euw1-instance/cryptoKeys/inst-disk/cryptoKeyVersions/1",
                "state": "ENABLED"
              }
            ],
            "purpose": "ENCRYPT_DECRYPT",
            "rotation_period": "2592000s",
            "skip_initial_version_creation": false,
            "terraform_labels": {},
            "timeouts": null,
            "version_template": [
              {
                "algorithm": "GOOGLE_SYMMETRIC_ENCRYPTION",
                "protection_level": "SOFTWARE"
              }
            ]
          },
          "sensitive_attributes": [],
          "identity_schema_version": 0,
          "private": "eyJlMmJmYjczMC1lY2FhLTExZTYtOGY4OC0zNDM2M2JjN2M0YzAiOnsiY3JlYXRlIjoxMjAwMDAwMDAwMDAwLCJkZWxldGUiOjEyMDAwMDAwMDAwMDAsInVwZGF0ZSI6MTIwMDAwMDAwMDAwMH0sInNjaGVtYV92ZXJzaW9uIjoiMSJ9",
          "dependencies": [
            "module.apigee-x-core.module.kms-inst-disk.data.google_kms_key_ring.default",
            "module.apigee-x-core.module.kms-inst-disk.google_kms_key_ring.default",
            "module.host-project.data.google_bigquery_default_service_account.bq_sa",
            "module.host-project.data.google_project.project",
            "module.host-project.data.google_storage_project_service_account.gcs_sa",
            "module.host-project.google_compute_shared_vpc_host_project.shared_vpc_host",
            "module.host-project.google_compute_shared_vpc_service_project.service_projects",
            "module.host-project.google_kms_crypto_key_iam_member.service_identity_cmek",
            "module.host-project.google_project.project",
            "module.host-project.google_project_iam_member.servicenetworking",
            "module.host-project.google_project_iam_member.shared_vpc_host_robots",
            "module.host-project.google_project_organization_policy.boolean",
            "module.host-project.google_project_organization_policy.list",
            "module.host-project.google_project_service.project_services",
            "module.host-project.google_project_service_identity.jit_si",
            "module.host-project.google_project_service_identity.servicenetworking",
            "module.service-project.data.google_bigquery_default_service_account.bq_sa",
            "module.service-project.data.google_project.project",
            "module.service-project.data.google_storage_project_service_account.gcs_sa",
            "module.service-project.google_compute_shared_vpc_host_project.shared_vpc_host",
            "module.service-project.google_compute_shared_vpc_service_project.service_projects",
            "module.service-project.google_kms_crypto_key_iam_member.service_identity_cmek",
            "module.service-project.google_project.project",
            "module.service-project.google_project_iam_member.servicenetworking",
            "module.service-project.google_project_iam_member.shared_vpc_host_robots",
            "module.service-project.google_project_organization_policy.boolean",
            "module.service-project.google_project_organization_policy.list",
            "module.service-project.google_project_service.project_services",
            "module.service-project.google_project_service_identity.jit_si",
            "module.service-project.google_project_service_identity.servicenetworking"
          ],
          "create_before_destroy": true
        }
      ]
    },
    {
      "module": "module.apigee-x-core.module.kms-inst-disk[\"euw1-instance\"]",
      "mode": "managed",
      "type": "google_kms_key_ring",
      "name": "default",
      "provider": "provider[\"registry.terraform.io/hashicorp/google\"]",
      "instances": [
        {
          "index_key": 0,
          "schema_version": 0,
          "attributes": {
            "id": "projects/is-apgx-tf-01/locations/europe-west1/keyRings/apigee-euw1-instance",
            "location": "europe-west1",
            "name": "apigee-euw1-instance",
            "project": "is-apgx-tf-01",
            "timeouts": null
          },
          "sensitive_attributes": [],
          "identity_schema_version": 0,
          "private": "eyJlMmJmYjczMC1lY2FhLTExZTYtOGY4OC0zNDM2M2JjN2M0YzAiOnsiY3JlYXRlIjoxMjAwMDAwMDAwMDAwLCJkZWxldGUiOjEyMDAwMDAwMDAwMDB9fQ==",
          "dependencies": [
            "module.host-project.data.google_bigquery_default_service_account.bq_sa",
            "module.host-project.data.google_project.project",
            "module.host-project.data.google_storage_project_service_account.gcs_sa",
            "module.host-project.google_compute_shared_vpc_host_project.shared_vpc_host",
            "module.host-project.google_compute_shared_vpc_service_project.service_projects",
            "module.host-project.google_kms_crypto_key_iam_member.service_identity_cmek",
            "module.host-project.google_project.project",
            "module.host-project.google_project_iam_member.servicenetworking",
            "module.host-project.google_project_iam_member.shared_vpc_host_robots",
            "module.host-project.google_project_organization_policy.boolean",
            "module.host-project.google_project_organization_policy.list",
            "module.host-project.google_project_service.project_services",
            "module.host-project.google_project_service_identity.jit_si",
            "module.host-project.google_project_service_identity.servicenetworking",
            "module.service-project.data.google_bigquery_default_service_account.bq_sa",
            "module.service-project.data.google_project.project",
            "module.service-project.data.google_storage_project_service_account.gcs_sa",
            "module.service-project.google_compute_shared_vpc_host_project.shared_vpc_host",
            "module.service-project.google_compute_shared_vpc_service_project.service_projects",
            "module.service-project.google_kms_crypto_key_iam_member.service_identity_cmek",
            "module.service-project.google_project.project",
            "module.service-project.google_project_iam_member.servicenetworking",
            "module.service-project.google_project_iam_member.shared_vpc_host_robots",
            "module.service-project.google_project_organization_policy.boolean",
            "module.service-project.google_project_organization_policy.list",
            "module.service-project.google_project_service.project_services",
            "module.service-project.google_project_service_identity.jit_si",
            "module.service-project.google_project_service_identity.servicenetworking"
          ],
          "create_before_destroy": true
        }
      ]
    },
    {
      "module": "module.apigee-x-core.module.kms-inst-disk[\"euw1-instance\"]",
      "mode": "managed",
      "type": "google_kms_key_ring_iam_binding",
      "name": "authoritative",
      "provider": "provider[\"registry.terraform.io/hashicorp/google\"]",
      "instances": [
        {
          "index_key": "roles/cloudkms.cryptoKeyEncrypterDecrypter",
          "schema_version": 0,
          "attributes": {
            "condition": [],
            "etag": "BwZABkPHRhc=",
            "id": "projects/is-apgx-tf-01/locations/europe-west1/keyRings/apigee-euw1-instance/roles/cloudkms.cryptoKeyEncrypterDecrypter",
            "key_ring_id": "projects/is-apgx-tf-01/locations/europe-west1/keyRings/apigee-euw1-instance",
            "members": [
              "serviceAccount:service-913605447917@gcp-sa-apigee.iam.gserviceaccount.com"
            ],
            "role": "roles/cloudkms.cryptoKeyEncrypterDecrypter"
          },
          "sensitive_attributes": [],
          "identity_schema_version": 0,
          "private": "bnVsbA==",
          "dependencies": [
            "module.apigee-x-core.google_project_service_identity.apigee_sa",
            "module.apigee-x-core.module.kms-inst-disk.data.google_kms_key_ring.default",
            "module.apigee-x-core.module.kms-inst-disk.google_kms_key_ring.default",
            "module.host-project.data.google_bigquery_default_service_account.bq_sa",
            "module.host-project.data.google_project.project",
            "module.host-project.data.google_storage_project_service_account.gcs_sa",
            "module.host-project.google_compute_shared_vpc_host_project.shared_vpc_host",
            "module.host-project.google_compute_shared_vpc_service_project.service_projects",
            "module.host-project.google_kms_crypto_key_iam_member.service_identity_cmek",
            "module.host-project.google_project.project",
            "module.host-project.google_project_iam_member.servicenetworking",
            "module.host-project.google_project_iam_member.shared_vpc_host_robots",
            "module.host-project.google_project_organization_policy.boolean",
            "module.host-project.google_project_organization_policy.list",
            "module.host-project.google_project_service.project_services",
            "module.host-project.google_project_service_identity.jit_si",
            "module.host-project.google_project_service_identity.servicenetworking",
            "module.service-project.data.google_bigquery_default_service_account.bq_sa",
            "module.service-project.data.google_project.project",
            "module.service-project.data.google_storage_project_service_account.gcs_sa",
            "module.service-project.google_compute_shared_vpc_host_project.shared_vpc_host",
            "module.service-project.google_compute_shared_vpc_service_project.service_projects",
            "module.service-project.google_kms_crypto_key_iam_member.service_identity_cmek",
            "module.service-project.google_project.project",
            "module.service-project.google_project_iam_member.servicenetworking",
            "module.service-project.google_project_iam_member.shared_vpc_host_robots",
            "module.service-project.google_project_organization_policy.boolean",
            "module.service-project.google_project_organization_policy.list",
            "module.service-project.google_project_service.project_services",
            "module.service-project.google_project_service_identity.jit_si",
            "module.service-project.google_project_service_identity.servicenetworking"
          ],
          "create_before_destroy": true
        }
      ]
    },
    {
      "module": "module.apigee-x-core.module.kms-org-db",
      "mode": "managed",
      "type": "google_kms_crypto_key",
      "name": "default",
      "provider": "provider[\"registry.terraform.io/hashicorp/google\"]",
      "instances": [
        {
          "index_key": "org-db",
          "schema_version": 1,
          "attributes": {
            "crypto_key_backend": "",
            "destroy_scheduled_duration": "2592000s",
            "effective_labels": {},
            "id": "projects/is-apgx-tf-01/locations/europe-west1/keyRings/apigee-x-org/cryptoKeys/org-db",
            "import_only": false,
            "key_ring": "projects/is-apgx-tf-01/locations/europe-west1/keyRings/apigee-x-org",
            "labels": {},
            "name": "org-db",
            "primary": [
              {
                "name": "projects/is-apgx-tf-01/locations/europe-west1/keyRings/apigee-x-org/cryptoKeys/org-db/cryptoKeyVersions/1",
                "state": "ENABLED"
              }
            ],
            "purpose": "ENCRYPT_DECRYPT",
            "rotation_period": "2592000s",
            "skip_initial_version_creation": false,
            "terraform_labels": {},
            "timeouts": null,
            "version_template": [
              {
                "algorithm": "GOOGLE_SYMMETRIC_ENCRYPTION",
                "protection_level": "SOFTWARE"
              }
            ]
          },
          "sensitive_attributes": [],
          "identity_schema_version": 0,
          "private": "eyJlMmJmYjczMC1lY2FhLTExZTYtOGY4OC0zNDM2M2JjN2M0YzAiOnsiY3JlYXRlIjoxMjAwMDAwMDAwMDAwLCJkZWxldGUiOjEyMDAwMDAwMDAwMDAsInVwZGF0ZSI6MTIwMDAwMDAwMDAwMH0sInNjaGVtYV92ZXJzaW9uIjoiMSJ9",
          "dependencies": [
            "module.apigee-x-core.module.kms-org-db.data.google_kms_key_ring.default",
            "module.apigee-x-core.module.kms-org-db.google_kms_key_ring.default",
            "module.host-project.data.google_bigquery_default_service_account.bq_sa",
            "module.host-project.data.google_project.project",
            "module.host-project.data.google_storage_project_service_account.gcs_sa",
            "module.host-project.google_compute_shared_vpc_host_project.shared_vpc_host",
            "module.host-project.google_compute_shared_vpc_service_project.service_projects",
            "module.host-project.google_kms_crypto_key_iam_member.service_identity_cmek",
            "module.host-project.google_project.project",
            "module.host-project.google_project_iam_member.servicenetworking",
            "module.host-project.google_project_iam_member.shared_vpc_host_robots",
            "module.host-project.google_project_organization_policy.boolean",
            "module.host-project.google_project_organization_policy.list",
            "module.host-project.google_project_service.project_services",
            "module.host-project.google_project_service_identity.jit_si",
            "module.host-project.google_project_service_identity.servicenetworking",
            "module.service-project.data.google_bigquery_default_service_account.bq_sa",
            "module.service-project.data.google_project.project",
            "module.service-project.data.google_storage_project_service_account.gcs_sa",
            "module.service-project.google_compute_shared_vpc_host_project.shared_vpc_host",
            "module.service-project.google_compute_shared_vpc_service_project.service_projects",
            "module.service-project.google_kms_crypto_key_iam_member.service_identity_cmek",
            "module.service-project.google_project.project",
            "module.service-project.google_project_iam_member.servicenetworking",
            "module.service-project.google_project_iam_member.shared_vpc_host_robots",
            "module.service-project.google_project_organization_policy.boolean",
            "module.service-project.google_project_organization_policy.list",
            "module.service-project.google_project_service.project_services",
            "module.service-project.google_project_service_identity.jit_si",
            "module.service-project.google_project_service_identity.servicenetworking"
          ],
          "create_before_destroy": true
        }
      ]
    },
    {
      "module": "module.apigee-x-core.module.kms-org-db",
      "mode": "managed",
      "type": "google_kms_key_ring",
      "name": "default",
      "provider": "provider[\"registry.terraform.io/hashicorp/google\"]",
      "instances": [
        {
          "index_key": 0,
          "schema_version": 0,
          "attributes": {
            "id": "projects/is-apgx-tf-01/locations/europe-west1/keyRings/apigee-x-org",
            "location": "europe-west1",
            "name": "apigee-x-org",
            "project": "is-apgx-tf-01",
            "timeouts": null
          },
          "sensitive_attributes": [],
          "identity_schema_version": 0,
          "private": "eyJlMmJmYjczMC1lY2FhLTExZTYtOGY4OC0zNDM2M2JjN2M0YzAiOnsiY3JlYXRlIjoxMjAwMDAwMDAwMDAwLCJkZWxldGUiOjEyMDAwMDAwMDAwMDB9fQ==",
          "dependencies": [
            "module.host-project.data.google_bigquery_default_service_account.bq_sa",
            "module.host-project.data.google_project.project",
            "module.host-project.data.google_storage_project_service_account.gcs_sa",
            "module.host-project.google_compute_shared_vpc_host_project.shared_vpc_host",
            "module.host-project.google_compute_shared_vpc_service_project.service_projects",
            "module.host-project.google_kms_crypto_key_iam_member.service_identity_cmek",
            "module.host-project.google_project.project",
            "module.host-project.google_project_iam_member.servicenetworking",
            "module.host-project.google_project_iam_member.shared_vpc_host_robots",
            "module.host-project.google_project_organization_policy.boolean",
            "module.host-project.google_project_organization_policy.list",
            "module.host-project.google_project_service.project_services",
            "module.host-project.google_project_service_identity.jit_si",
            "module.host-project.google_project_service_identity.servicenetworking",
            "module.service-project.data.google_bigquery_default_service_account.bq_sa",
            "module.service-project.data.google_project.project",
            "module.service-project.data.google_storage_project_service_account.gcs_sa",
            "module.service-project.google_compute_shared_vpc_host_project.shared_vpc_host",
            "module.service-project.google_compute_shared_vpc_service_project.service_projects",
            "module.service-project.google_kms_crypto_key_iam_member.service_identity_cmek",
            "module.service-project.google_project.project",
            "module.service-project.google_project_iam_member.servicenetworking",
            "module.service-project.google_project_iam_member.shared_vpc_host_robots",
            "module.service-project.google_project_organization_policy.boolean",
            "module.service-project.google_project_organization_policy.list",
            "module.service-project.google_project_service.project_services",
            "module.service-project.google_project_service_identity.jit_si",
            "module.service-project.google_project_service_identity.servicenetworking"
          ],
          "create_before_destroy": true
        }
      ]
    },
    {
      "module": "module.apigee-x-core.module.kms-org-db",
      "mode": "managed",
      "type": "google_kms_key_ring_iam_binding",
      "name": "authoritative",
      "provider": "provider[\"registry.terraform.io/hashicorp/google\"]",
      "instances": [
        {
          "index_key": "roles/cloudkms.cryptoKeyEncrypterDecrypter",
          "schema_version": 0,
          "attributes": {
            "condition": [],
            "etag": "BwZABkPeWxk=",
            "id": "projects/is-apgx-tf-01/locations/europe-west1/keyRings/apigee-x-org/roles/cloudkms.cryptoKeyEncrypterDecrypter",
            "key_ring_id": "projects/is-apgx-tf-01/locations/europe-west1/keyRings/apigee-x-org",
            "members": [
              "serviceAccount:service-913605447917@gcp-sa-apigee.iam.gserviceaccount.com"
            ],
            "role": "roles/cloudkms.cryptoKeyEncrypterDecrypter"
          },
          "sensitive_attributes": [],
          "identity_schema_version": 0,
          "private": "bnVsbA==",
          "dependencies": [
            "module.apigee-x-core.google_project_service_identity.apigee_sa",
            "module.apigee-x-core.module.kms-org-db.data.google_kms_key_ring.default",
            "module.apigee-x-core.module.kms-org-db.google_kms_key_ring.default",
            "module.host-project.data.google_bigquery_default_service_account.bq_sa",
            "module.host-project.data.google_project.project",
            "module.host-project.data.google_storage_project_service_account.gcs_sa",
            "module.host-project.google_compute_shared_vpc_host_project.shared_vpc_host",
            "module.host-project.google_compute_shared_vpc_service_project.service_projects",
            "module.host-project.google_kms_crypto_key_iam_member.service_identity_cmek",
            "module.host-project.google_project.project",
            "module.host-project.google_project_iam_member.servicenetworking",
            "module.host-project.google_project_iam_member.shared_vpc_host_robots",
            "module.host-project.google_project_organization_policy.boolean",
            "module.host-project.google_project_organization_policy.list",
            "module.host-project.google_project_service.project_services",
            "module.host-project.google_project_service_identity.jit_si",
            "module.host-project.google_project_service_identity.servicenetworking",
            "module.service-project.data.google_bigquery_default_service_account.bq_sa",
            "module.service-project.data.google_project.project",
            "module.service-project.data.google_storage_project_service_account.gcs_sa",
            "module.service-project.google_compute_shared_vpc_host_project.shared_vpc_host",
            "module.service-project.google_compute_shared_vpc_service_project.service_projects",
            "module.service-project.google_kms_crypto_key_iam_member.service_identity_cmek",
            "module.service-project.google_project.project",
            "module.service-project.google_project_iam_member.servicenetworking",
            "module.service-project.google_project_iam_member.shared_vpc_host_robots",
            "module.service-project.google_project_organization_policy.boolean",
            "module.service-project.google_project_organization_policy.list",
            "module.service-project.google_project_service.project_services",
            "module.service-project.google_project_service_identity.jit_si",
            "module.service-project.google_project_service_identity.servicenetworking"
          ]
        }
      ]
    },
    {
      "module": "module.host-project",
      "mode": "data",
      "type": "google_project",
      "name": "project",
      "provider": "provider[\"registry.terraform.io/hashicorp/google\"]",
      "instances": [
        {
          "index_key": 0,
          "schema_version": 0,
          "attributes": {
            "auto_create_network": null,
            "billing_account": "013AB2-2F31D0-F8B18E",
            "deletion_policy": "DELETE",
            "effective_labels": {},
            "folder_id": "",
            "id": "projects/is-network-tf-01",
            "labels": {},
            "name": "is-network-tf-01",
            "number": "580154995259",
            "org_id": "135159819908",
            "project_id": "is-network-tf-01",
            "skip_delete": null,
            "terraform_labels": {}
          },
          "sensitive_attributes": [],
          "identity_schema_version": 0
        }
      ]
    },
    {
      "module": "module.host-project",
      "mode": "managed",
      "type": "google_compute_shared_vpc_host_project",
      "name": "shared_vpc_host",
      "provider": "provider[\"registry.terraform.io/hashicorp/google-beta\"]",
      "instances": [
        {
          "index_key": 0,
          "schema_version": 0,
          "attributes": {
            "id": "is-network-tf-01",
            "project": "is-network-tf-01",
            "timeouts": null
          },
          "sensitive_attributes": [],
          "identity_schema_version": 0,
          "private": "eyJlMmJmYjczMC1lY2FhLTExZTYtOGY4OC0zNDM2M2JjN2M0YzAiOnsiY3JlYXRlIjoyNDAwMDAwMDAwMDAsImRlbGV0ZSI6MjQwMDAwMDAwMDAwfX0=",
          "dependencies": [
            "module.host-project.data.google_project.project",
            "module.host-project.google_project.project",
            "module.host-project.google_project_service.project_services"
          ],
          "create_before_destroy": true
        }
      ]
    },
    {
      "module": "module.host-project",
      "mode": "managed",
      "type": "google_compute_shared_vpc_service_project",
      "name": "service_projects",
      "provider": "provider[\"registry.terraform.io/hashicorp/google-beta\"]",
      "instances": [
        {
          "index_key": "is-apgx-tf-01",
          "schema_version": 0,
          "attributes": {
            "deletion_policy": null,
            "host_project": "is-network-tf-01",
            "id": "is-network-tf-01/is-apgx-tf-01",
            "service_project": "is-apgx-tf-01",
            "timeouts": null
          },
          "sensitive_attributes": [],
          "identity_schema_version": 0,
          "private": "eyJlMmJmYjczMC1lY2FhLTExZTYtOGY4OC0zNDM2M2JjN2M0YzAiOnsiY3JlYXRlIjoyNDAwMDAwMDAwMDAsImRlbGV0ZSI6MjQwMDAwMDAwMDAwfX0=",
          "dependencies": [
            "module.host-project.data.google_project.project",
            "module.host-project.google_compute_shared_vpc_host_project.shared_vpc_host",
            "module.host-project.google_project.project",
            "module.host-project.google_project_service.project_services"
          ],
          "create_before_destroy": true
        }
      ]
    },
    {
      "module": "module.host-project",
      "mode": "managed",
      "type": "google_project_iam_member",
      "name": "servicenetworking",
      "provider": "provider[\"registry.terraform.io/hashicorp/google\"]",
      "instances": [
        {
          "index_key": 0,
          "schema_version": 0,
          "attributes": {
            "condition": [],
            "etag": "BwZABLXjb9U=",
            "id": "is-network-tf-01/roles/servicenetworking.serviceAgent/serviceAccount:service-580154995259@service-networking.iam.gserviceaccount.com",
            "member": "serviceAccount:service-580154995259@service-networking.iam.gserviceaccount.com",
            "project": "is-network-tf-01",
            "role": "roles/servicenetworking.serviceAgent"
          },
          "sensitive_attributes": [],
          "identity_schema_version": 0,
          "private": "bnVsbA==",
          "dependencies": [
            "module.host-project.data.google_project.project",
            "module.host-project.google_project.project",
            "module.host-project.google_project_service.project_services",
            "module.host-project.google_project_service_identity.servicenetworking"
          ],
          "create_before_destroy": true
        }
      ]
    },
    {
      "module": "module.host-project",
      "mode": "managed",
      "type": "google_project_service",
      "name": "project_services",
      "provider": "provider[\"registry.terraform.io/hashicorp/google\"]",
      "instances": [
        {
          "index_key": "servicenetworking.googleapis.com",
          "schema_version": 0,
          "attributes": {
            "disable_dependent_services": true,
            "disable_on_destroy": true,
            "id": "is-network-tf-01/servicenetworking.googleapis.com",
            "project": "is-network-tf-01",
            "service": "servicenetworking.googleapis.com",
            "timeouts": null
          },
          "sensitive_attributes": [],
          "identity_schema_version": 0,
          "private": "eyJlMmJmYjczMC1lY2FhLTExZTYtOGY4OC0zNDM2M2JjN2M0YzAiOnsiY3JlYXRlIjoxMjAwMDAwMDAwMDAwLCJkZWxldGUiOjEyMDAwMDAwMDAwMDAsInJlYWQiOjYwMDAwMDAwMDAwMCwidXBkYXRlIjoxMjAwMDAwMDAwMDAwfX0=",
          "dependencies": [
            "module.host-project.data.google_project.project",
            "module.host-project.google_project.project"
          ],
          "create_before_destroy": true
        }
      ]
    },
    {
      "module": "module.host-project",
      "mode": "managed",
      "type": "google_project_service_identity",
      "name": "servicenetworking",
      "provider": "provider[\"registry.terraform.io/hashicorp/google-beta\"]",
      "instances": [
        {
          "index_key": 0,
          "schema_version": 0,
          "attributes": {
            "email": "service-580154995259@service-networking.iam.gserviceaccount.com",
            "id": "projects/is-network-tf-01/services/servicenetworking.googleapis.com",
            "member": "serviceAccount:service-580154995259@service-networking.iam.gserviceaccount.com",
            "project": "is-network-tf-01",
            "service": "servicenetworking.googleapis.com",
            "timeouts": null
          },
          "sensitive_attributes": [],
          "identity_schema_version": 0,
          "private": "eyJlMmJmYjczMC1lY2FhLTExZTYtOGY4OC0zNDM2M2JjN2M0YzAiOnsiY3JlYXRlIjoxMjAwMDAwMDAwMDAwLCJkZWxldGUiOjEyMDAwMDAwMDAwMDAsInJlYWQiOjYwMDAwMDAwMDAwMH19",
          "dependencies": [
            "module.host-project.data.google_project.project",
            "module.host-project.google_project.project",
            "module.host-project.google_project_service.project_services"
          ],
          "create_before_destroy": true
        }
      ]
    },
    {
      "module": "module.mig-l7xlb",
      "mode": "managed",
      "type": "google_compute_backend_service",
      "name": "mig_backend",
      "provider": "provider[\"registry.terraform.io/hashicorp/google\"]",
      "instances": [
        {
          "schema_version": 1,
          "attributes": {
            "affinity_cookie_ttl_sec": 0,
            "backend": [
              {
                "balancing_mode": "UTILIZATION",
                "capacity_scaler": 1,
                "description": "",
                "group": "https://www.googleapis.com/compute/v1/projects/is-apgx-tf-01/regions/europe-west1/instanceGroups/apigee-europe-west1",
                "max_connections": 0,
                "max_connections_per_endpoint": 0,
                "max_connections_per_instance": 0,
                "max_rate": 0,
                "max_rate_per_endpoint": 0,
                "max_rate_per_instance": 0,
                "max_utilization": 0
              }
            ],
            "cdn_policy": [],
            "circuit_breakers": [],
            "compression_mode": "",
            "connection_draining_timeout_sec": 300,
            "consistent_hash": [],
            "creation_timestamp": "2025-09-30T21:57:33.893-07:00",
            "custom_request_headers": null,
            "custom_response_headers": null,
            "description": "",
            "edge_security_policy": "",
            "enable_cdn": false,
            "fingerprint": "A0fRzNQZIGA=",
            "generated_id": 1495342508395268690,
            "health_checks": [
              "projects/is-apgx-tf-01/global/healthChecks/apigee-xlb-hc"
            ],
            "iap": [],
            "id": "projects/is-apgx-tf-01/global/backendServices/apigee-xlb-backend",
            "load_balancing_scheme": "EXTERNAL",
            "locality_lb_policies": [],
            "locality_lb_policy": "",
            "log_config": [
              {
                "enable": false,
                "sample_rate": 0
              }
            ],
            "name": "apigee-xlb-backend",
            "outlier_detection": [],
            "port_name": "https",
            "project": "is-apgx-tf-01",
            "protocol": "HTTPS",
            "security_policy": "",
            "security_settings": [],
            "self_link": "https://www.googleapis.com/compute/v1/projects/is-apgx-tf-01/global/backendServices/apigee-xlb-backend",
            "service_lb_policy": "",
            "session_affinity": "NONE",
            "timeout_sec": 10,
            "timeouts": null
          },
          "sensitive_attributes": [],
          "identity_schema_version": 0,
          "private": "eyJlMmJmYjczMC1lY2FhLTExZTYtOGY4OC0zNDM2M2JjN2M0YzAiOnsiY3JlYXRlIjoxMjAwMDAwMDAwMDAwLCJkZWxldGUiOjEyMDAwMDAwMDAwMDAsInVwZGF0ZSI6MTIwMDAwMDAwMDAwMH0sInNjaGVtYV92ZXJzaW9uIjoiMSJ9",
          "dependencies": [
            "module.apigee-x-bridge-mig.google_compute_firewall.allow_glb_to_mig_bridge",
            "module.apigee-x-bridge-mig.module.bridge-mig.google_compute_autoscaler.default",
            "module.apigee-x-bridge-mig.module.bridge-mig.google_compute_health_check.default",
            "module.apigee-x-bridge-mig.module.bridge-mig.google_compute_instance_group_manager.default",
            "module.apigee-x-bridge-mig.module.bridge-mig.google_compute_per_instance_config.default",
            "module.apigee-x-bridge-mig.module.bridge-mig.google_compute_region_autoscaler.default",
            "module.apigee-x-bridge-mig.module.bridge-mig.google_compute_region_instance_group_manager.default",
            "module.apigee-x-bridge-mig.module.bridge-mig.google_compute_region_per_instance_config.default",
            "module.apigee-x-bridge-mig.module.bridge-template.google_compute_disk.boot",
            "module.apigee-x-bridge-mig.module.bridge-template.google_compute_disk.disks",
            "module.apigee-x-bridge-mig.module.bridge-template.google_compute_disk_resource_policy_attachment.attached",
            "module.apigee-x-bridge-mig.module.bridge-template.google_compute_disk_resource_policy_attachment.boot",
            "module.apigee-x-bridge-mig.module.bridge-template.google_compute_instance.default",
            "module.apigee-x-bridge-mig.module.bridge-template.google_compute_instance_group.unmanaged",
            "module.apigee-x-bridge-mig.module.bridge-template.google_compute_instance_iam_binding.default",
            "module.apigee-x-bridge-mig.module.bridge-template.google_compute_instance_template.default",
            "module.apigee-x-bridge-mig.module.bridge-template.google_compute_region_disk.disks",
            "module.apigee-x-bridge-mig.module.bridge-template.google_compute_region_disk_resource_policy_attachment.attached",
            "module.apigee-x-bridge-mig.module.bridge-template.google_compute_resource_policy.schedule",
            "module.apigee-x-bridge-mig.module.bridge-template.google_compute_resource_policy.snapshot",
            "module.apigee-x-bridge-mig.module.bridge-template.google_service_account.service_account",
            "module.apigee-x-core.google_project_service_identity.apigee_sa",
            "module.apigee-x-core.module.apigee.google_apigee_instance.instances",
            "module.apigee-x-core.module.apigee.google_apigee_organization.organization",
            "module.apigee-x-core.module.kms-inst-disk.data.google_kms_key_ring.default",
            "module.apigee-x-core.module.kms-inst-disk.google_kms_crypto_key.default",
            "module.apigee-x-core.module.kms-inst-disk.google_kms_crypto_key_iam_binding.authoritative",
            "module.apigee-x-core.module.kms-inst-disk.google_kms_crypto_key_iam_binding.bindings",
            "module.apigee-x-core.module.kms-inst-disk.google_kms_crypto_key_iam_member.members",
            "module.apigee-x-core.module.kms-inst-disk.google_kms_key_ring.default",
            "module.apigee-x-core.module.kms-inst-disk.google_kms_key_ring_iam_binding.authoritative",
            "module.apigee-x-core.module.kms-inst-disk.google_kms_key_ring_iam_binding.bindings",
            "module.apigee-x-core.module.kms-inst-disk.google_kms_key_ring_iam_member.bindings",
            "module.apigee-x-core.module.kms-inst-disk.google_kms_key_ring_import_job.default",
            "module.apigee-x-core.module.kms-inst-disk.google_tags_tag_binding.binding",
            "module.apigee-x-core.module.kms-org-db.data.google_kms_key_ring.default",
            "module.apigee-x-core.module.kms-org-db.google_kms_crypto_key.default",
            "module.apigee-x-core.module.kms-org-db.google_kms_crypto_key_iam_binding.authoritative",
            "module.apigee-x-core.module.kms-org-db.google_kms_crypto_key_iam_binding.bindings",
            "module.apigee-x-core.module.kms-org-db.google_kms_key_ring.default",
            "module.host-project.data.google_bigquery_default_service_account.bq_sa",
            "module.host-project.data.google_project.project",
            "module.host-project.data.google_storage_project_service_account.gcs_sa",
            "module.host-project.google_compute_shared_vpc_host_project.shared_vpc_host",
            "module.host-project.google_compute_shared_vpc_service_project.service_projects",
            "module.host-project.google_kms_crypto_key_iam_member.service_identity_cmek",
            "module.host-project.google_project.project",
            "module.host-project.google_project_iam_member.servicenetworking",
            "module.host-project.google_project_iam_member.shared_vpc_host_robots",
            "module.host-project.google_project_organization_policy.boolean",
            "module.host-project.google_project_organization_policy.list",
            "module.host-project.google_project_service.project_services",
            "module.host-project.google_project_service_identity.jit_si",
            "module.host-project.google_project_service_identity.servicenetworking",
            "module.mig-l7xlb.google_compute_health_check.mig_lb_hc",
            "module.service-project.data.google_bigquery_default_service_account.bq_sa",
            "module.service-project.data.google_project.project",
            "module.service-project.data.google_storage_project_service_account.gcs_sa",
            "module.service-project.google_compute_shared_vpc_host_project.shared_vpc_host",
            "module.service-project.google_compute_shared_vpc_service_project.service_projects",
            "module.service-project.google_kms_crypto_key_iam_member.service_identity_cmek",
            "module.service-project.google_project.project",
            "module.service-project.google_project_iam_member.servicenetworking",
            "module.service-project.google_project_iam_member.shared_vpc_host_robots",
            "module.service-project.google_project_organization_policy.boolean",
            "module.service-project.google_project_organization_policy.list",
            "module.service-project.google_project_service.project_services",
            "module.service-project.google_project_service_identity.jit_si",
            "module.service-project.google_project_service_identity.servicenetworking",
            "module.shared-vpc.data.google_compute_network.network",
            "module.shared-vpc.google_compute_global_address.psa_ranges",
            "module.shared-vpc.google_compute_network.network",
            "module.shared-vpc.google_compute_network_peering.local",
            "module.shared-vpc.google_compute_network_peering.remote",
            "module.shared-vpc.google_compute_shared_vpc_host_project.shared_vpc_host",
            "module.shared-vpc.google_compute_shared_vpc_service_project.service_projects",
            "module.shared-vpc.google_compute_subnetwork.subnetwork",
            "module.shared-vpc.google_service_networking_connection.psa_connection"
          ]
        }
      ]
    },
    {
      "module": "module.mig-l7xlb",
      "mode": "managed",
      "type": "google_compute_global_forwarding_rule",
      "name": "forwarding_rule",
      "provider": "provider[\"registry.terraform.io/hashicorp/google\"]",
      "instances": [
        {
          "schema_version": 0,
          "attributes": {
            "base_forwarding_rule": "",
            "description": "",
            "effective_labels": {},
            "id": "projects/is-apgx-tf-01/global/forwardingRules/apigee-xlb-forwarding-rule",
            "ip_address": "34.144.204.2",
            "ip_protocol": "TCP",
            "ip_version": "",
            "label_fingerprint": "42WmSpB8rSM=",
            "labels": null,
            "load_balancing_scheme": "EXTERNAL",
            "metadata_filters": [],
            "name": "apigee-xlb-forwarding-rule",
            "network": "",
            "no_automate_dns_zone": null,
            "port_range": "443-443",
            "project": "is-apgx-tf-01",
            "psc_connection_id": "",
            "psc_connection_status": "",
            "self_link": "https://www.googleapis.com/compute/v1/projects/is-apgx-tf-01/global/forwardingRules/apigee-xlb-forwarding-rule",
            "service_directory_registrations": [],
            "source_ip_ranges": null,
            "subnetwork": "",
            "target": "https://www.googleapis.com/compute/v1/projects/is-apgx-tf-01/global/targetHttpsProxies/apigee-xlb-target-proxy",
            "terraform_labels": {},
            "timeouts": null
          },
          "sensitive_attributes": [],
          "identity_schema_version": 0,
          "private": "eyJlMmJmYjczMC1lY2FhLTExZTYtOGY4OC0zNDM2M2JjN2M0YzAiOnsiY3JlYXRlIjoxMjAwMDAwMDAwMDAwLCJkZWxldGUiOjEyMDAwMDAwMDAwMDAsInVwZGF0ZSI6MTIwMDAwMDAwMDAwMH19",
          "dependencies": [
            "module.apigee-x-bridge-mig.google_compute_firewall.allow_glb_to_mig_bridge",
            "module.apigee-x-bridge-mig.module.bridge-mig.google_compute_autoscaler.default",
            "module.apigee-x-bridge-mig.module.bridge-mig.google_compute_health_check.default",
            "module.apigee-x-bridge-mig.module.bridge-mig.google_compute_instance_group_manager.default",
            "module.apigee-x-bridge-mig.module.bridge-mig.google_compute_per_instance_config.default",
            "module.apigee-x-bridge-mig.module.bridge-mig.google_compute_region_autoscaler.default",
            "module.apigee-x-bridge-mig.module.bridge-mig.google_compute_region_instance_group_manager.default",
            "module.apigee-x-bridge-mig.module.bridge-mig.google_compute_region_per_instance_config.default",
            "module.apigee-x-bridge-mig.module.bridge-template.google_compute_disk.boot",
            "module.apigee-x-bridge-mig.module.bridge-template.google_compute_disk.disks",
            "module.apigee-x-bridge-mig.module.bridge-template.google_compute_disk_resource_policy_attachment.attached",
            "module.apigee-x-bridge-mig.module.bridge-template.google_compute_disk_resource_policy_attachment.boot",
            "module.apigee-x-bridge-mig.module.bridge-template.google_compute_instance.default",
            "module.apigee-x-bridge-mig.module.bridge-template.google_compute_instance_group.unmanaged",
            "module.apigee-x-bridge-mig.module.bridge-template.google_compute_instance_iam_binding.default",
            "module.apigee-x-bridge-mig.module.bridge-template.google_compute_instance_template.default",
            "module.apigee-x-bridge-mig.module.bridge-template.google_compute_region_disk.disks",
            "module.apigee-x-bridge-mig.module.bridge-template.google_compute_region_disk_resource_policy_attachment.attached",
            "module.apigee-x-bridge-mig.module.bridge-template.google_compute_resource_policy.schedule",
            "module.apigee-x-bridge-mig.module.bridge-template.google_compute_resource_policy.snapshot",
            "module.apigee-x-bridge-mig.module.bridge-template.google_service_account.service_account",
            "module.apigee-x-core.google_project_service_identity.apigee_sa",
            "module.apigee-x-core.module.apigee.google_apigee_instance.instances",
            "module.apigee-x-core.module.apigee.google_apigee_organization.organization",
            "module.apigee-x-core.module.kms-inst-disk.data.google_kms_key_ring.default",
            "module.apigee-x-core.module.kms-inst-disk.google_kms_crypto_key.default",
            "module.apigee-x-core.module.kms-inst-disk.google_kms_crypto_key_iam_binding.authoritative",
            "module.apigee-x-core.module.kms-inst-disk.google_kms_crypto_key_iam_binding.bindings",
            "module.apigee-x-core.module.kms-inst-disk.google_kms_crypto_key_iam_member.members",
            "module.apigee-x-core.module.kms-inst-disk.google_kms_key_ring.default",
            "module.apigee-x-core.module.kms-inst-disk.google_kms_key_ring_iam_binding.authoritative",
            "module.apigee-x-core.module.kms-inst-disk.google_kms_key_ring_iam_binding.bindings",
            "module.apigee-x-core.module.kms-inst-disk.google_kms_key_ring_iam_member.bindings",
            "module.apigee-x-core.module.kms-inst-disk.google_kms_key_ring_import_job.default",
            "module.apigee-x-core.module.kms-inst-disk.google_tags_tag_binding.binding",
            "module.apigee-x-core.module.kms-org-db.data.google_kms_key_ring.default",
            "module.apigee-x-core.module.kms-org-db.google_kms_crypto_key.default",
            "module.apigee-x-core.module.kms-org-db.google_kms_crypto_key_iam_binding.authoritative",
            "module.apigee-x-core.module.kms-org-db.google_kms_crypto_key_iam_binding.bindings",
            "module.apigee-x-core.module.kms-org-db.google_kms_key_ring.default",
            "module.host-project.data.google_bigquery_default_service_account.bq_sa",
            "module.host-project.data.google_project.project",
            "module.host-project.data.google_storage_project_service_account.gcs_sa",
            "module.host-project.google_compute_shared_vpc_host_project.shared_vpc_host",
            "module.host-project.google_compute_shared_vpc_service_project.service_projects",
            "module.host-project.google_kms_crypto_key_iam_member.service_identity_cmek",
            "module.host-project.google_project.project",
            "module.host-project.google_project_iam_member.servicenetworking",
            "module.host-project.google_project_iam_member.shared_vpc_host_robots",
            "module.host-project.google_project_organization_policy.boolean",
            "module.host-project.google_project_organization_policy.list",
            "module.host-project.google_project_service.project_services",
            "module.host-project.google_project_service_identity.jit_si",
            "module.host-project.google_project_service_identity.servicenetworking",
            "module.mig-l7xlb.google_compute_backend_service.mig_backend",
            "module.mig-l7xlb.google_compute_health_check.mig_lb_hc",
            "module.mig-l7xlb.google_compute_target_https_proxy.https_proxy",
            "module.mig-l7xlb.google_compute_url_map.url_map",
            "module.nip-development-hostname.google_compute_global_address.external_address",
            "module.nip-development-hostname.google_compute_managed_ssl_certificate.google_cert",
            "module.service-project.data.google_bigquery_default_service_account.bq_sa",
            "module.service-project.data.google_project.project",
            "module.service-project.data.google_storage_project_service_account.gcs_sa",
            "module.service-project.google_compute_shared_vpc_host_project.shared_vpc_host",
            "module.service-project.google_compute_shared_vpc_service_project.service_projects",
            "module.service-project.google_kms_crypto_key_iam_member.service_identity_cmek",
            "module.service-project.google_project.project",
            "module.service-project.google_project_iam_member.servicenetworking",
            "module.service-project.google_project_iam_member.shared_vpc_host_robots",
            "module.service-project.google_project_organization_policy.boolean",
            "module.service-project.google_project_organization_policy.list",
            "module.service-project.google_project_service.project_services",
            "module.service-project.google_project_service_identity.jit_si",
            "module.service-project.google_project_service_identity.servicenetworking",
            "module.shared-vpc.data.google_compute_network.network",
            "module.shared-vpc.google_compute_global_address.psa_ranges",
            "module.shared-vpc.google_compute_network.network",
            "module.shared-vpc.google_compute_network_peering.local",
            "module.shared-vpc.google_compute_network_peering.remote",
            "module.shared-vpc.google_compute_shared_vpc_host_project.shared_vpc_host",
            "module.shared-vpc.google_compute_shared_vpc_service_project.service_projects",
            "module.shared-vpc.google_compute_subnetwork.subnetwork",
            "module.shared-vpc.google_service_networking_connection.psa_connection"
          ]
        }
      ]
    },
    {
      "module": "module.mig-l7xlb",
      "mode": "managed",
      "type": "google_compute_health_check",
      "name": "mig_lb_hc",
      "provider": "provider[\"registry.terraform.io/hashicorp/google\"]",
      "instances": [
        {
          "schema_version": 0,
          "attributes": {
            "check_interval_sec": 5,
            "creation_timestamp": "2025-09-30T06:27:32.365-07:00",
            "description": "",
            "grpc_health_check": [],
            "healthy_threshold": 2,
            "http2_health_check": [],
            "http_health_check": [],
            "https_health_check": [
              {
                "host": "",
                "port": 443,
                "port_name": "",
                "port_specification": "",
                "proxy_header": "NONE",
                "request_path": "/healthz/ingress",
                "response": ""
              }
            ],
            "id": "projects/is-apgx-tf-01/global/healthChecks/apigee-xlb-hc",
            "log_config": [
              {
                "enable": false
              }
            ],
            "name": "apigee-xlb-hc",
            "project": "is-apgx-tf-01",
            "self_link": "https://www.googleapis.com/compute/v1/projects/is-apgx-tf-01/global/healthChecks/apigee-xlb-hc",
            "source_regions": [],
            "ssl_health_check": [],
            "tcp_health_check": [],
            "timeout_sec": 5,
            "timeouts": null,
            "type": "HTTPS",
            "unhealthy_threshold": 2
          },
          "sensitive_attributes": [],
          "identity_schema_version": 0,
          "private": "eyJlMmJmYjczMC1lY2FhLTExZTYtOGY4OC0zNDM2M2JjN2M0YzAiOnsiY3JlYXRlIjoxMjAwMDAwMDAwMDAwLCJkZWxldGUiOjEyMDAwMDAwMDAwMDAsInVwZGF0ZSI6MTIwMDAwMDAwMDAwMH19",
          "dependencies": [
            "module.host-project.data.google_bigquery_default_service_account.bq_sa",
            "module.host-project.data.google_project.project",
            "module.host-project.data.google_storage_project_service_account.gcs_sa",
            "module.host-project.google_compute_shared_vpc_host_project.shared_vpc_host",
            "module.host-project.google_compute_shared_vpc_service_project.service_projects",
            "module.host-project.google_kms_crypto_key_iam_member.service_identity_cmek",
            "module.host-project.google_project.project",
            "module.host-project.google_project_iam_member.servicenetworking",
            "module.host-project.google_project_iam_member.shared_vpc_host_robots",
            "module.host-project.google_project_organization_policy.boolean",
            "module.host-project.google_project_organization_policy.list",
            "module.host-project.google_project_service.project_services",
            "module.host-project.google_project_service_identity.jit_si",
            "module.host-project.google_project_service_identity.servicenetworking",
            "module.service-project.data.google_bigquery_default_service_account.bq_sa",
            "module.service-project.data.google_project.project",
            "module.service-project.data.google_storage_project_service_account.gcs_sa",
            "module.service-project.google_compute_shared_vpc_host_project.shared_vpc_host",
            "module.service-project.google_compute_shared_vpc_service_project.service_projects",
            "module.service-project.google_kms_crypto_key_iam_member.service_identity_cmek",
            "module.service-project.google_project.project",
            "module.service-project.google_project_iam_member.servicenetworking",
            "module.service-project.google_project_iam_member.shared_vpc_host_robots",
            "module.service-project.google_project_organization_policy.boolean",
            "module.service-project.google_project_organization_policy.list",
            "module.service-project.google_project_service.project_services",
            "module.service-project.google_project_service_identity.jit_si",
            "module.service-project.google_project_service_identity.servicenetworking"
          ]
        }
      ]
    },
    {
      "module": "module.mig-l7xlb",
      "mode": "managed",
      "type": "google_compute_target_https_proxy",
      "name": "https_proxy",
      "provider": "provider[\"registry.terraform.io/hashicorp/google\"]",
      "instances": [
        {
          "schema_version": 0,
          "attributes": {
            "certificate_manager_certificates": null,
            "certificate_map": "",
            "creation_timestamp": "2025-09-30T21:58:39.708-07:00",
            "description": "",
            "http_keep_alive_timeout_sec": 0,
            "id": "projects/is-apgx-tf-01/global/targetHttpsProxies/apigee-xlb-target-proxy",
            "name": "apigee-xlb-target-proxy",
            "project": "is-apgx-tf-01",
            "proxy_bind": false,
            "proxy_id": 731393514359818768,
            "quic_override": "NONE",
            "self_link": "https://www.googleapis.com/compute/v1/projects/is-apgx-tf-01/global/targetHttpsProxies/apigee-xlb-target-proxy",
            "server_tls_policy": "",
            "ssl_certificates": [
              "https://www.googleapis.com/compute/v1/projects/is-apgx-tf-01/global/sslCertificates/cert-341442042"
            ],
            "ssl_policy": "",
            "timeouts": null,
            "tls_early_data": "DISABLED",
            "url_map": "https://www.googleapis.com/compute/v1/projects/is-apgx-tf-01/global/urlMaps/apigee-xlb"
          },
          "sensitive_attributes": [],
          "identity_schema_version": 0,
          "private": "eyJlMmJmYjczMC1lY2FhLTExZTYtOGY4OC0zNDM2M2JjN2M0YzAiOnsiY3JlYXRlIjoxMjAwMDAwMDAwMDAwLCJkZWxldGUiOjEyMDAwMDAwMDAwMDAsInVwZGF0ZSI6MTIwMDAwMDAwMDAwMH19",
          "dependencies": [
            "module.apigee-x-bridge-mig.google_compute_firewall.allow_glb_to_mig_bridge",
            "module.apigee-x-bridge-mig.module.bridge-mig.google_compute_autoscaler.default",
            "module.apigee-x-bridge-mig.module.bridge-mig.google_compute_health_check.default",
            "module.apigee-x-bridge-mig.module.bridge-mig.google_compute_instance_group_manager.default",
            "module.apigee-x-bridge-mig.module.bridge-mig.google_compute_per_instance_config.default",
            "module.apigee-x-bridge-mig.module.bridge-mig.google_compute_region_autoscaler.default",
            "module.apigee-x-bridge-mig.module.bridge-mig.google_compute_region_instance_group_manager.default",
            "module.apigee-x-bridge-mig.module.bridge-mig.google_compute_region_per_instance_config.default",
            "module.apigee-x-bridge-mig.module.bridge-template.google_compute_disk.boot",
            "module.apigee-x-bridge-mig.module.bridge-template.google_compute_disk.disks",
            "module.apigee-x-bridge-mig.module.bridge-template.google_compute_disk_resource_policy_attachment.attached",
            "module.apigee-x-bridge-mig.module.bridge-template.google_compute_disk_resource_policy_attachment.boot",
            "module.apigee-x-bridge-mig.module.bridge-template.google_compute_instance.default",
            "module.apigee-x-bridge-mig.module.bridge-template.google_compute_instance_group.unmanaged",
            "module.apigee-x-bridge-mig.module.bridge-template.google_compute_instance_iam_binding.default",
            "module.apigee-x-bridge-mig.module.bridge-template.google_compute_instance_template.default",
            "module.apigee-x-bridge-mig.module.bridge-template.google_compute_region_disk.disks",
            "module.apigee-x-bridge-mig.module.bridge-template.google_compute_region_disk_resource_policy_attachment.attached",
            "module.apigee-x-bridge-mig.module.bridge-template.google_compute_resource_policy.schedule",
            "module.apigee-x-bridge-mig.module.bridge-template.google_compute_resource_policy.snapshot",
            "module.apigee-x-bridge-mig.module.bridge-template.google_service_account.service_account",
            "module.apigee-x-core.google_project_service_identity.apigee_sa",
            "module.apigee-x-core.module.apigee.google_apigee_instance.instances",
            "module.apigee-x-core.module.apigee.google_apigee_organization.organization",
            "module.apigee-x-core.module.kms-inst-disk.data.google_kms_key_ring.default",
            "module.apigee-x-core.module.kms-inst-disk.google_kms_crypto_key.default",
            "module.apigee-x-core.module.kms-inst-disk.google_kms_crypto_key_iam_binding.authoritative",
            "module.apigee-x-core.module.kms-inst-disk.google_kms_crypto_key_iam_binding.bindings",
            "module.apigee-x-core.module.kms-inst-disk.google_kms_crypto_key_iam_member.members",
            "module.apigee-x-core.module.kms-inst-disk.google_kms_key_ring.default",
            "module.apigee-x-core.module.kms-inst-disk.google_kms_key_ring_iam_binding.authoritative",
            "module.apigee-x-core.module.kms-inst-disk.google_kms_key_ring_iam_binding.bindings",
            "module.apigee-x-core.module.kms-inst-disk.google_kms_key_ring_iam_member.bindings",
            "module.apigee-x-core.module.kms-inst-disk.google_kms_key_ring_import_job.default",
            "module.apigee-x-core.module.kms-inst-disk.google_tags_tag_binding.binding",
            "module.apigee-x-core.module.kms-org-db.data.google_kms_key_ring.default",
            "module.apigee-x-core.module.kms-org-db.google_kms_crypto_key.default",
            "module.apigee-x-core.module.kms-org-db.google_kms_crypto_key_iam_binding.authoritative",
            "module.apigee-x-core.module.kms-org-db.google_kms_crypto_key_iam_binding.bindings",
            "module.apigee-x-core.module.kms-org-db.google_kms_key_ring.default",
            "module.host-project.data.google_bigquery_default_service_account.bq_sa",
            "module.host-project.data.google_project.project",
            "module.host-project.data.google_storage_project_service_account.gcs_sa",
            "module.host-project.google_compute_shared_vpc_host_project.shared_vpc_host",
            "module.host-project.google_compute_shared_vpc_service_project.service_projects",
            "module.host-project.google_kms_crypto_key_iam_member.service_identity_cmek",
            "module.host-project.google_project.project",
            "module.host-project.google_project_iam_member.servicenetworking",
            "module.host-project.google_project_iam_member.shared_vpc_host_robots",
            "module.host-project.google_project_organization_policy.boolean",
            "module.host-project.google_project_organization_policy.list",
            "module.host-project.google_project_service.project_services",
            "module.host-project.google_project_service_identity.jit_si",
            "module.host-project.google_project_service_identity.servicenetworking",
            "module.mig-l7xlb.google_compute_backend_service.mig_backend",
            "module.mig-l7xlb.google_compute_health_check.mig_lb_hc",
            "module.mig-l7xlb.google_compute_url_map.url_map",
            "module.nip-development-hostname.google_compute_global_address.external_address",
            "module.nip-development-hostname.google_compute_managed_ssl_certificate.google_cert",
            "module.service-project.data.google_bigquery_default_service_account.bq_sa",
            "module.service-project.data.google_project.project",
            "module.service-project.data.google_storage_project_service_account.gcs_sa",
            "module.service-project.google_compute_shared_vpc_host_project.shared_vpc_host",
            "module.service-project.google_compute_shared_vpc_service_project.service_projects",
            "module.service-project.google_kms_crypto_key_iam_member.service_identity_cmek",
            "module.service-project.google_project.project",
            "module.service-project.google_project_iam_member.servicenetworking",
            "module.service-project.google_project_iam_member.shared_vpc_host_robots",
            "module.service-project.google_project_organization_policy.boolean",
            "module.service-project.google_project_organization_policy.list",
            "module.service-project.google_project_service.project_services",
            "module.service-project.google_project_service_identity.jit_si",
            "module.service-project.google_project_service_identity.servicenetworking",
            "module.shared-vpc.data.google_compute_network.network",
            "module.shared-vpc.google_compute_global_address.psa_ranges",
            "module.shared-vpc.google_compute_network.network",
            "module.shared-vpc.google_compute_network_peering.local",
            "module.shared-vpc.google_compute_network_peering.remote",
            "module.shared-vpc.google_compute_shared_vpc_host_project.shared_vpc_host",
            "module.shared-vpc.google_compute_shared_vpc_service_project.service_projects",
            "module.shared-vpc.google_compute_subnetwork.subnetwork",
            "module.shared-vpc.google_service_networking_connection.psa_connection"
          ]
        }
      ]
    },
    {
      "module": "module.mig-l7xlb",
      "mode": "managed",
      "type": "google_compute_url_map",
      "name": "url_map",
      "provider": "provider[\"registry.terraform.io/hashicorp/google\"]",
      "instances": [
        {
          "schema_version": 0,
          "attributes": {
            "creation_timestamp": "2025-09-30T21:58:27.551-07:00",
            "default_route_action": [],
            "default_service": "https://www.googleapis.com/compute/v1/projects/is-apgx-tf-01/global/backendServices/apigee-xlb-backend",
            "default_url_redirect": [],
            "description": "",
            "fingerprint": "3wm3jwGk4vY=",
            "header_action": [],
            "host_rule": [],
            "id": "projects/is-apgx-tf-01/global/urlMaps/apigee-xlb",
            "map_id": 3186365768139868700,
            "name": "apigee-xlb",
            "path_matcher": [],
            "project": "is-apgx-tf-01",
            "self_link": "https://www.googleapis.com/compute/v1/projects/is-apgx-tf-01/global/urlMaps/apigee-xlb",
            "test": [],
            "timeouts": null
          },
          "sensitive_attributes": [],
          "identity_schema_version": 0,
          "private": "eyJlMmJmYjczMC1lY2FhLTExZTYtOGY4OC0zNDM2M2JjN2M0YzAiOnsiY3JlYXRlIjoxMjAwMDAwMDAwMDAwLCJkZWxldGUiOjEyMDAwMDAwMDAwMDAsInVwZGF0ZSI6MTIwMDAwMDAwMDAwMH19",
          "dependencies": [
            "module.apigee-x-bridge-mig.google_compute_firewall.allow_glb_to_mig_bridge",
            "module.apigee-x-bridge-mig.module.bridge-mig.google_compute_autoscaler.default",
            "module.apigee-x-bridge-mig.module.bridge-mig.google_compute_health_check.default",
            "module.apigee-x-bridge-mig.module.bridge-mig.google_compute_instance_group_manager.default",
            "module.apigee-x-bridge-mig.module.bridge-mig.google_compute_per_instance_config.default",
            "module.apigee-x-bridge-mig.module.bridge-mig.google_compute_region_autoscaler.default",
            "module.apigee-x-bridge-mig.module.bridge-mig.google_compute_region_instance_group_manager.default",
            "module.apigee-x-bridge-mig.module.bridge-mig.google_compute_region_per_instance_config.default",
            "module.apigee-x-bridge-mig.module.bridge-template.google_compute_disk.boot",
            "module.apigee-x-bridge-mig.module.bridge-template.google_compute_disk.disks",
            "module.apigee-x-bridge-mig.module.bridge-template.google_compute_disk_resource_policy_attachment.attached",
            "module.apigee-x-bridge-mig.module.bridge-template.google_compute_disk_resource_policy_attachment.boot",
            "module.apigee-x-bridge-mig.module.bridge-template.google_compute_instance.default",
            "module.apigee-x-bridge-mig.module.bridge-template.google_compute_instance_group.unmanaged",
            "module.apigee-x-bridge-mig.module.bridge-template.google_compute_instance_iam_binding.default",
            "module.apigee-x-bridge-mig.module.bridge-template.google_compute_instance_template.default",
            "module.apigee-x-bridge-mig.module.bridge-template.google_compute_region_disk.disks",
            "module.apigee-x-bridge-mig.module.bridge-template.google_compute_region_disk_resource_policy_attachment.attached",
            "module.apigee-x-bridge-mig.module.bridge-template.google_compute_resource_policy.schedule",
            "module.apigee-x-bridge-mig.module.bridge-template.google_compute_resource_policy.snapshot",
            "module.apigee-x-bridge-mig.module.bridge-template.google_service_account.service_account",
            "module.apigee-x-core.google_project_service_identity.apigee_sa",
            "module.apigee-x-core.module.apigee.google_apigee_instance.instances",
            "module.apigee-x-core.module.apigee.google_apigee_organization.organization",
            "module.apigee-x-core.module.kms-inst-disk.data.google_kms_key_ring.default",
            "module.apigee-x-core.module.kms-inst-disk.google_kms_crypto_key.default",
            "module.apigee-x-core.module.kms-inst-disk.google_kms_crypto_key_iam_binding.authoritative",
            "module.apigee-x-core.module.kms-inst-disk.google_kms_crypto_key_iam_binding.bindings",
            "module.apigee-x-core.module.kms-inst-disk.google_kms_crypto_key_iam_member.members",
            "module.apigee-x-core.module.kms-inst-disk.google_kms_key_ring.default",
            "module.apigee-x-core.module.kms-inst-disk.google_kms_key_ring_iam_binding.authoritative",
            "module.apigee-x-core.module.kms-inst-disk.google_kms_key_ring_iam_binding.bindings",
            "module.apigee-x-core.module.kms-inst-disk.google_kms_key_ring_iam_member.bindings",
            "module.apigee-x-core.module.kms-inst-disk.google_kms_key_ring_import_job.default",
            "module.apigee-x-core.module.kms-inst-disk.google_tags_tag_binding.binding",
            "module.apigee-x-core.module.kms-org-db.data.google_kms_key_ring.default",
            "module.apigee-x-core.module.kms-org-db.google_kms_crypto_key.default",
            "module.apigee-x-core.module.kms-org-db.google_kms_crypto_key_iam_binding.authoritative",
            "module.apigee-x-core.module.kms-org-db.google_kms_crypto_key_iam_binding.bindings",
            "module.apigee-x-core.module.kms-org-db.google_kms_key_ring.default",
            "module.host-project.data.google_bigquery_default_service_account.bq_sa",
            "module.host-project.data.google_project.project",
            "module.host-project.data.google_storage_project_service_account.gcs_sa",
            "module.host-project.google_compute_shared_vpc_host_project.shared_vpc_host",
            "module.host-project.google_compute_shared_vpc_service_project.service_projects",
            "module.host-project.google_kms_crypto_key_iam_member.service_identity_cmek",
            "module.host-project.google_project.project",
            "module.host-project.google_project_iam_member.servicenetworking",
            "module.host-project.google_project_iam_member.shared_vpc_host_robots",
            "module.host-project.google_project_organization_policy.boolean",
            "module.host-project.google_project_organization_policy.list",
            "module.host-project.google_project_service.project_services",
            "module.host-project.google_project_service_identity.jit_si",
            "module.host-project.google_project_service_identity.servicenetworking",
            "module.mig-l7xlb.google_compute_backend_service.mig_backend",
            "module.mig-l7xlb.google_compute_health_check.mig_lb_hc",
            "module.service-project.data.google_bigquery_default_service_account.bq_sa",
            "module.service-project.data.google_project.project",
            "module.service-project.data.google_storage_project_service_account.gcs_sa",
            "module.service-project.google_compute_shared_vpc_host_project.shared_vpc_host",
            "module.service-project.google_compute_shared_vpc_service_project.service_projects",
            "module.service-project.google_kms_crypto_key_iam_member.service_identity_cmek",
            "module.service-project.google_project.project",
            "module.service-project.google_project_iam_member.servicenetworking",
            "module.service-project.google_project_iam_member.shared_vpc_host_robots",
            "module.service-project.google_project_organization_policy.boolean",
            "module.service-project.google_project_organization_policy.list",
            "module.service-project.google_project_service.project_services",
            "module.service-project.google_project_service_identity.jit_si",
            "module.service-project.google_project_service_identity.servicenetworking",
            "module.shared-vpc.data.google_compute_network.network",
            "module.shared-vpc.google_compute_global_address.psa_ranges",
            "module.shared-vpc.google_compute_network.network",
            "module.shared-vpc.google_compute_network_peering.local",
            "module.shared-vpc.google_compute_network_peering.remote",
            "module.shared-vpc.google_compute_shared_vpc_host_project.shared_vpc_host",
            "module.shared-vpc.google_compute_shared_vpc_service_project.service_projects",
            "module.shared-vpc.google_compute_subnetwork.subnetwork",
            "module.shared-vpc.google_service_networking_connection.psa_connection"
          ]
        }
      ]
    },
    {
      "module": "module.nip-development-hostname",
      "mode": "managed",
      "type": "google_compute_global_address",
      "name": "external_address",
      "provider": "provider[\"registry.terraform.io/hashicorp/google\"]",
      "instances": [
        {
          "schema_version": 0,
          "attributes": {
            "address": "34.144.204.2",
            "address_type": "EXTERNAL",
            "creation_timestamp": "2025-09-30T06:27:32.357-07:00",
            "description": "",
            "effective_labels": {},
            "id": "projects/is-apgx-tf-01/global/addresses/apigee-external",
            "ip_version": "",
            "label_fingerprint": "42WmSpB8rSM=",
            "labels": {},
            "name": "apigee-external",
            "network": "",
            "prefix_length": 0,
            "project": "is-apgx-tf-01",
            "purpose": "",
            "self_link": "https://www.googleapis.com/compute/v1/projects/is-apgx-tf-01/global/addresses/apigee-external",
            "terraform_labels": {},
            "timeouts": null
          },
          "sensitive_attributes": [],
          "identity_schema_version": 0,
          "private": "eyJlMmJmYjczMC1lY2FhLTExZTYtOGY4OC0zNDM2M2JjN2M0YzAiOnsiY3JlYXRlIjoxMjAwMDAwMDAwMDAwLCJkZWxldGUiOjEyMDAwMDAwMDAwMDAsInVwZGF0ZSI6MTIwMDAwMDAwMDAwMH19",
          "dependencies": [
            "module.host-project.data.google_bigquery_default_service_account.bq_sa",
            "module.host-project.data.google_project.project",
            "module.host-project.data.google_storage_project_service_account.gcs_sa",
            "module.host-project.google_compute_shared_vpc_host_project.shared_vpc_host",
            "module.host-project.google_compute_shared_vpc_service_project.service_projects",
            "module.host-project.google_kms_crypto_key_iam_member.service_identity_cmek",
            "module.host-project.google_project.project",
            "module.host-project.google_project_iam_member.servicenetworking",
            "module.host-project.google_project_iam_member.shared_vpc_host_robots",
            "module.host-project.google_project_organization_policy.boolean",
            "module.host-project.google_project_organization_policy.list",
            "module.host-project.google_project_service.project_services",
            "module.host-project.google_project_service_identity.jit_si",
            "module.host-project.google_project_service_identity.servicenetworking",
            "module.service-project.data.google_bigquery_default_service_account.bq_sa",
            "module.service-project.data.google_project.project",
            "module.service-project.data.google_storage_project_service_account.gcs_sa",
            "module.service-project.google_compute_shared_vpc_host_project.shared_vpc_host",
            "module.service-project.google_compute_shared_vpc_service_project.service_projects",
            "module.service-project.google_kms_crypto_key_iam_member.service_identity_cmek",
            "module.service-project.google_project.project",
            "module.service-project.google_project_iam_member.servicenetworking",
            "module.service-project.google_project_iam_member.shared_vpc_host_robots",
            "module.service-project.google_project_organization_policy.boolean",
            "module.service-project.google_project_organization_policy.list",
            "module.service-project.google_project_service.project_services",
            "module.service-project.google_project_service_identity.jit_si",
            "module.service-project.google_project_service_identity.servicenetworking"
          ]
        }
      ]
    },
    {
      "module": "module.nip-development-hostname",
      "mode": "managed",
      "type": "google_compute_managed_ssl_certificate",
      "name": "google_cert",
      "provider": "provider[\"registry.terraform.io/hashicorp/google\"]",
      "instances": [
        {
          "schema_version": 0,
          "attributes": {
            "certificate_id": 7804280743277257791,
            "creation_timestamp": "2025-09-30T06:27:44.223-07:00",
            "description": "",
            "expire_time": "",
            "id": "projects/is-apgx-tf-01/global/sslCertificates/cert-341442042",
            "managed": [
              {
                "domains": [
                  "34-144-204-2.nip.io",
                  "test.34-144-204-2.nip.io"
                ]
              }
            ],
            "name": "cert-341442042",
            "project": "is-apgx-tf-01",
            "self_link": "https://www.googleapis.com/compute/v1/projects/is-apgx-tf-01/global/sslCertificates/cert-341442042",
            "subject_alternative_names": [],
            "timeouts": null,
            "type": "MANAGED"
          },
          "sensitive_attributes": [],
          "identity_schema_version": 0,
          "private": "eyJlMmJmYjczMC1lY2FhLTExZTYtOGY4OC0zNDM2M2JjN2M0YzAiOnsiY3JlYXRlIjoxODAwMDAwMDAwMDAwLCJkZWxldGUiOjE4MDAwMDAwMDAwMDB9fQ==",
          "dependencies": [
            "module.host-project.data.google_bigquery_default_service_account.bq_sa",
            "module.host-project.data.google_project.project",
            "module.host-project.data.google_storage_project_service_account.gcs_sa",
            "module.host-project.google_compute_shared_vpc_host_project.shared_vpc_host",
            "module.host-project.google_compute_shared_vpc_service_project.service_projects",
            "module.host-project.google_kms_crypto_key_iam_member.service_identity_cmek",
            "module.host-project.google_project.project",
            "module.host-project.google_project_iam_member.servicenetworking",
            "module.host-project.google_project_iam_member.shared_vpc_host_robots",
            "module.host-project.google_project_organization_policy.boolean",
            "module.host-project.google_project_organization_policy.list",
            "module.host-project.google_project_service.project_services",
            "module.host-project.google_project_service_identity.jit_si",
            "module.host-project.google_project_service_identity.servicenetworking",
            "module.nip-development-hostname.google_compute_global_address.external_address",
            "module.service-project.data.google_bigquery_default_service_account.bq_sa",
            "module.service-project.data.google_project.project",
            "module.service-project.data.google_storage_project_service_account.gcs_sa",
            "module.service-project.google_compute_shared_vpc_host_project.shared_vpc_host",
            "module.service-project.google_compute_shared_vpc_service_project.service_projects",
            "module.service-project.google_kms_crypto_key_iam_member.service_identity_cmek",
            "module.service-project.google_project.project",
            "module.service-project.google_project_iam_member.servicenetworking",
            "module.service-project.google_project_iam_member.shared_vpc_host_robots",
            "module.service-project.google_project_organization_policy.boolean",
            "module.service-project.google_project_organization_policy.list",
            "module.service-project.google_project_service.project_services",
            "module.service-project.google_project_service_identity.jit_si",
            "module.service-project.google_project_service_identity.servicenetworking"
          ]
        }
      ]
    },
    {
      "module": "module.service-project",
      "mode": "data",
      "type": "google_project",
      "name": "project",
      "provider": "provider[\"registry.terraform.io/hashicorp/google\"]",
      "instances": [
        {
          "index_key": 0,
          "schema_version": 0,
          "attributes": {
            "auto_create_network": null,
            "billing_account": "013AB2-2F31D0-F8B18E",
            "deletion_policy": "DELETE",
            "effective_labels": {},
            "folder_id": "",
            "id": "projects/is-apgx-tf-01",
            "labels": {},
            "name": "is-apgx-tf-01",
            "number": "913605447917",
            "org_id": "135159819908",
            "project_id": "is-apgx-tf-01",
            "skip_delete": null,
            "terraform_labels": {}
          },
          "sensitive_attributes": [],
          "identity_schema_version": 0
        }
      ]
    },
    {
      "module": "module.service-project",
      "mode": "managed",
      "type": "google_compute_shared_vpc_service_project",
      "name": "shared_vpc_service",
      "provider": "provider[\"registry.terraform.io/hashicorp/google-beta\"]",
      "instances": [
        {
          "index_key": 0,
          "schema_version": 0,
          "attributes": {
            "deletion_policy": null,
            "host_project": "is-network-tf-01",
            "id": "is-network-tf-01/is-apgx-tf-01",
            "service_project": "is-apgx-tf-01",
            "timeouts": null
          },
          "sensitive_attributes": [],
          "identity_schema_version": 0,
          "private": "eyJlMmJmYjczMC1lY2FhLTExZTYtOGY4OC0zNDM2M2JjN2M0YzAiOnsiY3JlYXRlIjoyNDAwMDAwMDAwMDAsImRlbGV0ZSI6MjQwMDAwMDAwMDAwfX0=",
          "dependencies": [
            "module.host-project.data.google_bigquery_default_service_account.bq_sa",
            "module.host-project.data.google_project.project",
            "module.host-project.data.google_storage_project_service_account.gcs_sa",
            "module.host-project.google_compute_shared_vpc_host_project.shared_vpc_host",
            "module.host-project.google_compute_shared_vpc_service_project.service_projects",
            "module.host-project.google_kms_crypto_key_iam_member.service_identity_cmek",
            "module.host-project.google_project.project",
            "module.host-project.google_project_iam_member.servicenetworking",
            "module.host-project.google_project_iam_member.shared_vpc_host_robots",
            "module.host-project.google_project_organization_policy.boolean",
            "module.host-project.google_project_organization_policy.list",
            "module.host-project.google_project_service.project_services",
            "module.host-project.google_project_service_identity.jit_si",
            "module.host-project.google_project_service_identity.servicenetworking",
            "module.service-project.data.google_project.project",
            "module.service-project.google_project.project"
          ]
        }
      ]
    },
    {
      "module": "module.service-project",
      "mode": "managed",
      "type": "google_project_iam_member",
      "name": "servicenetworking",
      "provider": "provider[\"registry.terraform.io/hashicorp/google\"]",
      "instances": [
        {
          "index_key": 0,
          "schema_version": 0,
          "attributes": {
            "condition": [],
            "etag": "BwZABLXXLF4=",
            "id": "is-apgx-tf-01/roles/servicenetworking.serviceAgent/serviceAccount:service-913605447917@service-networking.iam.gserviceaccount.com",
            "member": "serviceAccount:service-913605447917@service-networking.iam.gserviceaccount.com",
            "project": "is-apgx-tf-01",
            "role": "roles/servicenetworking.serviceAgent"
          },
          "sensitive_attributes": [],
          "identity_schema_version": 0,
          "private": "bnVsbA==",
          "dependencies": [
            "module.service-project.data.google_project.project",
            "module.service-project.google_project.project",
            "module.service-project.google_project_service.project_services",
            "module.service-project.google_project_service_identity.servicenetworking"
          ],
          "create_before_destroy": true
        }
      ]
    },
    {
      "module": "module.service-project",
      "mode": "managed",
      "type": "google_project_service",
      "name": "project_services",
      "provider": "provider[\"registry.terraform.io/hashicorp/google\"]",
      "instances": [
        {
          "index_key": "apigee.googleapis.com",
          "schema_version": 0,
          "attributes": {
            "disable_dependent_services": true,
            "disable_on_destroy": true,
            "id": "is-apgx-tf-01/apigee.googleapis.com",
            "project": "is-apgx-tf-01",
            "service": "apigee.googleapis.com",
            "timeouts": null
          },
          "sensitive_attributes": [],
          "identity_schema_version": 0,
          "private": "eyJlMmJmYjczMC1lY2FhLTExZTYtOGY4OC0zNDM2M2JjN2M0YzAiOnsiY3JlYXRlIjoxMjAwMDAwMDAwMDAwLCJkZWxldGUiOjEyMDAwMDAwMDAwMDAsInJlYWQiOjYwMDAwMDAwMDAwMCwidXBkYXRlIjoxMjAwMDAwMDAwMDAwfX0=",
          "dependencies": [
            "module.service-project.data.google_project.project",
            "module.service-project.google_project.project"
          ],
          "create_before_destroy": true
        },
        {
          "index_key": "cloudkms.googleapis.com",
          "schema_version": 0,
          "attributes": {
            "disable_dependent_services": true,
            "disable_on_destroy": true,
            "id": "is-apgx-tf-01/cloudkms.googleapis.com",
            "project": "is-apgx-tf-01",
            "service": "cloudkms.googleapis.com",
            "timeouts": null
          },
          "sensitive_attributes": [],
          "identity_schema_version": 0,
          "private": "eyJlMmJmYjczMC1lY2FhLTExZTYtOGY4OC0zNDM2M2JjN2M0YzAiOnsiY3JlYXRlIjoxMjAwMDAwMDAwMDAwLCJkZWxldGUiOjEyMDAwMDAwMDAwMDAsInJlYWQiOjYwMDAwMDAwMDAwMCwidXBkYXRlIjoxMjAwMDAwMDAwMDAwfX0=",
          "dependencies": [
            "module.service-project.data.google_project.project",
            "module.service-project.google_project.project"
          ],
          "create_before_destroy": true
        },
        {
          "index_key": "compute.googleapis.com",
          "schema_version": 0,
          "attributes": {
            "disable_dependent_services": true,
            "disable_on_destroy": true,
            "id": "is-apgx-tf-01/compute.googleapis.com",
            "project": "is-apgx-tf-01",
            "service": "compute.googleapis.com",
            "timeouts": null
          },
          "sensitive_attributes": [],
          "identity_schema_version": 0,
          "private": "eyJlMmJmYjczMC1lY2FhLTExZTYtOGY4OC0zNDM2M2JjN2M0YzAiOnsiY3JlYXRlIjoxMjAwMDAwMDAwMDAwLCJkZWxldGUiOjEyMDAwMDAwMDAwMDAsInJlYWQiOjYwMDAwMDAwMDAwMCwidXBkYXRlIjoxMjAwMDAwMDAwMDAwfX0=",
          "dependencies": [
            "module.service-project.data.google_project.project",
            "module.service-project.google_project.project"
          ],
          "create_before_destroy": true
        },
        {
          "index_key": "servicenetworking.googleapis.com",
          "schema_version": 0,
          "attributes": {
            "disable_dependent_services": true,
            "disable_on_destroy": true,
            "id": "is-apgx-tf-01/servicenetworking.googleapis.com",
            "project": "is-apgx-tf-01",
            "service": "servicenetworking.googleapis.com",
            "timeouts": null
          },
          "sensitive_attributes": [],
          "identity_schema_version": 0,
          "private": "eyJlMmJmYjczMC1lY2FhLTExZTYtOGY4OC0zNDM2M2JjN2M0YzAiOnsiY3JlYXRlIjoxMjAwMDAwMDAwMDAwLCJkZWxldGUiOjEyMDAwMDAwMDAwMDAsInJlYWQiOjYwMDAwMDAwMDAwMCwidXBkYXRlIjoxMjAwMDAwMDAwMDAwfX0=",
          "dependencies": [
            "module.service-project.data.google_project.project",
            "module.service-project.google_project.project"
          ],
          "create_before_destroy": true
        }
      ]
    },
    {
      "module": "module.service-project",
      "mode": "managed",
      "type": "google_project_service_identity",
      "name": "servicenetworking",
      "provider": "provider[\"registry.terraform.io/hashicorp/google-beta\"]",
      "instances": [
        {
          "index_key": 0,
          "schema_version": 0,
          "attributes": {
            "email": "service-913605447917@service-networking.iam.gserviceaccount.com",
            "id": "projects/is-apgx-tf-01/services/servicenetworking.googleapis.com",
            "member": "serviceAccount:service-913605447917@service-networking.iam.gserviceaccount.com",
            "project": "is-apgx-tf-01",
            "service": "servicenetworking.googleapis.com",
            "timeouts": null
          },
          "sensitive_attributes": [],
          "identity_schema_version": 0,
          "private": "eyJlMmJmYjczMC1lY2FhLTExZTYtOGY4OC0zNDM2M2JjN2M0YzAiOnsiY3JlYXRlIjoxMjAwMDAwMDAwMDAwLCJkZWxldGUiOjEyMDAwMDAwMDAwMDAsInJlYWQiOjYwMDAwMDAwMDAwMH19",
          "dependencies": [
            "module.service-project.data.google_project.project",
            "module.service-project.google_project.project",
            "module.service-project.google_project_service.project_services"
          ],
          "create_before_destroy": true
        }
      ]
    },
    {
      "module": "module.shared-vpc",
      "mode": "managed",
      "type": "google_compute_global_address",
      "name": "psa_ranges",
      "provider": "provider[\"registry.terraform.io/hashicorp/google\"]",
      "instances": [
        {
          "index_key": "apigee-range",
          "schema_version": 0,
          "attributes": {
            "address": "10.0.0.0",
            "address_type": "INTERNAL",
            "creation_timestamp": "2025-09-30T06:27:56.977-07:00",
            "description": "",
            "effective_labels": {},
            "id": "projects/is-network-tf-01/global/addresses/apigee-range",
            "ip_version": "",
            "label_fingerprint": "42WmSpB8rSM=",
            "labels": {},
            "name": "apigee-range",
            "network": "https://www.googleapis.com/compute/v1/projects/is-network-tf-01/global/networks/apigee-network",
            "prefix_length": 22,
            "project": "is-network-tf-01",
            "purpose": "VPC_PEERING",
            "self_link": "https://www.googleapis.com/compute/v1/projects/is-network-tf-01/global/addresses/apigee-range",
            "terraform_labels": {},
            "timeouts": null
          },
          "sensitive_attributes": [],
          "identity_schema_version": 0,
          "private": "eyJlMmJmYjczMC1lY2FhLTExZTYtOGY4OC0zNDM2M2JjN2M0YzAiOnsiY3JlYXRlIjoxMjAwMDAwMDAwMDAwLCJkZWxldGUiOjEyMDAwMDAwMDAwMDAsInVwZGF0ZSI6MTIwMDAwMDAwMDAwMH19",
          "dependencies": [
            "module.host-project.data.google_bigquery_default_service_account.bq_sa",
            "module.host-project.data.google_project.project",
            "module.host-project.data.google_storage_project_service_account.gcs_sa",
            "module.host-project.google_compute_shared_vpc_host_project.shared_vpc_host",
            "module.host-project.google_compute_shared_vpc_service_project.service_projects",
            "module.host-project.google_kms_crypto_key_iam_member.service_identity_cmek",
            "module.host-project.google_project.project",
            "module.host-project.google_project_iam_member.servicenetworking",
            "module.host-project.google_project_iam_member.shared_vpc_host_robots",
            "module.host-project.google_project_organization_policy.boolean",
            "module.host-project.google_project_organization_policy.list",
            "module.host-project.google_project_service.project_services",
            "module.host-project.google_project_service_identity.jit_si",
            "module.host-project.google_project_service_identity.servicenetworking",
            "module.shared-vpc.data.google_compute_network.network",
            "module.shared-vpc.google_compute_network.network"
          ],
          "create_before_destroy": true
        },
        {
          "index_key": "apigee-support-range",
          "schema_version": 0,
          "attributes": {
            "address": "10.1.0.0",
            "address_type": "INTERNAL",
            "creation_timestamp": "2025-09-30T06:27:56.865-07:00",
            "description": "",
            "effective_labels": {},
            "id": "projects/is-network-tf-01/global/addresses/apigee-support-range",
            "ip_version": "",
            "label_fingerprint": "42WmSpB8rSM=",
            "labels": {},
            "name": "apigee-support-range",
            "network": "https://www.googleapis.com/compute/v1/projects/is-network-tf-01/global/networks/apigee-network",
            "prefix_length": 28,
            "project": "is-network-tf-01",
            "purpose": "VPC_PEERING",
            "self_link": "https://www.googleapis.com/compute/v1/projects/is-network-tf-01/global/addresses/apigee-support-range",
            "terraform_labels": {},
            "timeouts": null
          },
          "sensitive_attributes": [],
          "identity_schema_version": 0,
          "private": "eyJlMmJmYjczMC1lY2FhLTExZTYtOGY4OC0zNDM2M2JjN2M0YzAiOnsiY3JlYXRlIjoxMjAwMDAwMDAwMDAwLCJkZWxldGUiOjEyMDAwMDAwMDAwMDAsInVwZGF0ZSI6MTIwMDAwMDAwMDAwMH19",
          "dependencies": [
            "module.host-project.data.google_bigquery_default_service_account.bq_sa",
            "module.host-project.data.google_project.project",
            "module.host-project.data.google_storage_project_service_account.gcs_sa",
            "module.host-project.google_compute_shared_vpc_host_project.shared_vpc_host",
            "module.host-project.google_compute_shared_vpc_service_project.service_projects",
            "module.host-project.google_kms_crypto_key_iam_member.service_identity_cmek",
            "module.host-project.google_project.project",
            "module.host-project.google_project_iam_member.servicenetworking",
            "module.host-project.google_project_iam_member.shared_vpc_host_robots",
            "module.host-project.google_project_organization_policy.boolean",
            "module.host-project.google_project_organization_policy.list",
            "module.host-project.google_project_service.project_services",
            "module.host-project.google_project_service_identity.jit_si",
            "module.host-project.google_project_service_identity.servicenetworking",
            "module.shared-vpc.data.google_compute_network.network",
            "module.shared-vpc.google_compute_network.network"
          ],
          "create_before_destroy": true
        }
      ]
    },
    {
      "module": "module.shared-vpc",
      "mode": "managed",
      "type": "google_compute_network",
      "name": "network",
      "provider": "provider[\"registry.terraform.io/hashicorp/google\"]",
      "instances": [
        {
          "index_key": 0,
          "schema_version": 0,
          "attributes": {
            "auto_create_subnetworks": false,
            "delete_default_routes_on_create": false,
            "description": "Terraform-managed.",
            "enable_ula_internal_ipv6": false,
            "gateway_ipv4": "",
            "id": "projects/is-network-tf-01/global/networks/apigee-network",
            "internal_ipv6_range": "",
            "mtu": 0,
            "name": "apigee-network",
            "network_firewall_policy_enforcement_order": "AFTER_CLASSIC_FIREWALL",
            "numeric_id": "4868223340041888811",
            "project": "is-network-tf-01",
            "routing_mode": "GLOBAL",
            "self_link": "https://www.googleapis.com/compute/v1/projects/is-network-tf-01/global/networks/apigee-network",
            "timeouts": null
          },
          "sensitive_attributes": [],
          "identity_schema_version": 0,
          "private": "eyJlMmJmYjczMC1lY2FhLTExZTYtOGY4OC0zNDM2M2JjN2M0YzAiOnsiY3JlYXRlIjoxMjAwMDAwMDAwMDAwLCJkZWxldGUiOjEyMDAwMDAwMDAwMDAsInVwZGF0ZSI6MTIwMDAwMDAwMDAwMH19",
          "dependencies": [
            "module.host-project.data.google_bigquery_default_service_account.bq_sa",
            "module.host-project.data.google_project.project",
            "module.host-project.data.google_storage_project_service_account.gcs_sa",
            "module.host-project.google_compute_shared_vpc_host_project.shared_vpc_host",
            "module.host-project.google_compute_shared_vpc_service_project.service_projects",
            "module.host-project.google_kms_crypto_key_iam_member.service_identity_cmek",
            "module.host-project.google_project.project",
            "module.host-project.google_project_iam_member.servicenetworking",
            "module.host-project.google_project_iam_member.shared_vpc_host_robots",
            "module.host-project.google_project_organization_policy.boolean",
            "module.host-project.google_project_organization_policy.list",
            "module.host-project.google_project_service.project_services",
            "module.host-project.google_project_service_identity.jit_si",
            "module.host-project.google_project_service_identity.servicenetworking"
          ],
          "create_before_destroy": true
        }
      ]
    },
    {
      "module": "module.shared-vpc",
      "mode": "managed",
      "type": "google_compute_network_peering_routes_config",
      "name": "psa_routes",
      "provider": "provider[\"registry.terraform.io/hashicorp/google\"]",
      "instances": [
        {
          "index_key": "1",
          "schema_version": 0,
          "attributes": {
            "export_custom_routes": false,
            "id": "projects/is-network-tf-01/global/networks/apigee-network/networkPeerings/servicenetworking-googleapis-com",
            "import_custom_routes": false,
            "network": "apigee-network",
            "peering": "servicenetworking-googleapis-com",
            "project": "is-network-tf-01",
            "timeouts": null
          },
          "sensitive_attributes": [],
          "identity_schema_version": 0,
          "private": "eyJlMmJmYjczMC1lY2FhLTExZTYtOGY4OC0zNDM2M2JjN2M0YzAiOnsiY3JlYXRlIjoxMjAwMDAwMDAwMDAwLCJkZWxldGUiOjEyMDAwMDAwMDAwMDAsInVwZGF0ZSI6MTIwMDAwMDAwMDAwMH19",
          "dependencies": [
            "module.host-project.data.google_bigquery_default_service_account.bq_sa",
            "module.host-project.data.google_project.project",
            "module.host-project.data.google_storage_project_service_account.gcs_sa",
            "module.host-project.google_compute_shared_vpc_host_project.shared_vpc_host",
            "module.host-project.google_compute_shared_vpc_service_project.service_projects",
            "module.host-project.google_kms_crypto_key_iam_member.service_identity_cmek",
            "module.host-project.google_project.project",
            "module.host-project.google_project_iam_member.servicenetworking",
            "module.host-project.google_project_iam_member.shared_vpc_host_robots",
            "module.host-project.google_project_organization_policy.boolean",
            "module.host-project.google_project_organization_policy.list",
            "module.host-project.google_project_service.project_services",
            "module.host-project.google_project_service_identity.jit_si",
            "module.host-project.google_project_service_identity.servicenetworking",
            "module.shared-vpc.data.google_compute_network.network",
            "module.shared-vpc.google_compute_global_address.psa_ranges",
            "module.shared-vpc.google_compute_network.network",
            "module.shared-vpc.google_service_networking_connection.psa_connection"
          ]
        }
      ]
    },
    {
      "module": "module.shared-vpc",
      "mode": "managed",
      "type": "google_compute_shared_vpc_host_project",
      "name": "shared_vpc_host",
      "provider": "provider[\"registry.terraform.io/hashicorp/google-beta\"]",
      "instances": [
        {
          "index_key": 0,
          "schema_version": 0,
          "attributes": {
            "id": "is-network-tf-01",
            "project": "is-network-tf-01",
            "timeouts": null
          },
          "sensitive_attributes": [],
          "identity_schema_version": 0,
          "private": "eyJlMmJmYjczMC1lY2FhLTExZTYtOGY4OC0zNDM2M2JjN2M0YzAiOnsiY3JlYXRlIjoyNDAwMDAwMDAwMDAsImRlbGV0ZSI6MjQwMDAwMDAwMDAwfX0=",
          "dependencies": [
            "module.host-project.data.google_bigquery_default_service_account.bq_sa",
            "module.host-project.data.google_project.project",
            "module.host-project.data.google_storage_project_service_account.gcs_sa",
            "module.host-project.google_compute_shared_vpc_host_project.shared_vpc_host",
            "module.host-project.google_compute_shared_vpc_service_project.service_projects",
            "module.host-project.google_kms_crypto_key_iam_member.service_identity_cmek",
            "module.host-project.google_project.project",
            "module.host-project.google_project_iam_member.servicenetworking",
            "module.host-project.google_project_iam_member.shared_vpc_host_robots",
            "module.host-project.google_project_organization_policy.boolean",
            "module.host-project.google_project_organization_policy.list",
            "module.host-project.google_project_service.project_services",
            "module.host-project.google_project_service_identity.jit_si",
            "module.host-project.google_project_service_identity.servicenetworking",
            "module.shared-vpc.data.google_compute_network.network",
            "module.shared-vpc.google_compute_network.network"
          ],
          "create_before_destroy": true
        }
      ]
    },
    {
      "module": "module.shared-vpc",
      "mode": "managed",
      "type": "google_compute_shared_vpc_service_project",
      "name": "service_projects",
      "provider": "provider[\"registry.terraform.io/hashicorp/google-beta\"]",
      "instances": [
        {
          "index_key": "is-apgx-tf-01",
          "schema_version": 0,
          "attributes": {
            "deletion_policy": null,
            "host_project": "is-network-tf-01",
            "id": "is-network-tf-01/is-apgx-tf-01",
            "service_project": "is-apgx-tf-01",
            "timeouts": null
          },
          "sensitive_attributes": [],
          "identity_schema_version": 0,
          "private": "eyJlMmJmYjczMC1lY2FhLTExZTYtOGY4OC0zNDM2M2JjN2M0YzAiOnsiY3JlYXRlIjoyNDAwMDAwMDAwMDAsImRlbGV0ZSI6MjQwMDAwMDAwMDAwfX0=",
          "dependencies": [
            "module.host-project.data.google_bigquery_default_service_account.bq_sa",
            "module.host-project.data.google_project.project",
            "module.host-project.data.google_storage_project_service_account.gcs_sa",
            "module.host-project.google_compute_shared_vpc_host_project.shared_vpc_host",
            "module.host-project.google_compute_shared_vpc_service_project.service_projects",
            "module.host-project.google_kms_crypto_key_iam_member.service_identity_cmek",
            "module.host-project.google_project.project",
            "module.host-project.google_project_iam_member.servicenetworking",
            "module.host-project.google_project_iam_member.shared_vpc_host_robots",
            "module.host-project.google_project_organization_policy.boolean",
            "module.host-project.google_project_organization_policy.list",
            "module.host-project.google_project_service.project_services",
            "module.host-project.google_project_service_identity.jit_si",
            "module.host-project.google_project_service_identity.servicenetworking",
            "module.service-project.data.google_bigquery_default_service_account.bq_sa",
            "module.service-project.data.google_project.project",
            "module.service-project.data.google_storage_project_service_account.gcs_sa",
            "module.service-project.google_compute_shared_vpc_host_project.shared_vpc_host",
            "module.service-project.google_compute_shared_vpc_service_project.service_projects",
            "module.service-project.google_kms_crypto_key_iam_member.service_identity_cmek",
            "module.service-project.google_project.project",
            "module.service-project.google_project_iam_member.servicenetworking",
            "module.service-project.google_project_iam_member.shared_vpc_host_robots",
            "module.service-project.google_project_organization_policy.boolean",
            "module.service-project.google_project_organization_policy.list",
            "module.service-project.google_project_service.project_services",
            "module.service-project.google_project_service_identity.jit_si",
            "module.service-project.google_project_service_identity.servicenetworking",
            "module.shared-vpc.data.google_compute_network.network",
            "module.shared-vpc.google_compute_network.network",
            "module.shared-vpc.google_compute_shared_vpc_host_project.shared_vpc_host"
          ],
          "create_before_destroy": true
        }
      ]
    },
    {
      "module": "module.shared-vpc",
      "mode": "managed",
      "type": "google_compute_subnetwork",
      "name": "subnetwork",
      "provider": "provider[\"registry.terraform.io/hashicorp/google\"]",
      "instances": [
        {
          "index_key": "europe-west1/apigee-exposure",
          "schema_version": 0,
          "attributes": {
            "creation_timestamp": "2025-09-30T06:27:59.841-07:00",
            "description": "Terraform-managed.",
            "external_ipv6_prefix": "",
            "fingerprint": null,
            "gateway_address": "10.100.0.1",
            "id": "projects/is-network-tf-01/regions/europe-west1/subnetworks/apigee-exposure",
            "internal_ipv6_prefix": "",
            "ip_cidr_range": "10.100.0.0/24",
            "ipv6_access_type": "",
            "ipv6_cidr_range": "",
            "log_config": [],
            "name": "apigee-exposure",
            "network": "https://www.googleapis.com/compute/v1/projects/is-network-tf-01/global/networks/apigee-network",
            "private_ip_google_access": true,
            "private_ipv6_google_access": "DISABLE_GOOGLE_ACCESS",
            "project": "is-network-tf-01",
            "purpose": "PRIVATE",
            "region": "europe-west1",
            "role": "",
            "secondary_ip_range": [],
            "self_link": "https://www.googleapis.com/compute/v1/projects/is-network-tf-01/regions/europe-west1/subnetworks/apigee-exposure",
            "send_secondary_ip_range_if_empty": null,
            "stack_type": "IPV4_ONLY",
            "timeouts": null
          },
          "sensitive_attributes": [],
          "identity_schema_version": 0,
          "private": "eyJlMmJmYjczMC1lY2FhLTExZTYtOGY4OC0zNDM2M2JjN2M0YzAiOnsiY3JlYXRlIjoxMjAwMDAwMDAwMDAwLCJkZWxldGUiOjEyMDAwMDAwMDAwMDAsInVwZGF0ZSI6MTIwMDAwMDAwMDAwMH19",
          "dependencies": [
            "module.host-project.data.google_bigquery_default_service_account.bq_sa",
            "module.host-project.data.google_project.project",
            "module.host-project.data.google_storage_project_service_account.gcs_sa",
            "module.host-project.google_compute_shared_vpc_host_project.shared_vpc_host",
            "module.host-project.google_compute_shared_vpc_service_project.service_projects",
            "module.host-project.google_kms_crypto_key_iam_member.service_identity_cmek",
            "module.host-project.google_project.project",
            "module.host-project.google_project_iam_member.servicenetworking",
            "module.host-project.google_project_iam_member.shared_vpc_host_robots",
            "module.host-project.google_project_organization_policy.boolean",
            "module.host-project.google_project_organization_policy.list",
            "module.host-project.google_project_service.project_services",
            "module.host-project.google_project_service_identity.jit_si",
            "module.host-project.google_project_service_identity.servicenetworking",
            "module.shared-vpc.data.google_compute_network.network",
            "module.shared-vpc.google_compute_network.network"
          ],
          "create_before_destroy": true
        }
      ]
    },
    {
      "module": "module.shared-vpc",
      "mode": "managed",
      "type": "google_compute_subnetwork_iam_binding",
      "name": "binding",
      "provider": "provider[\"registry.terraform.io/hashicorp/google\"]",
      "instances": [
        {
          "index_key": "europe-west1/apigee-exposure.roles/compute.networkUser",
          "schema_version": 0,
          "attributes": {
            "condition": [],
            "etag": "BwZABLpkL-c=",
            "id": "projects/is-network-tf-01/regions/europe-west1/subnetworks/apigee-exposure/roles/compute.networkUser",
            "members": [
              "serviceAccount:913605447917@cloudservices.gserviceaccount.com"
            ],
            "project": "is-network-tf-01",
            "region": "europe-west1",
            "role": "roles/compute.networkUser",
            "subnetwork": "projects/is-network-tf-01/regions/europe-west1/subnetworks/apigee-exposure"
          },
          "sensitive_attributes": [],
          "identity_schema_version": 0,
          "private": "bnVsbA==",
          "dependencies": [
            "module.host-project.data.google_bigquery_default_service_account.bq_sa",
            "module.host-project.data.google_project.project",
            "module.host-project.data.google_storage_project_service_account.gcs_sa",
            "module.host-project.google_compute_shared_vpc_host_project.shared_vpc_host",
            "module.host-project.google_compute_shared_vpc_service_project.service_projects",
            "module.host-project.google_kms_crypto_key_iam_member.service_identity_cmek",
            "module.host-project.google_project.project",
            "module.host-project.google_project_iam_member.servicenetworking",
            "module.host-project.google_project_iam_member.shared_vpc_host_robots",
            "module.host-project.google_project_organization_policy.boolean",
            "module.host-project.google_project_organization_policy.list",
            "module.host-project.google_project_service.project_services",
            "module.host-project.google_project_service_identity.jit_si",
            "module.host-project.google_project_service_identity.servicenetworking",
            "module.service-project.data.google_bigquery_default_service_account.bq_sa",
            "module.service-project.data.google_project.project",
            "module.service-project.data.google_storage_project_service_account.gcs_sa",
            "module.service-project.google_kms_crypto_key_iam_member.service_identity_cmek",
            "module.service-project.google_project.project",
            "module.service-project.google_project_service.project_services",
            "module.service-project.google_project_service_identity.jit_si",
            "module.shared-vpc.data.google_compute_network.network",
            "module.shared-vpc.google_compute_network.network",
            "module.shared-vpc.google_compute_subnetwork.subnetwork"
          ]
        }
      ]
    },
    {
      "module": "module.shared-vpc",
      "mode": "managed",
      "type": "google_service_networking_connection",
      "name": "psa_connection",
      "provider": "provider[\"registry.terraform.io/hashicorp/google\"]",
      "instances": [
        {
          "index_key": "1",
          "schema_version": 0,
          "attributes": {
            "deletion_policy": null,
            "id": "projects%2Fis-network-tf-01%2Fglobal%2Fnetworks%2Fapigee-network:servicenetworking.googleapis.com",
            "network": "projects/is-network-tf-01/global/networks/apigee-network",
            "peering": "servicenetworking-googleapis-com",
            "reserved_peering_ranges": [
              "apigee-range",
              "apigee-support-range"
            ],
            "service": "servicenetworking.googleapis.com",
            "timeouts": null,
            "update_on_creation_fail": null
          },
          "sensitive_attributes": [],
          "identity_schema_version": 0,
          "private": "eyJlMmJmYjczMC1lY2FhLTExZTYtOGY4OC0zNDM2M2JjN2M0YzAiOnsiY3JlYXRlIjo2MDAwMDAwMDAwMDAsImRlbGV0ZSI6NjAwMDAwMDAwMDAwLCJ1cGRhdGUiOjYwMDAwMDAwMDAwMH19",
          "dependencies": [
            "module.host-project.data.google_bigquery_default_service_account.bq_sa",
            "module.host-project.data.google_project.project",
            "module.host-project.data.google_storage_project_service_account.gcs_sa",
            "module.host-project.google_compute_shared_vpc_host_project.shared_vpc_host",
            "module.host-project.google_compute_shared_vpc_service_project.service_projects",
            "module.host-project.google_kms_crypto_key_iam_member.service_identity_cmek",
            "module.host-project.google_project.project",
            "module.host-project.google_project_iam_member.servicenetworking",
            "module.host-project.google_project_iam_member.shared_vpc_host_robots",
            "module.host-project.google_project_organization_policy.boolean",
            "module.host-project.google_project_organization_policy.list",
            "module.host-project.google_project_service.project_services",
            "module.host-project.google_project_service_identity.jit_si",
            "module.host-project.google_project_service_identity.servicenetworking",
            "module.shared-vpc.data.google_compute_network.network",
            "module.shared-vpc.google_compute_global_address.psa_ranges",
            "module.shared-vpc.google_compute_network.network"
          ],
          "create_before_destroy": true
        }
      ]
    }
  ],
  "check_results": [
    {
      "object_kind": "var",
      "config_addr": "module.apigee-x-core.module.apigee.var.instances",
      "status": "pass",
      "objects": [
        {
          "object_addr": "module.apigee-x-core.module.apigee.var.instances",
          "status": "pass"
        }
      ]
    },
    {
      "object_kind": "var",
      "config_addr": "module.apigee-x-bridge-mig.module.bridge-template.var.boot_disk",
      "status": "pass",
      "objects": [
        {
          "object_addr": "module.apigee-x-bridge-mig[\"euw1-instance\"].module.bridge-template.var.boot_disk",
          "status": "pass"
        }
      ]
    },
    {
      "object_kind": "var",
      "config_addr": "var.project_parent",
      "status": "pass",
      "objects": [
        {
          "object_addr": "var.project_parent",
          "status": "pass"
        }
      ]
    },
    {
      "object_kind": "var",
      "config_addr": "module.host-project.var.parent",
      "status": "pass",
      "objects": [
        {
          "object_addr": "module.host-project.var.parent",
          "status": "pass"
        }
      ]
    },
    {
      "object_kind": "var",
      "config_addr": "module.host-project.var.logging_sinks",
      "status": "pass",
      "objects": [
        {
          "object_addr": "module.host-project.var.logging_sinks",
          "status": "pass"
        }
      ]
    },
    {
      "object_kind": "var",
      "config_addr": "module.apigee-x-bridge-mig.module.bridge-template.var.attached_disks",
      "status": "pass",
      "objects": [
        {
          "object_addr": "module.apigee-x-bridge-mig[\"euw1-instance\"].module.bridge-template.var.attached_disks",
          "status": "pass"
        }
      ]
    },
    {
      "object_kind": "var",
      "config_addr": "module.shared-vpc.var.routing_mode",
      "status": "pass",
      "objects": [
        {
          "object_addr": "module.shared-vpc.var.routing_mode",
          "status": "pass"
        }
      ]
    },
    {
      "object_kind": "var",
      "config_addr": "module.apigee-x-bridge-mig.module.bridge-template.var.snapshot_schedules",
      "status": "pass",
      "objects": [
        {
          "object_addr": "module.apigee-x-bridge-mig[\"euw1-instance\"].module.bridge-template.var.snapshot_schedules",
          "status": "pass"
        }
      ]
    },
    {
      "object_kind": "var",
      "config_addr": "module.apigee-x-bridge-mig.module.bridge-mig.var.health_check_config",
      "status": "pass",
      "objects": [
        {
          "object_addr": "module.apigee-x-bridge-mig[\"euw1-instance\"].module.bridge-mig.var.health_check_config",
          "status": "pass"
        }
      ]
    },
    {
      "object_kind": "var",
      "config_addr": "module.apigee-x-core.module.apigee.var.organization",
      "status": "pass",
      "objects": [
        {
          "object_addr": "module.apigee-x-core.module.apigee.var.organization",
          "status": "pass"
        }
      ]
    },
    {
      "object_kind": "var",
      "config_addr": "module.apigee-x-bridge-mig.module.bridge-template.var.instance_schedule",
      "status": "pass",
      "objects": [
        {
          "object_addr": "module.apigee-x-bridge-mig[\"euw1-instance\"].module.bridge-template.var.instance_schedule",
          "status": "pass"
        }
      ]
    },
    {
      "object_kind": "var",
      "config_addr": "module.service-project.var.parent",
      "status": "pass",
      "objects": [
        {
          "object_addr": "module.service-project.var.parent",
          "status": "pass"
        }
      ]
    },
    {
      "object_kind": "var",
      "config_addr": "module.service-project.var.logging_sinks",
      "status": "pass",
      "objects": [
        {
          "object_addr": "module.service-project.var.logging_sinks",
          "status": "pass"
        }
      ]
    },
    {
      "object_kind": "var",
      "config_addr": "module.apigee-x-bridge-mig.module.bridge-template.var.attached_disk_defaults",
      "status": "pass",
      "objects": [
        {
          "object_addr": "module.apigee-x-bridge-mig[\"euw1-instance\"].module.bridge-template.var.attached_disk_defaults",
          "status": "pass"
        }
      ]
    },
    {
      "object_kind": "var",
      "config_addr": "module.apigee-x-bridge-mig.module.bridge-template.var.options",
      "status": "pass",
      "objects": [
        {
          "object_addr": "module.apigee-x-bridge-mig[\"euw1-instance\"].module.bridge-template.var.options",
          "status": "pass"
        }
      ]
    }
  ]
}
